Microsoft Visual Studio Solution File, Format Version 12.00
# Visual Studio 2012
Project("{2150E333-8FDC-42A3-9474-1A3956D46DE8}") = "(Source)", "..\..\..\third_party\WebKit\Source", "{D5536B1B-0215-0B8D-2C6B-01AF474C999D}"
EndProject
Project("{2150E333-8FDC-42A3-9474-1A3956D46DE8}") = "(WebKit)", "..\..\..\third_party\WebKit", "{7C6CDB29-38D7-8364-748C-AEAAD8CCFB36}"
EndProject
Project("{2150E333-8FDC-42A3-9474-1A3956D46DE8}") = "(WebKit)", "..\..\..\third_party\WebKit\Source\WebKit", "{8E538E10-0288-F934-C0B4-A2C5684885A8}"
EndProject
Project("{2150E333-8FDC-42A3-9474-1A3956D46DE8}") = "(allocator)", "..\..\..\base\allocator", "{6478B9F3-4858-63F4-35F4-98A303E305F3}"
EndProject
Project("{2150E333-8FDC-42A3-9474-1A3956D46DE8}") = "(base)", "..\..\..\ui\base", "{4D091BEB-A76B-E8AB-36FD-0A80BA9DE97D}"
EndProject
Project("{2150E333-8FDC-42A3-9474-1A3956D46DE8}") = "(base)", "..\..\..\base", "{9785FB75-982A-5DE3-252D-3F288B9FEF5B}"
EndProject
Project("{2150E333-8FDC-42A3-9474-1A3956D46DE8}") = "(build)", "..\..\..\build", "{BC1FC5DA-9C54-7D77-0BFF-DEDDFD7A8F6C}"
EndProject
Project("{2150E333-8FDC-42A3-9474-1A3956D46DE8}") = "(chromium)", "..\..\..\third_party\WebKit\Source\WebKit\chromium", "{C2681D28-B474-0578-6C77-C21B094B9DEB}"
EndProject
Project("{2150E333-8FDC-42A3-9474-1A3956D46DE8}") = "(command_buffer)", "..\..\..\gpu\command_buffer", "{1670CB0B-8AB5-66D9-D715-D2DC1A1CB97F}"
EndProject
Project("{2150E333-8FDC-42A3-9474-1A3956D46DE8}") = "(ffmpeg)", "..\..\..\third_party\ffmpeg", "{F8FCF6CD-4DE1-16F6-65CB-5E6194E8495C}"
EndProject
Project("{2150E333-8FDC-42A3-9474-1A3956D46DE8}") = "(gpu)", "..\..\..\gpu", "{C2E276B7-2737-A889-723C-CE2956B80FB7}"
EndProject
Project("{2150E333-8FDC-42A3-9474-1A3956D46DE8}") = "(icu)", "..\..\..\third_party\icu", "{2DE59335-96CE-10CA-CDE5-FEC35E3549BB}"
EndProject
Project("{2150E333-8FDC-42A3-9474-1A3956D46DE8}") = "(khronos)", "..\..\..\third_party\khronos", "{7522960F-C97E-E7C9-38F2-1B74A395F476}"
EndProject
Project("{2150E333-8FDC-42A3-9474-1A3956D46DE8}") = "(libjpeg_turbo)", "..\..\..\third_party\libjpeg_turbo", "{A9EB8559-7015-13E0-0462-D9901FC693FD}"
EndProject
Project("{2150E333-8FDC-42A3-9474-1A3956D46DE8}") = "(libvpx)", "..\..\..\third_party\libvpx", "{B881B030-1C2B-0D06-F74A-9A16B0B8657E}"
EndProject
Project("{2150E333-8FDC-42A3-9474-1A3956D46DE8}") = "(media)", "..\..\..\media", "{019E1937-61F3-F9EC-47C4-8EB017B64518}"
EndProject
Project("{2150E333-8FDC-42A3-9474-1A3956D46DE8}") = "(mesa)", "..\..\..\third_party\mesa", "{B192C3BB-2B62-1D75-41F4-8F64C08A00D1}"
EndProject
Project("{2150E333-8FDC-42A3-9474-1A3956D46DE8}") = "(net)", "..\..\..\net", "{96A8EC63-88DB-B85C-EEBC-43667C60DEB3}"
EndProject
Project("{2150E333-8FDC-42A3-9474-1A3956D46DE8}") = "(nss)", "..\..\..\net\third_party\nss", "{91989827-5B0C-52D9-1FE9-9553D672A5E7}"
EndProject
Project("{2150E333-8FDC-42A3-9474-1A3956D46DE8}") = "(nss)", "..\..\..\third_party\nss", "{CD014008-1CDB-809B-D770-C67A261539F7}"
EndProject
Project("{2150E333-8FDC-42A3-9474-1A3956D46DE8}") = "(skia)", "..\..\..\skia", "{5B17195B-58DF-4533-4FE7-D2747913694E}"
EndProject
Project("{2150E333-8FDC-42A3-9474-1A3956D46DE8}") = "(strings)", "..\..\..\ui\base\strings", "{C7F83F05-8335-05BC-FABC-52BB99106795}"
EndProject
Project("{2150E333-8FDC-42A3-9474-1A3956D46DE8}") = "(surface)", "..\..\..\ui\surface", "{630D0DC5-DAAF-3481-DE5A-A6EF4E73EFC8}"
EndProject
Project("{2150E333-8FDC-42A3-9474-1A3956D46DE8}") = "(temp_gyp)", "..\..\..\build\temp_gyp", "{299D9456-929B-5224-943D-BFC2576C69EA}"
EndProject
Project("{2150E333-8FDC-42A3-9474-1A3956D46DE8}") = "(testing)", "..\..\..\testing", "{EAC80D00-01D2-3F49-A377-20B7154947F3}"
EndProject
Project("{2150E333-8FDC-42A3-9474-1A3956D46DE8}") = "(third_party)", "..\..\..\base\third_party", "{3E7FA5AF-27B3-2DE0-883C-12F98E7F4E81}"
EndProject
Project("{2150E333-8FDC-42A3-9474-1A3956D46DE8}") = "(third_party)", "..\..\..\net\third_party", "{5A566D8E-9FAB-ED62-0C7C-BD22FF9AF8A2}"
EndProject
Project("{2150E333-8FDC-42A3-9474-1A3956D46DE8}") = "(third_party)", "..\..\..\third_party", "{89C816A7-DD31-D54C-C69C-5A80E0C49B77}"
EndProject
Project("{2150E333-8FDC-42A3-9474-1A3956D46DE8}") = "(ui)", "..\..\..\ui", "{644B7826-0417-C19E-B1ED-C0BF73289DEE}"
EndProject
Project("{2150E333-8FDC-42A3-9474-1A3956D46DE8}") = "(yasm)", "..\..\..\third_party\yasm", "{AC6A79C6-25A5-8535-37D4-DCE797519D55}"
EndProject
Project("{8BC9CEB8-8B4A-11D0-8D11-00A0C91BC942}") = "allocator_extension_thunks", "..\..\base\allocator\allocator_extension_thunks.vcxproj", "{DA713A29-48FF-AD84-75ED-D279B989837D}"
EndProject
Project("{8BC9CEB8-8B4A-11D0-8D11-00A0C91BC942}") = "base", "..\..\base\base.vcxproj", "{D50FBFB5-CA65-06D3-2847-DDD78B0B9145}"
	ProjectSection(ProjectDependencies) = postProject
		{3CF939D9-AF79-E950-D740-3EAD990C3F77} = {3CF939D9-AF79-E950-D740-3EAD990C3F77}
	EndProjectSection
EndProject
Project("{8BC9CEB8-8B4A-11D0-8D11-00A0C91BC942}") = "base_i18n", "..\..\base\base_i18n.vcxproj", "{9D93AD26-CC7F-A494-7F8E-EC38B9B4FD12}"
EndProject
Project("{8BC9CEB8-8B4A-11D0-8D11-00A0C91BC942}") = "base_static", "..\..\base\base_static.vcxproj", "{D99D7675-157E-60F5-78D5-F1048E057426}"
EndProject
Project("{8BC9CEB8-8B4A-11D0-8D11-00A0C91BC942}") = "config_sources", "..\..\third_party\yasm\config_sources.vcxproj", "{A7FC9308-CD88-AEE8-5502-E73EC1734E6A}"
EndProject
Project("{8BC9CEB8-8B4A-11D0-8D11-00A0C91BC942}") = "convert_ffmpeg_sources", "..\..\third_party\ffmpeg\convert_ffmpeg_sources.vcxproj", "{79033DCF-D0B5-2428-270E-E10F7D622264}"
EndProject
Project("{8BC9CEB8-8B4A-11D0-8D11-00A0C91BC942}") = "crypto", "..\..\crypto\crypto.vcxproj", "{9CE5F3F1-309F-76B0-FBB2-A87AC7235B3A}"
EndProject
Project("{8BC9CEB8-8B4A-11D0-8D11-00A0C91BC942}") = "differ_block_sse2", "..\..\media\differ_block_sse2.vcxproj", "{6BF2E341-E3F2-80F1-9396-E1FAF1E94765}"
EndProject
Project("{8BC9CEB8-8B4A-11D0-8D11-00A0C91BC942}") = "dynamic_annotations", "..\..\base\third_party\dynamic_annotations\dynamic_annotations.vcxproj", "{C0A333FB-D512-2854-A7C1-179E76FC1E04}"
EndProject
Project("{8BC9CEB8-8B4A-11D0-8D11-00A0C91BC942}") = "ffmpeg", "..\..\third_party\ffmpeg\ffmpeg.vcxproj", "{D7A94F58-576A-45D9-A45F-EB87C63ABBB0}"
	ProjectSection(ProjectDependencies) = postProject
		{CB83104C-BCBF-C560-F5AB-73C23452D6E2} = {CB83104C-BCBF-C560-F5AB-73C23452D6E2}
	EndProjectSection
EndProject
Project("{8BC9CEB8-8B4A-11D0-8D11-00A0C91BC942}") = "ffmpeg_yasm", "..\..\third_party\ffmpeg\ffmpeg_yasm.vcxproj", "{91B43E00-3F50-70C3-4444-64C6934DF654}"
	ProjectSection(ProjectDependencies) = postProject
		{81A3498C-B9B9-C708-CA0F-68376BAE7CEB} = {81A3498C-B9B9-C708-CA0F-68376BAE7CEB}
	EndProjectSection
EndProject
Project("{8BC9CEB8-8B4A-11D0-8D11-00A0C91BC942}") = "ffmpegsumo", "..\..\third_party\ffmpeg\ffmpegsumo.vcxproj", "{CB83104C-BCBF-C560-F5AB-73C23452D6E2}"
	ProjectSection(ProjectDependencies) = postProject
		{79033DCF-D0B5-2428-270E-E10F7D622264} = {79033DCF-D0B5-2428-270E-E10F7D622264}
		{91B43E00-3F50-70C3-4444-64C6934DF654} = {91B43E00-3F50-70C3-4444-64C6934DF654}
	EndProjectSection
EndProject
Project("{8BC9CEB8-8B4A-11D0-8D11-00A0C91BC942}") = "gen_asm_offsets_vp8", "..\..\third_party\libvpx\gen_asm_offsets_vp8.vcxproj", "{946D247D-7E3B-B051-08AC-C231B128B3E6}"
	ProjectSection(ProjectDependencies) = postProject
		{626F4779-7F2E-F068-9B91-4B3CAF3F705D} = {626F4779-7F2E-F068-9B91-4B3CAF3F705D}
		{892A9D9D-EB93-E8D1-A4D8-BA503FEA209C} = {892A9D9D-EB93-E8D1-A4D8-BA503FEA209C}
	EndProjectSection
EndProject
Project("{8BC9CEB8-8B4A-11D0-8D11-00A0C91BC942}") = "generate_files", "..\..\third_party\yasm\generate_files.vcxproj", "{27923472-972E-6D68-B560-828A17172010}"
	ProjectSection(ProjectDependencies) = postProject
		{193374CA-4401-C599-D4EB-9DC523EA0B2B} = {193374CA-4401-C599-D4EB-9DC523EA0B2B}
		{02E94AC8-EFD8-82A3-A7D7-2064AF16459B} = {02E94AC8-EFD8-82A3-A7D7-2064AF16459B}
	EndProjectSection
EndProject
Project("{8BC9CEB8-8B4A-11D0-8D11-00A0C91BC942}") = "genmacro", "..\..\third_party\yasm\genmacro.vcxproj", "{2AF8DADE-A5CD-AF60-3DB7-BE299FEFCB5B}"
	ProjectSection(ProjectDependencies) = postProject
		{A7FC9308-CD88-AEE8-5502-E73EC1734E6A} = {A7FC9308-CD88-AEE8-5502-E73EC1734E6A}
	EndProjectSection
EndProject
Project("{8BC9CEB8-8B4A-11D0-8D11-00A0C91BC942}") = "genmodule", "..\..\third_party\yasm\genmodule.vcxproj", "{9C7B350A-9DDF-763C-0B53-95A54F020942}"
	ProjectSection(ProjectDependencies) = postProject
		{A7FC9308-CD88-AEE8-5502-E73EC1734E6A} = {A7FC9308-CD88-AEE8-5502-E73EC1734E6A}
	EndProjectSection
EndProject
Project("{8BC9CEB8-8B4A-11D0-8D11-00A0C91BC942}") = "genperf", "..\..\third_party\yasm\genperf.vcxproj", "{193374CA-4401-C599-D4EB-9DC523EA0B2B}"
	ProjectSection(ProjectDependencies) = postProject
		{05E40A7B-BED7-BBB8-B22F-4EB90BC5344F} = {05E40A7B-BED7-BBB8-B22F-4EB90BC5344F}
		{A7FC9308-CD88-AEE8-5502-E73EC1734E6A} = {A7FC9308-CD88-AEE8-5502-E73EC1734E6A}
	EndProjectSection
EndProject
Project("{8BC9CEB8-8B4A-11D0-8D11-00A0C91BC942}") = "genperf_libs", "..\..\third_party\yasm\genperf_libs.vcxproj", "{05E40A7B-BED7-BBB8-B22F-4EB90BC5344F}"
	ProjectSection(ProjectDependencies) = postProject
		{A7FC9308-CD88-AEE8-5502-E73EC1734E6A} = {A7FC9308-CD88-AEE8-5502-E73EC1734E6A}
	EndProjectSection
EndProject
Project("{8BC9CEB8-8B4A-11D0-8D11-00A0C91BC942}") = "genstring", "..\..\third_party\yasm\genstring.vcxproj", "{E8AE1B28-470B-767B-8190-D265D223B607}"
	ProjectSection(ProjectDependencies) = postProject
		{A7FC9308-CD88-AEE8-5502-E73EC1734E6A} = {A7FC9308-CD88-AEE8-5502-E73EC1734E6A}
	EndProjectSection
EndProject
Project("{8BC9CEB8-8B4A-11D0-8D11-00A0C91BC942}") = "genversion", "..\..\third_party\yasm\genversion.vcxproj", "{02E94AC8-EFD8-82A3-A7D7-2064AF16459B}"
	ProjectSection(ProjectDependencies) = postProject
		{A7FC9308-CD88-AEE8-5502-E73EC1734E6A} = {A7FC9308-CD88-AEE8-5502-E73EC1734E6A}
	EndProjectSection
EndProject
Project("{8BC9CEB8-8B4A-11D0-8D11-00A0C91BC942}") = "gl", "..\gl\gl.vcxproj", "{05D1D42D-0DB4-525F-7E34-F2329DBC465C}"
	ProjectSection(ProjectDependencies) = postProject
		{65F70441-3CFB-5F61-8DF8-96D8C66AC258} = {65F70441-3CFB-5F61-8DF8-96D8C66AC258}
	EndProjectSection
EndProject
Project("{8BC9CEB8-8B4A-11D0-8D11-00A0C91BC942}") = "gles2_utils", "..\..\gpu\command_buffer\gles2_utils.vcxproj", "{7A2FADB0-B2A9-D05D-979B-2FB4ADC15873}"
	ProjectSection(ProjectDependencies) = postProject
		{67DE476F-E7F8-086B-329D-ADE3EF30000D} = {67DE476F-E7F8-086B-329D-ADE3EF30000D}
	EndProjectSection
EndProject
Project("{8BC9CEB8-8B4A-11D0-8D11-00A0C91BC942}") = "gmock", "..\..\testing\gmock.vcxproj", "{69955B42-60C7-1A54-4F09-605C08CA4D5A}"
EndProject
Project("{8BC9CEB8-8B4A-11D0-8D11-00A0C91BC942}") = "googleurl", "..\..\build\temp_gyp\googleurl.vcxproj", "{0F2A8D21-3C46-36FF-9B7C-17DED3F40483}"
	ProjectSection(ProjectDependencies) = postProject
		{F5AD31E9-99EC-ADD3-32CE-94586929F939} = {F5AD31E9-99EC-ADD3-32CE-94586929F939}
	EndProjectSection
EndProject
Project("{8BC9CEB8-8B4A-11D0-8D11-00A0C91BC942}") = "gtest", "..\..\testing\gtest.vcxproj", "{2A9A7E67-59FA-DECD-1E43-E30505F2ADAA}"
	ProjectSection(ProjectDependencies) = postProject
		{3CF939D9-AF79-E950-D740-3EAD990C3F77} = {3CF939D9-AF79-E950-D740-3EAD990C3F77}
	EndProjectSection
EndProject
Project("{8BC9CEB8-8B4A-11D0-8D11-00A0C91BC942}") = "gtest_prod", "..\..\testing\gtest_prod.vcxproj", "{3CF939D9-AF79-E950-D740-3EAD990C3F77}"
EndProject
Project("{8BC9CEB8-8B4A-11D0-8D11-00A0C91BC942}") = "icudata", "..\..\third_party\icu\icudata.vcxproj", "{F5AD31E9-99EC-ADD3-32CE-94586929F939}"
EndProject
Project("{8BC9CEB8-8B4A-11D0-8D11-00A0C91BC942}") = "icui18n", "..\..\third_party\icu\icui18n.vcxproj", "{16DE32C0-F219-9C1F-2AC7-6CC42C98D000}"
EndProject
Project("{8BC9CEB8-8B4A-11D0-8D11-00A0C91BC942}") = "icuuc", "..\..\third_party\icu\icuuc.vcxproj", "{08FD5F8F-9C23-1331-B517-2BFF210551A4}"
	ProjectSection(ProjectDependencies) = postProject
		{F5AD31E9-99EC-ADD3-32CE-94586929F939} = {F5AD31E9-99EC-ADD3-32CE-94586929F939}
	EndProjectSection
EndProject
Project("{8BC9CEB8-8B4A-11D0-8D11-00A0C91BC942}") = "khronos_headers", "..\..\third_party\khronos\khronos_headers.vcxproj", "{67DE476F-E7F8-086B-329D-ADE3EF30000D}"
EndProject
Project("{8BC9CEB8-8B4A-11D0-8D11-00A0C91BC942}") = "libjpeg", "..\..\third_party\libjpeg_turbo\libjpeg.vcxproj", "{AB0E3FD1-A00D-FAE8-BB4B-F8452E2FEEF1}"
EndProject
Project("{8BC9CEB8-8B4A-11D0-8D11-00A0C91BC942}") = "libpng", "..\..\third_party\libpng\libpng.vcxproj", "{15CFB960-ABBB-C12A-9596-264134BDEEEA}"
EndProject
Project("{8BC9CEB8-8B4A-11D0-8D11-00A0C91BC942}") = "libssl", "..\..\net\third_party\nss\libssl.vcxproj", "{F717727F-0506-E97A-E600-3876DC85BD7F}"
EndProject
Project("{8BC9CEB8-8B4A-11D0-8D11-00A0C91BC942}") = "libvpx", "..\..\third_party\libvpx\libvpx.vcxproj", "{D0B6370C-9659-A9AE-626A-002956209151}"
	ProjectSection(ProjectDependencies) = postProject
		{946D247D-7E3B-B051-08AC-C231B128B3E6} = {946D247D-7E3B-B051-08AC-C231B128B3E6}
		{81A3498C-B9B9-C708-CA0F-68376BAE7CEB} = {81A3498C-B9B9-C708-CA0F-68376BAE7CEB}
	EndProjectSection
EndProject
Project("{8BC9CEB8-8B4A-11D0-8D11-00A0C91BC942}") = "libvpx_asm_offsets_vp8", "..\..\third_party\libvpx\libvpx_asm_offsets_vp8.vcxproj", "{626F4779-7F2E-F068-9B91-4B3CAF3F705D}"
EndProject
Project("{8BC9CEB8-8B4A-11D0-8D11-00A0C91BC942}") = "libvpx_intrinsics_mmx", "..\..\third_party\libvpx\libvpx_intrinsics_mmx.vcxproj", "{9FF5944B-6718-54EF-84FE-52FA4FC51EDE}"
EndProject
Project("{8BC9CEB8-8B4A-11D0-8D11-00A0C91BC942}") = "libvpx_intrinsics_sse2", "..\..\third_party\libvpx\libvpx_intrinsics_sse2.vcxproj", "{2B2941DF-5D21-9E74-3016-8B2545DBDFD3}"
EndProject
Project("{8BC9CEB8-8B4A-11D0-8D11-00A0C91BC942}") = "libvpx_intrinsics_ssse3", "..\..\third_party\libvpx\libvpx_intrinsics_ssse3.vcxproj", "{5055CD6C-529B-32AE-5943-C751514C589F}"
EndProject
Project("{8BC9CEB8-8B4A-11D0-8D11-00A0C91BC942}") = "libvpx_obj_int_extract", "..\..\third_party\libvpx\libvpx_obj_int_extract.vcxproj", "{892A9D9D-EB93-E8D1-A4D8-BA503FEA209C}"
EndProject
Project("{8BC9CEB8-8B4A-11D0-8D11-00A0C91BC942}") = "media", "..\..\media\media.vcxproj", "{DFA5396B-1CBF-2E90-3E18-54D4FDD1E68C}"
	ProjectSection(ProjectDependencies) = postProject
		{D7A94F58-576A-45D9-A45F-EB87C63ABBB0} = {D7A94F58-576A-45D9-A45F-EB87C63ABBB0}
	EndProjectSection
EndProject
Project("{8BC9CEB8-8B4A-11D0-8D11-00A0C91BC942}") = "media_sse", "..\..\media\media_sse.vcxproj", "{24B78B4A-75B0-FEC6-F438-39D0A240CA12}"
EndProject
Project("{8BC9CEB8-8B4A-11D0-8D11-00A0C91BC942}") = "mesa_headers", "..\..\third_party\mesa\mesa_headers.vcxproj", "{65F70441-3CFB-5F61-8DF8-96D8C66AC258}"
EndProject
Project("{8BC9CEB8-8B4A-11D0-8D11-00A0C91BC942}") = "modp_b64", "..\..\third_party\modp_b64\modp_b64.vcxproj", "{13F6B6CC-FB5B-9F86-3A2A-B7467E848E5E}"
EndProject
Project("{8BC9CEB8-8B4A-11D0-8D11-00A0C91BC942}") = "net", "..\..\net\net.vcxproj", "{33C6BC08-4B9A-F7F1-2979-A0035A291E41}"
	ProjectSection(ProjectDependencies) = postProject
		{D18D0AF5-80B2-DA07-5CB9-158B0CB71C44} = {D18D0AF5-80B2-DA07-5CB9-158B0CB71C44}
		{79FF0E5F-E4AD-F964-49F8-D44FDA473AE0} = {79FF0E5F-E4AD-F964-49F8-D44FDA473AE0}
	EndProjectSection
EndProject
Project("{8BC9CEB8-8B4A-11D0-8D11-00A0C91BC942}") = "net_resources", "..\..\net\net_resources.vcxproj", "{D18D0AF5-80B2-DA07-5CB9-158B0CB71C44}"
EndProject
Project("{8BC9CEB8-8B4A-11D0-8D11-00A0C91BC942}") = "nspr", "..\..\third_party\nss\nspr.vcxproj", "{BE19830C-313D-1150-62EC-2318F5B9D358}"
EndProject
Project("{8BC9CEB8-8B4A-11D0-8D11-00A0C91BC942}") = "nss", "..\..\third_party\nss\nss.vcxproj", "{4AB2CF6C-E2FB-6528-F0E4-4541C3057B7D}"
EndProject
Project("{8BC9CEB8-8B4A-11D0-8D11-00A0C91BC942}") = "nss_static", "..\..\third_party\nss\nss_static.vcxproj", "{87A7950E-BFB1-64B6-B0FD-0C4BCE5B976A}"
EndProject
Project("{8BC9CEB8-8B4A-11D0-8D11-00A0C91BC942}") = "opus", "..\..\third_party\opus\opus.vcxproj", "{17F46D6E-584D-C8FA-DEE9-EDC649CE6CA7}"
EndProject
Project("{8BC9CEB8-8B4A-11D0-8D11-00A0C91BC942}") = "re2c", "..\..\third_party\yasm\re2c.vcxproj", "{D4119BAA-F49F-3F4D-EE8D-391C999B9D07}"
	ProjectSection(ProjectDependencies) = postProject
		{A7FC9308-CD88-AEE8-5502-E73EC1734E6A} = {A7FC9308-CD88-AEE8-5502-E73EC1734E6A}
	EndProjectSection
EndProject
Project("{8BC9CEB8-8B4A-11D0-8D11-00A0C91BC942}") = "run_all_unittests", "..\..\base\run_all_unittests.vcxproj", "{3251C607-5000-807C-4D6A-A12E2D8B0732}"
EndProject
Project("{8BC9CEB8-8B4A-11D0-8D11-00A0C91BC942}") = "sdch", "..\..\sdch\sdch.vcxproj", "{B6FE0409-F3E9-B5A5-A00D-521CD53EB030}"
EndProject
Project("{8BC9CEB8-8B4A-11D0-8D11-00A0C91BC942}") = "sfntly", "..\..\third_party\sfntly\sfntly.vcxproj", "{3281B1F5-B06C-7DB2-9C80-A2DC2CBC8318}"
EndProject
Project("{8BC9CEB8-8B4A-11D0-8D11-00A0C91BC942}") = "shared_memory_support", "..\..\media\shared_memory_support.vcxproj", "{D9F45E62-5E79-67BF-3CD3-3994AD52C6AA}"
EndProject
Project("{8BC9CEB8-8B4A-11D0-8D11-00A0C91BC942}") = "skia", "..\..\skia\skia.vcxproj", "{1A653DC2-41A9-2396-0346-EE43D177A8A7}"
	ProjectSection(ProjectDependencies) = postProject
		{0EB25CF6-6D55-0D0B-BC2C-6FD0E2846107} = {0EB25CF6-6D55-0D0B-BC2C-6FD0E2846107}
	EndProjectSection
EndProject
Project("{8BC9CEB8-8B4A-11D0-8D11-00A0C91BC942}") = "skia_opts", "..\..\skia\skia_opts.vcxproj", "{215C85FC-B1B9-4262-B715-0E603DDCDA93}"
EndProject
Project("{8BC9CEB8-8B4A-11D0-8D11-00A0C91BC942}") = "skia_opts_ssse3", "..\..\skia\skia_opts_ssse3.vcxproj", "{A68D727C-5830-8C6B-2FE5-0C7B70D77EEA}"
EndProject
Project("{8BC9CEB8-8B4A-11D0-8D11-00A0C91BC942}") = "skia_webkit", "..\..\third_party\WebKit\Source\WebKit\chromium\skia_webkit.vcxproj", "{0EB25CF6-6D55-0D0B-BC2C-6FD0E2846107}"
EndProject
Project("{8BC9CEB8-8B4A-11D0-8D11-00A0C91BC942}") = "sqlite", "..\..\third_party\sqlite\sqlite.vcxproj", "{E812BA38-DB48-9088-6EA3-54C22EDD5B3B}"
EndProject
Project("{8BC9CEB8-8B4A-11D0-8D11-00A0C91BC942}") = "surface", "surface.vcxproj", "{C931103B-F396-A986-A870-075D14EAE7B0}"
	ProjectSection(ProjectDependencies) = postProject
		{05D1D42D-0DB4-525F-7E34-F2329DBC465C} = {05D1D42D-0DB4-525F-7E34-F2329DBC465C}
	EndProjectSection
EndProject
Project("{8BC9CEB8-8B4A-11D0-8D11-00A0C91BC942}") = "surface_gpu_tests", "surface_gpu_tests.vcxproj", "{8D820527-84D5-4955-07E9-F5C529399D87}"
	ProjectSection(ProjectDependencies) = postProject
		{D50FBFB5-CA65-06D3-2847-DDD78B0B9145} = {D50FBFB5-CA65-06D3-2847-DDD78B0B9145}
		{3251C607-5000-807C-4D6A-A12E2D8B0732} = {3251C607-5000-807C-4D6A-A12E2D8B0732}
		{DA25A480-1522-89DB-9C96-59D8D3795A99} = {DA25A480-1522-89DB-9C96-59D8D3795A99}
		{1A653DC2-41A9-2396-0346-EE43D177A8A7} = {1A653DC2-41A9-2396-0346-EE43D177A8A7}
		{2A9A7E67-59FA-DECD-1E43-E30505F2ADAA} = {2A9A7E67-59FA-DECD-1E43-E30505F2ADAA}
		{A5149FCC-2057-884B-5B95-1D5192F56307} = {A5149FCC-2057-884B-5B95-1D5192F56307}
		{C931103B-F396-A986-A870-075D14EAE7B0} = {C931103B-F396-A986-A870-075D14EAE7B0}
		{D99D7675-157E-60F5-78D5-F1048E057426} = {D99D7675-157E-60F5-78D5-F1048E057426}
		{DA713A29-48FF-AD84-75ED-D279B989837D} = {DA713A29-48FF-AD84-75ED-D279B989837D}
		{3CF939D9-AF79-E950-D740-3EAD990C3F77} = {3CF939D9-AF79-E950-D740-3EAD990C3F77}
		{13F6B6CC-FB5B-9F86-3A2A-B7467E848E5E} = {13F6B6CC-FB5B-9F86-3A2A-B7467E848E5E}
		{C0A333FB-D512-2854-A7C1-179E76FC1E04} = {C0A333FB-D512-2854-A7C1-179E76FC1E04}
		{106D76B1-E1D5-1B6B-0673-56E01FF399ED} = {106D76B1-E1D5-1B6B-0673-56E01FF399ED}
		{9D93AD26-CC7F-A494-7F8E-EC38B9B4FD12} = {9D93AD26-CC7F-A494-7F8E-EC38B9B4FD12}
		{16DE32C0-F219-9C1F-2AC7-6CC42C98D000} = {16DE32C0-F219-9C1F-2AC7-6CC42C98D000}
		{08FD5F8F-9C23-1331-B517-2BFF210551A4} = {08FD5F8F-9C23-1331-B517-2BFF210551A4}
		{F5AD31E9-99EC-ADD3-32CE-94586929F939} = {F5AD31E9-99EC-ADD3-32CE-94586929F939}
		{69955B42-60C7-1A54-4F09-605C08CA4D5A} = {69955B42-60C7-1A54-4F09-605C08CA4D5A}
		{7C7380EC-AF4E-218B-8D1F-0AAA63F13547} = {7C7380EC-AF4E-218B-8D1F-0AAA63F13547}
		{215C85FC-B1B9-4262-B715-0E603DDCDA93} = {215C85FC-B1B9-4262-B715-0E603DDCDA93}
		{A68D727C-5830-8C6B-2FE5-0C7B70D77EEA} = {A68D727C-5830-8C6B-2FE5-0C7B70D77EEA}
		{3281B1F5-B06C-7DB2-9C80-A2DC2CBC8318} = {3281B1F5-B06C-7DB2-9C80-A2DC2CBC8318}
		{E693E61B-7879-23D5-AE8E-F1AE93E6368A} = {E693E61B-7879-23D5-AE8E-F1AE93E6368A}
		{0EB25CF6-6D55-0D0B-BC2C-6FD0E2846107} = {0EB25CF6-6D55-0D0B-BC2C-6FD0E2846107}
		{0F2A8D21-3C46-36FF-9B7C-17DED3F40483} = {0F2A8D21-3C46-36FF-9B7C-17DED3F40483}
		{33C6BC08-4B9A-F7F1-2979-A0035A291E41} = {33C6BC08-4B9A-F7F1-2979-A0035A291E41}
		{9CE5F3F1-309F-76B0-FBB2-A87AC7235B3A} = {9CE5F3F1-309F-76B0-FBB2-A87AC7235B3A}
		{BE19830C-313D-1150-62EC-2318F5B9D358} = {BE19830C-313D-1150-62EC-2318F5B9D358}
		{4AB2CF6C-E2FB-6528-F0E4-4541C3057B7D} = {4AB2CF6C-E2FB-6528-F0E4-4541C3057B7D}
		{87A7950E-BFB1-64B6-B0FD-0C4BCE5B976A} = {87A7950E-BFB1-64B6-B0FD-0C4BCE5B976A}
		{E812BA38-DB48-9088-6EA3-54C22EDD5B3B} = {E812BA38-DB48-9088-6EA3-54C22EDD5B3B}
		{B6FE0409-F3E9-B5A5-A00D-521CD53EB030} = {B6FE0409-F3E9-B5A5-A00D-521CD53EB030}
		{D18D0AF5-80B2-DA07-5CB9-158B0CB71C44} = {D18D0AF5-80B2-DA07-5CB9-158B0CB71C44}
		{F717727F-0506-E97A-E600-3876DC85BD7F} = {F717727F-0506-E97A-E600-3876DC85BD7F}
		{15CFB960-ABBB-C12A-9596-264134BDEEEA} = {15CFB960-ABBB-C12A-9596-264134BDEEEA}
		{936D990A-B541-E0F5-ED8F-D57A74F9C8E1} = {936D990A-B541-E0F5-ED8F-D57A74F9C8E1}
		{5AA1E141-2BA4-AE1D-0A80-DF79758C708C} = {5AA1E141-2BA4-AE1D-0A80-DF79758C708C}
		{AB0E3FD1-A00D-FAE8-BB4B-F8452E2FEEF1} = {AB0E3FD1-A00D-FAE8-BB4B-F8452E2FEEF1}
		{DFA5396B-1CBF-2E90-3E18-54D4FDD1E68C} = {DFA5396B-1CBF-2E90-3E18-54D4FDD1E68C}
		{17F46D6E-584D-C8FA-DEE9-EDC649CE6CA7} = {17F46D6E-584D-C8FA-DEE9-EDC649CE6CA7}
		{D9F45E62-5E79-67BF-3CD3-3994AD52C6AA} = {D9F45E62-5E79-67BF-3CD3-3994AD52C6AA}
		{24B78B4A-75B0-FEC6-F438-39D0A240CA12} = {24B78B4A-75B0-FEC6-F438-39D0A240CA12}
		{D7A94F58-576A-45D9-A45F-EB87C63ABBB0} = {D7A94F58-576A-45D9-A45F-EB87C63ABBB0}
		{D0B6370C-9659-A9AE-626A-002956209151} = {D0B6370C-9659-A9AE-626A-002956209151}
		{946D247D-7E3B-B051-08AC-C231B128B3E6} = {946D247D-7E3B-B051-08AC-C231B128B3E6}
		{626F4779-7F2E-F068-9B91-4B3CAF3F705D} = {626F4779-7F2E-F068-9B91-4B3CAF3F705D}
		{9FF5944B-6718-54EF-84FE-52FA4FC51EDE} = {9FF5944B-6718-54EF-84FE-52FA4FC51EDE}
		{2B2941DF-5D21-9E74-3016-8B2545DBDFD3} = {2B2941DF-5D21-9E74-3016-8B2545DBDFD3}
		{5055CD6C-529B-32AE-5943-C751514C589F} = {5055CD6C-529B-32AE-5943-C751514C589F}
		{6BF2E341-E3F2-80F1-9396-E1FAF1E94765} = {6BF2E341-E3F2-80F1-9396-E1FAF1E94765}
		{05D1D42D-0DB4-525F-7E34-F2329DBC465C} = {05D1D42D-0DB4-525F-7E34-F2329DBC465C}
		{7A2FADB0-B2A9-D05D-979B-2FB4ADC15873} = {7A2FADB0-B2A9-D05D-979B-2FB4ADC15873}
		{67DE476F-E7F8-086B-329D-ADE3EF30000D} = {67DE476F-E7F8-086B-329D-ADE3EF30000D}
		{65F70441-3CFB-5F61-8DF8-96D8C66AC258} = {65F70441-3CFB-5F61-8DF8-96D8C66AC258}
	EndProjectSection
EndProject
Project("{8BC9CEB8-8B4A-11D0-8D11-00A0C91BC942}") = "test_support_base", "..\..\base\test_support_base.vcxproj", "{106D76B1-E1D5-1B6B-0673-56E01FF399ED}"
EndProject
Project("{8BC9CEB8-8B4A-11D0-8D11-00A0C91BC942}") = "tld_cleanup", "..\..\net\tld_cleanup.vcxproj", "{79FF0E5F-E4AD-F964-49F8-D44FDA473AE0}"
	ProjectSection(ProjectDependencies) = postProject
		{D50FBFB5-CA65-06D3-2847-DDD78B0B9145} = {D50FBFB5-CA65-06D3-2847-DDD78B0B9145}
		{9D93AD26-CC7F-A494-7F8E-EC38B9B4FD12} = {9D93AD26-CC7F-A494-7F8E-EC38B9B4FD12}
		{0F2A8D21-3C46-36FF-9B7C-17DED3F40483} = {0F2A8D21-3C46-36FF-9B7C-17DED3F40483}
		{D99D7675-157E-60F5-78D5-F1048E057426} = {D99D7675-157E-60F5-78D5-F1048E057426}
		{DA713A29-48FF-AD84-75ED-D279B989837D} = {DA713A29-48FF-AD84-75ED-D279B989837D}
		{3CF939D9-AF79-E950-D740-3EAD990C3F77} = {3CF939D9-AF79-E950-D740-3EAD990C3F77}
		{13F6B6CC-FB5B-9F86-3A2A-B7467E848E5E} = {13F6B6CC-FB5B-9F86-3A2A-B7467E848E5E}
		{C0A333FB-D512-2854-A7C1-179E76FC1E04} = {C0A333FB-D512-2854-A7C1-179E76FC1E04}
		{16DE32C0-F219-9C1F-2AC7-6CC42C98D000} = {16DE32C0-F219-9C1F-2AC7-6CC42C98D000}
		{08FD5F8F-9C23-1331-B517-2BFF210551A4} = {08FD5F8F-9C23-1331-B517-2BFF210551A4}
		{F5AD31E9-99EC-ADD3-32CE-94586929F939} = {F5AD31E9-99EC-ADD3-32CE-94586929F939}
	EndProjectSection
EndProject
Project("{8BC9CEB8-8B4A-11D0-8D11-00A0C91BC942}") = "ui", "..\ui.vcxproj", "{A5149FCC-2057-884B-5B95-1D5192F56307}"
	ProjectSection(ProjectDependencies) = postProject
		{936D990A-B541-E0F5-ED8F-D57A74F9C8E1} = {936D990A-B541-E0F5-ED8F-D57A74F9C8E1}
		{5AA1E141-2BA4-AE1D-0A80-DF79758C708C} = {5AA1E141-2BA4-AE1D-0A80-DF79758C708C}
	EndProjectSection
EndProject
Project("{8BC9CEB8-8B4A-11D0-8D11-00A0C91BC942}") = "ui_resources", "..\ui_resources.vcxproj", "{5AA1E141-2BA4-AE1D-0A80-DF79758C708C}"
EndProject
Project("{8BC9CEB8-8B4A-11D0-8D11-00A0C91BC942}") = "ui_strings", "..\base\strings\ui_strings.vcxproj", "{936D990A-B541-E0F5-ED8F-D57A74F9C8E1}"
EndProject
Project("{8BC9CEB8-8B4A-11D0-8D11-00A0C91BC942}") = "yasm", "..\..\third_party\yasm\yasm.vcxproj", "{81A3498C-B9B9-C708-CA0F-68376BAE7CEB}"
	ProjectSection(ProjectDependencies) = postProject
		{A7FC9308-CD88-AEE8-5502-E73EC1734E6A} = {A7FC9308-CD88-AEE8-5502-E73EC1734E6A}
		{2AF8DADE-A5CD-AF60-3DB7-BE299FEFCB5B} = {2AF8DADE-A5CD-AF60-3DB7-BE299FEFCB5B}
		{9C7B350A-9DDF-763C-0B53-95A54F020942} = {9C7B350A-9DDF-763C-0B53-95A54F020942}
		{193374CA-4401-C599-D4EB-9DC523EA0B2B} = {193374CA-4401-C599-D4EB-9DC523EA0B2B}
		{05E40A7B-BED7-BBB8-B22F-4EB90BC5344F} = {05E40A7B-BED7-BBB8-B22F-4EB90BC5344F}
		{27923472-972E-6D68-B560-828A17172010} = {27923472-972E-6D68-B560-828A17172010}
		{E8AE1B28-470B-767B-8190-D265D223B607} = {E8AE1B28-470B-767B-8190-D265D223B607}
		{D4119BAA-F49F-3F4D-EE8D-391C999B9D07} = {D4119BAA-F49F-3F4D-EE8D-391C999B9D07}
	EndProjectSection
EndProject
Project("{8BC9CEB8-8B4A-11D0-8D11-00A0C91BC942}") = "yuv_convert", "..\..\media\yuv_convert.vcxproj", "{DA25A480-1522-89DB-9C96-59D8D3795A99}"
EndProject
Project("{8BC9CEB8-8B4A-11D0-8D11-00A0C91BC942}") = "yuv_convert_simd_x86", "..\..\media\yuv_convert_simd_x86.vcxproj", "{7C7380EC-AF4E-218B-8D1F-0AAA63F13547}"
	ProjectSection(ProjectDependencies) = postProject
		{81A3498C-B9B9-C708-CA0F-68376BAE7CEB} = {81A3498C-B9B9-C708-CA0F-68376BAE7CEB}
	EndProjectSection
EndProject
Project("{8BC9CEB8-8B4A-11D0-8D11-00A0C91BC942}") = "zlib", "..\..\third_party\zlib\zlib.vcxproj", "{E693E61B-7879-23D5-AE8E-F1AE93E6368A}"
EndProject
Global
	GlobalSection(SolutionConfigurationPlatforms) = preSolution
		Release|x64 = Release|x64
		Debug|Win32 = Debug|Win32
		Debug|x64 = Debug|x64
		Release|Win32 = Release|Win32
	EndGlobalSection
	GlobalSection(ProjectConfigurationPlatforms) = postSolution
		{02E94AC8-EFD8-82A3-A7D7-2064AF16459B}.Release|x64.ActiveCfg = Release|x64
		{02E94AC8-EFD8-82A3-A7D7-2064AF16459B}.Release|x64.Build.0 = Release|x64
		{02E94AC8-EFD8-82A3-A7D7-2064AF16459B}.Debug|Win32.ActiveCfg = Debug|Win32
		{02E94AC8-EFD8-82A3-A7D7-2064AF16459B}.Debug|Win32.Build.0 = Debug|Win32
		{02E94AC8-EFD8-82A3-A7D7-2064AF16459B}.Debug|x64.ActiveCfg = Debug|x64
		{02E94AC8-EFD8-82A3-A7D7-2064AF16459B}.Debug|x64.Build.0 = Debug|x64
		{02E94AC8-EFD8-82A3-A7D7-2064AF16459B}.Release|Win32.ActiveCfg = Release|Win32
		{02E94AC8-EFD8-82A3-A7D7-2064AF16459B}.Release|Win32.Build.0 = Release|Win32
		{05D1D42D-0DB4-525F-7E34-F2329DBC465C}.Release|x64.ActiveCfg = Release|x64
		{05D1D42D-0DB4-525F-7E34-F2329DBC465C}.Release|x64.Build.0 = Release|x64
		{05D1D42D-0DB4-525F-7E34-F2329DBC465C}.Debug|Win32.ActiveCfg = Debug|Win32
		{05D1D42D-0DB4-525F-7E34-F2329DBC465C}.Debug|Win32.Build.0 = Debug|Win32
		{05D1D42D-0DB4-525F-7E34-F2329DBC465C}.Debug|x64.ActiveCfg = Debug|x64
		{05D1D42D-0DB4-525F-7E34-F2329DBC465C}.Debug|x64.Build.0 = Debug|x64
		{05D1D42D-0DB4-525F-7E34-F2329DBC465C}.Release|Win32.ActiveCfg = Release|Win32
		{05D1D42D-0DB4-525F-7E34-F2329DBC465C}.Release|Win32.Build.0 = Release|Win32
		{05E40A7B-BED7-BBB8-B22F-4EB90BC5344F}.Release|x64.ActiveCfg = Release|x64
		{05E40A7B-BED7-BBB8-B22F-4EB90BC5344F}.Release|x64.Build.0 = Release|x64
		{05E40A7B-BED7-BBB8-B22F-4EB90BC5344F}.Debug|Win32.ActiveCfg = Debug|Win32
		{05E40A7B-BED7-BBB8-B22F-4EB90BC5344F}.Debug|Win32.Build.0 = Debug|Win32
		{05E40A7B-BED7-BBB8-B22F-4EB90BC5344F}.Debug|x64.ActiveCfg = Debug|x64
		{05E40A7B-BED7-BBB8-B22F-4EB90BC5344F}.Debug|x64.Build.0 = Debug|x64
		{05E40A7B-BED7-BBB8-B22F-4EB90BC5344F}.Release|Win32.ActiveCfg = Release|Win32
		{05E40A7B-BED7-BBB8-B22F-4EB90BC5344F}.Release|Win32.Build.0 = Release|Win32
		{08FD5F8F-9C23-1331-B517-2BFF210551A4}.Release|x64.ActiveCfg = Release|x64
		{08FD5F8F-9C23-1331-B517-2BFF210551A4}.Release|x64.Build.0 = Release|x64
		{08FD5F8F-9C23-1331-B517-2BFF210551A4}.Debug|Win32.ActiveCfg = Debug|Win32
		{08FD5F8F-9C23-1331-B517-2BFF210551A4}.Debug|Win32.Build.0 = Debug|Win32
		{08FD5F8F-9C23-1331-B517-2BFF210551A4}.Debug|x64.ActiveCfg = Debug|x64
		{08FD5F8F-9C23-1331-B517-2BFF210551A4}.Debug|x64.Build.0 = Debug|x64
		{08FD5F8F-9C23-1331-B517-2BFF210551A4}.Release|Win32.ActiveCfg = Release|Win32
		{08FD5F8F-9C23-1331-B517-2BFF210551A4}.Release|Win32.Build.0 = Release|Win32
		{0EB25CF6-6D55-0D0B-BC2C-6FD0E2846107}.Release|x64.ActiveCfg = Release|x64
		{0EB25CF6-6D55-0D0B-BC2C-6FD0E2846107}.Release|x64.Build.0 = Release|x64
		{0EB25CF6-6D55-0D0B-BC2C-6FD0E2846107}.Debug|Win32.ActiveCfg = Debug|Win32
		{0EB25CF6-6D55-0D0B-BC2C-6FD0E2846107}.Debug|Win32.Build.0 = Debug|Win32
		{0EB25CF6-6D55-0D0B-BC2C-6FD0E2846107}.Debug|x64.ActiveCfg = Debug|x64
		{0EB25CF6-6D55-0D0B-BC2C-6FD0E2846107}.Debug|x64.Build.0 = Debug|x64
		{0EB25CF6-6D55-0D0B-BC2C-6FD0E2846107}.Release|Win32.ActiveCfg = Release|Win32
		{0EB25CF6-6D55-0D0B-BC2C-6FD0E2846107}.Release|Win32.Build.0 = Release|Win32
		{0F2A8D21-3C46-36FF-9B7C-17DED3F40483}.Release|x64.ActiveCfg = Release|x64
		{0F2A8D21-3C46-36FF-9B7C-17DED3F40483}.Release|x64.Build.0 = Release|x64
		{0F2A8D21-3C46-36FF-9B7C-17DED3F40483}.Debug|Win32.ActiveCfg = Debug|Win32
		{0F2A8D21-3C46-36FF-9B7C-17DED3F40483}.Debug|Win32.Build.0 = Debug|Win32
		{0F2A8D21-3C46-36FF-9B7C-17DED3F40483}.Debug|x64.ActiveCfg = Debug|x64
		{0F2A8D21-3C46-36FF-9B7C-17DED3F40483}.Debug|x64.Build.0 = Debug|x64
		{0F2A8D21-3C46-36FF-9B7C-17DED3F40483}.Release|Win32.ActiveCfg = Release|Win32
		{0F2A8D21-3C46-36FF-9B7C-17DED3F40483}.Release|Win32.Build.0 = Release|Win32
		{106D76B1-E1D5-1B6B-0673-56E01FF399ED}.Release|x64.ActiveCfg = Release|x64
		{106D76B1-E1D5-1B6B-0673-56E01FF399ED}.Release|x64.Build.0 = Release|x64
		{106D76B1-E1D5-1B6B-0673-56E01FF399ED}.Debug|Win32.ActiveCfg = Debug|Win32
		{106D76B1-E1D5-1B6B-0673-56E01FF399ED}.Debug|Win32.Build.0 = Debug|Win32
		{106D76B1-E1D5-1B6B-0673-56E01FF399ED}.Debug|x64.ActiveCfg = Debug|x64
		{106D76B1-E1D5-1B6B-0673-56E01FF399ED}.Debug|x64.Build.0 = Debug|x64
		{106D76B1-E1D5-1B6B-0673-56E01FF399ED}.Release|Win32.ActiveCfg = Release|Win32
		{106D76B1-E1D5-1B6B-0673-56E01FF399ED}.Release|Win32.Build.0 = Release|Win32
		{13F6B6CC-FB5B-9F86-3A2A-B7467E848E5E}.Release|x64.ActiveCfg = Release|x64
		{13F6B6CC-FB5B-9F86-3A2A-B7467E848E5E}.Release|x64.Build.0 = Release|x64
		{13F6B6CC-FB5B-9F86-3A2A-B7467E848E5E}.Debug|Win32.ActiveCfg = Debug|Win32
		{13F6B6CC-FB5B-9F86-3A2A-B7467E848E5E}.Debug|Win32.Build.0 = Debug|Win32
		{13F6B6CC-FB5B-9F86-3A2A-B7467E848E5E}.Debug|x64.ActiveCfg = Debug|x64
		{13F6B6CC-FB5B-9F86-3A2A-B7467E848E5E}.Debug|x64.Build.0 = Debug|x64
		{13F6B6CC-FB5B-9F86-3A2A-B7467E848E5E}.Release|Win32.ActiveCfg = Release|Win32
		{13F6B6CC-FB5B-9F86-3A2A-B7467E848E5E}.Release|Win32.Build.0 = Release|Win32
		{15CFB960-ABBB-C12A-9596-264134BDEEEA}.Release|x64.ActiveCfg = Release|x64
		{15CFB960-ABBB-C12A-9596-264134BDEEEA}.Release|x64.Build.0 = Release|x64
		{15CFB960-ABBB-C12A-9596-264134BDEEEA}.Debug|Win32.ActiveCfg = Debug|Win32
		{15CFB960-ABBB-C12A-9596-264134BDEEEA}.Debug|Win32.Build.0 = Debug|Win32
		{15CFB960-ABBB-C12A-9596-264134BDEEEA}.Debug|x64.ActiveCfg = Debug|x64
		{15CFB960-ABBB-C12A-9596-264134BDEEEA}.Debug|x64.Build.0 = Debug|x64
		{15CFB960-ABBB-C12A-9596-264134BDEEEA}.Release|Win32.ActiveCfg = Release|Win32
		{15CFB960-ABBB-C12A-9596-264134BDEEEA}.Release|Win32.Build.0 = Release|Win32
		{16DE32C0-F219-9C1F-2AC7-6CC42C98D000}.Release|x64.ActiveCfg = Release|x64
		{16DE32C0-F219-9C1F-2AC7-6CC42C98D000}.Release|x64.Build.0 = Release|x64
		{16DE32C0-F219-9C1F-2AC7-6CC42C98D000}.Debug|Win32.ActiveCfg = Debug|Win32
		{16DE32C0-F219-9C1F-2AC7-6CC42C98D000}.Debug|Win32.Build.0 = Debug|Win32
		{16DE32C0-F219-9C1F-2AC7-6CC42C98D000}.Debug|x64.ActiveCfg = Debug|x64
		{16DE32C0-F219-9C1F-2AC7-6CC42C98D000}.Debug|x64.Build.0 = Debug|x64
		{16DE32C0-F219-9C1F-2AC7-6CC42C98D000}.Release|Win32.ActiveCfg = Release|Win32
		{16DE32C0-F219-9C1F-2AC7-6CC42C98D000}.Release|Win32.Build.0 = Release|Win32
		{17F46D6E-584D-C8FA-DEE9-EDC649CE6CA7}.Release|x64.ActiveCfg = Release|x64
		{17F46D6E-584D-C8FA-DEE9-EDC649CE6CA7}.Release|x64.Build.0 = Release|x64
		{17F46D6E-584D-C8FA-DEE9-EDC649CE6CA7}.Debug|Win32.ActiveCfg = Debug|Win32
		{17F46D6E-584D-C8FA-DEE9-EDC649CE6CA7}.Debug|Win32.Build.0 = Debug|Win32
		{17F46D6E-584D-C8FA-DEE9-EDC649CE6CA7}.Debug|x64.ActiveCfg = Debug|x64
		{17F46D6E-584D-C8FA-DEE9-EDC649CE6CA7}.Debug|x64.Build.0 = Debug|x64
		{17F46D6E-584D-C8FA-DEE9-EDC649CE6CA7}.Release|Win32.ActiveCfg = Release|Win32
		{17F46D6E-584D-C8FA-DEE9-EDC649CE6CA7}.Release|Win32.Build.0 = Release|Win32
		{193374CA-4401-C599-D4EB-9DC523EA0B2B}.Release|x64.ActiveCfg = Release|x64
		{193374CA-4401-C599-D4EB-9DC523EA0B2B}.Release|x64.Build.0 = Release|x64
		{193374CA-4401-C599-D4EB-9DC523EA0B2B}.Debug|Win32.ActiveCfg = Debug|Win32
		{193374CA-4401-C599-D4EB-9DC523EA0B2B}.Debug|Win32.Build.0 = Debug|Win32
		{193374CA-4401-C599-D4EB-9DC523EA0B2B}.Debug|x64.ActiveCfg = Debug|x64
		{193374CA-4401-C599-D4EB-9DC523EA0B2B}.Debug|x64.Build.0 = Debug|x64
		{193374CA-4401-C599-D4EB-9DC523EA0B2B}.Release|Win32.ActiveCfg = Release|Win32
		{193374CA-4401-C599-D4EB-9DC523EA0B2B}.Release|Win32.Build.0 = Release|Win32
		{1A653DC2-41A9-2396-0346-EE43D177A8A7}.Release|x64.ActiveCfg = Release|x64
		{1A653DC2-41A9-2396-0346-EE43D177A8A7}.Release|x64.Build.0 = Release|x64
		{1A653DC2-41A9-2396-0346-EE43D177A8A7}.Debug|Win32.ActiveCfg = Debug|Win32
		{1A653DC2-41A9-2396-0346-EE43D177A8A7}.Debug|Win32.Build.0 = Debug|Win32
		{1A653DC2-41A9-2396-0346-EE43D177A8A7}.Debug|x64.ActiveCfg = Debug|x64
		{1A653DC2-41A9-2396-0346-EE43D177A8A7}.Debug|x64.Build.0 = Debug|x64
		{1A653DC2-41A9-2396-0346-EE43D177A8A7}.Release|Win32.ActiveCfg = Release|Win32
		{1A653DC2-41A9-2396-0346-EE43D177A8A7}.Release|Win32.Build.0 = Release|Win32
		{215C85FC-B1B9-4262-B715-0E603DDCDA93}.Release|x64.ActiveCfg = Release|x64
		{215C85FC-B1B9-4262-B715-0E603DDCDA93}.Release|x64.Build.0 = Release|x64
		{215C85FC-B1B9-4262-B715-0E603DDCDA93}.Debug|Win32.ActiveCfg = Debug|Win32
		{215C85FC-B1B9-4262-B715-0E603DDCDA93}.Debug|Win32.Build.0 = Debug|Win32
		{215C85FC-B1B9-4262-B715-0E603DDCDA93}.Debug|x64.ActiveCfg = Debug|x64
		{215C85FC-B1B9-4262-B715-0E603DDCDA93}.Debug|x64.Build.0 = Debug|x64
		{215C85FC-B1B9-4262-B715-0E603DDCDA93}.Release|Win32.ActiveCfg = Release|Win32
		{215C85FC-B1B9-4262-B715-0E603DDCDA93}.Release|Win32.Build.0 = Release|Win32
		{24B78B4A-75B0-FEC6-F438-39D0A240CA12}.Release|x64.ActiveCfg = Release|x64
		{24B78B4A-75B0-FEC6-F438-39D0A240CA12}.Release|x64.Build.0 = Release|x64
		{24B78B4A-75B0-FEC6-F438-39D0A240CA12}.Debug|Win32.ActiveCfg = Debug|Win32
		{24B78B4A-75B0-FEC6-F438-39D0A240CA12}.Debug|Win32.Build.0 = Debug|Win32
		{24B78B4A-75B0-FEC6-F438-39D0A240CA12}.Debug|x64.ActiveCfg = Debug|x64
		{24B78B4A-75B0-FEC6-F438-39D0A240CA12}.Debug|x64.Build.0 = Debug|x64
		{24B78B4A-75B0-FEC6-F438-39D0A240CA12}.Release|Win32.ActiveCfg = Release|Win32
		{24B78B4A-75B0-FEC6-F438-39D0A240CA12}.Release|Win32.Build.0 = Release|Win32
		{27923472-972E-6D68-B560-828A17172010}.Release|x64.ActiveCfg = Release|x64
		{27923472-972E-6D68-B560-828A17172010}.Release|x64.Build.0 = Release|x64
		{27923472-972E-6D68-B560-828A17172010}.Debug|Win32.ActiveCfg = Debug|Win32
		{27923472-972E-6D68-B560-828A17172010}.Debug|Win32.Build.0 = Debug|Win32
		{27923472-972E-6D68-B560-828A17172010}.Debug|x64.ActiveCfg = Debug|x64
		{27923472-972E-6D68-B560-828A17172010}.Debug|x64.Build.0 = Debug|x64
		{27923472-972E-6D68-B560-828A17172010}.Release|Win32.ActiveCfg = Release|Win32
		{27923472-972E-6D68-B560-828A17172010}.Release|Win32.Build.0 = Release|Win32
		{2A9A7E67-59FA-DECD-1E43-E30505F2ADAA}.Release|x64.ActiveCfg = Release|x64
		{2A9A7E67-59FA-DECD-1E43-E30505F2ADAA}.Release|x64.Build.0 = Release|x64
		{2A9A7E67-59FA-DECD-1E43-E30505F2ADAA}.Debug|Win32.ActiveCfg = Debug|Win32
		{2A9A7E67-59FA-DECD-1E43-E30505F2ADAA}.Debug|Win32.Build.0 = Debug|Win32
		{2A9A7E67-59FA-DECD-1E43-E30505F2ADAA}.Debug|x64.ActiveCfg = Debug|x64
		{2A9A7E67-59FA-DECD-1E43-E30505F2ADAA}.Debug|x64.Build.0 = Debug|x64
		{2A9A7E67-59FA-DECD-1E43-E30505F2ADAA}.Release|Win32.ActiveCfg = Release|Win32
		{2A9A7E67-59FA-DECD-1E43-E30505F2ADAA}.Release|Win32.Build.0 = Release|Win32
		{2AF8DADE-A5CD-AF60-3DB7-BE299FEFCB5B}.Release|x64.ActiveCfg = Release|x64
		{2AF8DADE-A5CD-AF60-3DB7-BE299FEFCB5B}.Release|x64.Build.0 = Release|x64
		{2AF8DADE-A5CD-AF60-3DB7-BE299FEFCB5B}.Debug|Win32.ActiveCfg = Debug|Win32
		{2AF8DADE-A5CD-AF60-3DB7-BE299FEFCB5B}.Debug|Win32.Build.0 = Debug|Win32
		{2AF8DADE-A5CD-AF60-3DB7-BE299FEFCB5B}.Debug|x64.ActiveCfg = Debug|x64
		{2AF8DADE-A5CD-AF60-3DB7-BE299FEFCB5B}.Debug|x64.Build.0 = Debug|x64
		{2AF8DADE-A5CD-AF60-3DB7-BE299FEFCB5B}.Release|Win32.ActiveCfg = Release|Win32
		{2AF8DADE-A5CD-AF60-3DB7-BE299FEFCB5B}.Release|Win32.Build.0 = Release|Win32
		{2B2941DF-5D21-9E74-3016-8B2545DBDFD3}.Release|x64.ActiveCfg = Release|x64
		{2B2941DF-5D21-9E74-3016-8B2545DBDFD3}.Release|x64.Build.0 = Release|x64
		{2B2941DF-5D21-9E74-3016-8B2545DBDFD3}.Debug|Win32.ActiveCfg = Debug|Win32
		{2B2941DF-5D21-9E74-3016-8B2545DBDFD3}.Debug|Win32.Build.0 = Debug|Win32
		{2B2941DF-5D21-9E74-3016-8B2545DBDFD3}.Debug|x64.ActiveCfg = Debug|x64
		{2B2941DF-5D21-9E74-3016-8B2545DBDFD3}.Debug|x64.Build.0 = Debug|x64
		{2B2941DF-5D21-9E74-3016-8B2545DBDFD3}.Release|Win32.ActiveCfg = Release|Win32
		{2B2941DF-5D21-9E74-3016-8B2545DBDFD3}.Release|Win32.Build.0 = Release|Win32
		{3251C607-5000-807C-4D6A-A12E2D8B0732}.Release|x64.ActiveCfg = Release|x64
		{3251C607-5000-807C-4D6A-A12E2D8B0732}.Release|x64.Build.0 = Release|x64
		{3251C607-5000-807C-4D6A-A12E2D8B0732}.Debug|Win32.ActiveCfg = Debug|Win32
		{3251C607-5000-807C-4D6A-A12E2D8B0732}.Debug|Win32.Build.0 = Debug|Win32
		{3251C607-5000-807C-4D6A-A12E2D8B0732}.Debug|x64.ActiveCfg = Debug|x64
		{3251C607-5000-807C-4D6A-A12E2D8B0732}.Debug|x64.Build.0 = Debug|x64
		{3251C607-5000-807C-4D6A-A12E2D8B0732}.Release|Win32.ActiveCfg = Release|Win32
		{3251C607-5000-807C-4D6A-A12E2D8B0732}.Release|Win32.Build.0 = Release|Win32
		{3281B1F5-B06C-7DB2-9C80-A2DC2CBC8318}.Release|x64.ActiveCfg = Release|x64
		{3281B1F5-B06C-7DB2-9C80-A2DC2CBC8318}.Release|x64.Build.0 = Release|x64
		{3281B1F5-B06C-7DB2-9C80-A2DC2CBC8318}.Debug|Win32.ActiveCfg = Debug|Win32
		{3281B1F5-B06C-7DB2-9C80-A2DC2CBC8318}.Debug|Win32.Build.0 = Debug|Win32
		{3281B1F5-B06C-7DB2-9C80-A2DC2CBC8318}.Debug|x64.ActiveCfg = Debug|x64
		{3281B1F5-B06C-7DB2-9C80-A2DC2CBC8318}.Debug|x64.Build.0 = Debug|x64
		{3281B1F5-B06C-7DB2-9C80-A2DC2CBC8318}.Release|Win32.ActiveCfg = Release|Win32
		{3281B1F5-B06C-7DB2-9C80-A2DC2CBC8318}.Release|Win32.Build.0 = Release|Win32
		{33C6BC08-4B9A-F7F1-2979-A0035A291E41}.Release|x64.ActiveCfg = Release|x64
		{33C6BC08-4B9A-F7F1-2979-A0035A291E41}.Release|x64.Build.0 = Release|x64
		{33C6BC08-4B9A-F7F1-2979-A0035A291E41}.Debug|Win32.ActiveCfg = Debug|Win32
		{33C6BC08-4B9A-F7F1-2979-A0035A291E41}.Debug|Win32.Build.0 = Debug|Win32
		{33C6BC08-4B9A-F7F1-2979-A0035A291E41}.Debug|x64.ActiveCfg = Debug|x64
		{33C6BC08-4B9A-F7F1-2979-A0035A291E41}.Debug|x64.Build.0 = Debug|x64
		{33C6BC08-4B9A-F7F1-2979-A0035A291E41}.Release|Win32.ActiveCfg = Release|Win32
		{33C6BC08-4B9A-F7F1-2979-A0035A291E41}.Release|Win32.Build.0 = Release|Win32
		{3CF939D9-AF79-E950-D740-3EAD990C3F77}.Release|x64.ActiveCfg = Release|x64
		{3CF939D9-AF79-E950-D740-3EAD990C3F77}.Release|x64.Build.0 = Release|x64
		{3CF939D9-AF79-E950-D740-3EAD990C3F77}.Debug|Win32.ActiveCfg = Debug|Win32
		{3CF939D9-AF79-E950-D740-3EAD990C3F77}.Debug|Win32.Build.0 = Debug|Win32
		{3CF939D9-AF79-E950-D740-3EAD990C3F77}.Debug|x64.ActiveCfg = Debug|x64
		{3CF939D9-AF79-E950-D740-3EAD990C3F77}.Debug|x64.Build.0 = Debug|x64
		{3CF939D9-AF79-E950-D740-3EAD990C3F77}.Release|Win32.ActiveCfg = Release|Win32
		{3CF939D9-AF79-E950-D740-3EAD990C3F77}.Release|Win32.Build.0 = Release|Win32
		{4AB2CF6C-E2FB-6528-F0E4-4541C3057B7D}.Release|x64.ActiveCfg = Release|x64
		{4AB2CF6C-E2FB-6528-F0E4-4541C3057B7D}.Release|x64.Build.0 = Release|x64
		{4AB2CF6C-E2FB-6528-F0E4-4541C3057B7D}.Debug|Win32.ActiveCfg = Debug|Win32
		{4AB2CF6C-E2FB-6528-F0E4-4541C3057B7D}.Debug|Win32.Build.0 = Debug|Win32
		{4AB2CF6C-E2FB-6528-F0E4-4541C3057B7D}.Debug|x64.ActiveCfg = Debug|x64
		{4AB2CF6C-E2FB-6528-F0E4-4541C3057B7D}.Debug|x64.Build.0 = Debug|x64
		{4AB2CF6C-E2FB-6528-F0E4-4541C3057B7D}.Release|Win32.ActiveCfg = Release|Win32
		{4AB2CF6C-E2FB-6528-F0E4-4541C3057B7D}.Release|Win32.Build.0 = Release|Win32
		{5055CD6C-529B-32AE-5943-C751514C589F}.Release|x64.ActiveCfg = Release|x64
		{5055CD6C-529B-32AE-5943-C751514C589F}.Release|x64.Build.0 = Release|x64
		{5055CD6C-529B-32AE-5943-C751514C589F}.Debug|Win32.ActiveCfg = Debug|Win32
		{5055CD6C-529B-32AE-5943-C751514C589F}.Debug|Win32.Build.0 = Debug|Win32
		{5055CD6C-529B-32AE-5943-C751514C589F}.Debug|x64.ActiveCfg = Debug|x64
		{5055CD6C-529B-32AE-5943-C751514C589F}.Debug|x64.Build.0 = Debug|x64
		{5055CD6C-529B-32AE-5943-C751514C589F}.Release|Win32.ActiveCfg = Release|Win32
		{5055CD6C-529B-32AE-5943-C751514C589F}.Release|Win32.Build.0 = Release|Win32
		{5AA1E141-2BA4-AE1D-0A80-DF79758C708C}.Release|x64.ActiveCfg = Release|x64
		{5AA1E141-2BA4-AE1D-0A80-DF79758C708C}.Release|x64.Build.0 = Release|x64
		{5AA1E141-2BA4-AE1D-0A80-DF79758C708C}.Debug|Win32.ActiveCfg = Debug|Win32
		{5AA1E141-2BA4-AE1D-0A80-DF79758C708C}.Debug|Win32.Build.0 = Debug|Win32
		{5AA1E141-2BA4-AE1D-0A80-DF79758C708C}.Debug|x64.ActiveCfg = Debug|x64
		{5AA1E141-2BA4-AE1D-0A80-DF79758C708C}.Debug|x64.Build.0 = Debug|x64
		{5AA1E141-2BA4-AE1D-0A80-DF79758C708C}.Release|Win32.ActiveCfg = Release|Win32
		{5AA1E141-2BA4-AE1D-0A80-DF79758C708C}.Release|Win32.Build.0 = Release|Win32
		{626F4779-7F2E-F068-9B91-4B3CAF3F705D}.Release|x64.ActiveCfg = Release|x64
		{626F4779-7F2E-F068-9B91-4B3CAF3F705D}.Release|x64.Build.0 = Release|x64
		{626F4779-7F2E-F068-9B91-4B3CAF3F705D}.Debug|Win32.ActiveCfg = Debug|Win32
		{626F4779-7F2E-F068-9B91-4B3CAF3F705D}.Debug|Win32.Build.0 = Debug|Win32
		{626F4779-7F2E-F068-9B91-4B3CAF3F705D}.Debug|x64.ActiveCfg = Debug|x64
		{626F4779-7F2E-F068-9B91-4B3CAF3F705D}.Debug|x64.Build.0 = Debug|x64
		{626F4779-7F2E-F068-9B91-4B3CAF3F705D}.Release|Win32.ActiveCfg = Release|Win32
		{626F4779-7F2E-F068-9B91-4B3CAF3F705D}.Release|Win32.Build.0 = Release|Win32
		{65F70441-3CFB-5F61-8DF8-96D8C66AC258}.Release|x64.ActiveCfg = Release|x64
		{65F70441-3CFB-5F61-8DF8-96D8C66AC258}.Release|x64.Build.0 = Release|x64
		{65F70441-3CFB-5F61-8DF8-96D8C66AC258}.Debug|Win32.ActiveCfg = Debug|Win32
		{65F70441-3CFB-5F61-8DF8-96D8C66AC258}.Debug|Win32.Build.0 = Debug|Win32
		{65F70441-3CFB-5F61-8DF8-96D8C66AC258}.Debug|x64.ActiveCfg = Debug|x64
		{65F70441-3CFB-5F61-8DF8-96D8C66AC258}.Debug|x64.Build.0 = Debug|x64
		{65F70441-3CFB-5F61-8DF8-96D8C66AC258}.Release|Win32.ActiveCfg = Release|Win32
		{65F70441-3CFB-5F61-8DF8-96D8C66AC258}.Release|Win32.Build.0 = Release|Win32
		{67DE476F-E7F8-086B-329D-ADE3EF30000D}.Release|x64.ActiveCfg = Release|x64
		{67DE476F-E7F8-086B-329D-ADE3EF30000D}.Release|x64.Build.0 = Release|x64
		{67DE476F-E7F8-086B-329D-ADE3EF30000D}.Debug|Win32.ActiveCfg = Debug|Win32
		{67DE476F-E7F8-086B-329D-ADE3EF30000D}.Debug|Win32.Build.0 = Debug|Win32
		{67DE476F-E7F8-086B-329D-ADE3EF30000D}.Debug|x64.ActiveCfg = Debug|x64
		{67DE476F-E7F8-086B-329D-ADE3EF30000D}.Debug|x64.Build.0 = Debug|x64
		{67DE476F-E7F8-086B-329D-ADE3EF30000D}.Release|Win32.ActiveCfg = Release|Win32
		{67DE476F-E7F8-086B-329D-ADE3EF30000D}.Release|Win32.Build.0 = Release|Win32
		{69955B42-60C7-1A54-4F09-605C08CA4D5A}.Release|x64.ActiveCfg = Release|x64
		{69955B42-60C7-1A54-4F09-605C08CA4D5A}.Release|x64.Build.0 = Release|x64
		{69955B42-60C7-1A54-4F09-605C08CA4D5A}.Debug|Win32.ActiveCfg = Debug|Win32
		{69955B42-60C7-1A54-4F09-605C08CA4D5A}.Debug|Win32.Build.0 = Debug|Win32
		{69955B42-60C7-1A54-4F09-605C08CA4D5A}.Debug|x64.ActiveCfg = Debug|x64
		{69955B42-60C7-1A54-4F09-605C08CA4D5A}.Debug|x64.Build.0 = Debug|x64
		{69955B42-60C7-1A54-4F09-605C08CA4D5A}.Release|Win32.ActiveCfg = Release|Win32
		{69955B42-60C7-1A54-4F09-605C08CA4D5A}.Release|Win32.Build.0 = Release|Win32
		{6BF2E341-E3F2-80F1-9396-E1FAF1E94765}.Release|x64.ActiveCfg = Release|x64
		{6BF2E341-E3F2-80F1-9396-E1FAF1E94765}.Release|x64.Build.0 = Release|x64
		{6BF2E341-E3F2-80F1-9396-E1FAF1E94765}.Debug|Win32.ActiveCfg = Debug|Win32
		{6BF2E341-E3F2-80F1-9396-E1FAF1E94765}.Debug|Win32.Build.0 = Debug|Win32
		{6BF2E341-E3F2-80F1-9396-E1FAF1E94765}.Debug|x64.ActiveCfg = Debug|x64
		{6BF2E341-E3F2-80F1-9396-E1FAF1E94765}.Debug|x64.Build.0 = Debug|x64
		{6BF2E341-E3F2-80F1-9396-E1FAF1E94765}.Release|Win32.ActiveCfg = Release|Win32
		{6BF2E341-E3F2-80F1-9396-E1FAF1E94765}.Release|Win32.Build.0 = Release|Win32
		{79033DCF-D0B5-2428-270E-E10F7D622264}.Release|x64.ActiveCfg = Release|x64
		{79033DCF-D0B5-2428-270E-E10F7D622264}.Release|x64.Build.0 = Release|x64
		{79033DCF-D0B5-2428-270E-E10F7D622264}.Debug|Win32.ActiveCfg = Debug|Win32
		{79033DCF-D0B5-2428-270E-E10F7D622264}.Debug|Win32.Build.0 = Debug|Win32
		{79033DCF-D0B5-2428-270E-E10F7D622264}.Debug|x64.ActiveCfg = Debug|x64
		{79033DCF-D0B5-2428-270E-E10F7D622264}.Debug|x64.Build.0 = Debug|x64
		{79033DCF-D0B5-2428-270E-E10F7D622264}.Release|Win32.ActiveCfg = Release|Win32
		{79033DCF-D0B5-2428-270E-E10F7D622264}.Release|Win32.Build.0 = Release|Win32
		{79FF0E5F-E4AD-F964-49F8-D44FDA473AE0}.Release|x64.ActiveCfg = Release|x64
		{79FF0E5F-E4AD-F964-49F8-D44FDA473AE0}.Release|x64.Build.0 = Release|x64
		{79FF0E5F-E4AD-F964-49F8-D44FDA473AE0}.Debug|Win32.ActiveCfg = Debug|Win32
		{79FF0E5F-E4AD-F964-49F8-D44FDA473AE0}.Debug|Win32.Build.0 = Debug|Win32
		{79FF0E5F-E4AD-F964-49F8-D44FDA473AE0}.Debug|x64.ActiveCfg = Debug|x64
		{79FF0E5F-E4AD-F964-49F8-D44FDA473AE0}.Debug|x64.Build.0 = Debug|x64
		{79FF0E5F-E4AD-F964-49F8-D44FDA473AE0}.Release|Win32.ActiveCfg = Release|Win32
		{79FF0E5F-E4AD-F964-49F8-D44FDA473AE0}.Release|Win32.Build.0 = Release|Win32
		{7A2FADB0-B2A9-D05D-979B-2FB4ADC15873}.Release|x64.ActiveCfg = Release|x64
		{7A2FADB0-B2A9-D05D-979B-2FB4ADC15873}.Release|x64.Build.0 = Release|x64
		{7A2FADB0-B2A9-D05D-979B-2FB4ADC15873}.Debug|Win32.ActiveCfg = Debug|Win32
		{7A2FADB0-B2A9-D05D-979B-2FB4ADC15873}.Debug|Win32.Build.0 = Debug|Win32
		{7A2FADB0-B2A9-D05D-979B-2FB4ADC15873}.Debug|x64.ActiveCfg = Debug|x64
		{7A2FADB0-B2A9-D05D-979B-2FB4ADC15873}.Debug|x64.Build.0 = Debug|x64
		{7A2FADB0-B2A9-D05D-979B-2FB4ADC15873}.Release|Win32.ActiveCfg = Release|Win32
		{7A2FADB0-B2A9-D05D-979B-2FB4ADC15873}.Release|Win32.Build.0 = Release|Win32
		{7C7380EC-AF4E-218B-8D1F-0AAA63F13547}.Release|x64.ActiveCfg = Release|x64
		{7C7380EC-AF4E-218B-8D1F-0AAA63F13547}.Release|x64.Build.0 = Release|x64
		{7C7380EC-AF4E-218B-8D1F-0AAA63F13547}.Debug|Win32.ActiveCfg = Debug|Win32
		{7C7380EC-AF4E-218B-8D1F-0AAA63F13547}.Debug|Win32.Build.0 = Debug|Win32
		{7C7380EC-AF4E-218B-8D1F-0AAA63F13547}.Debug|x64.ActiveCfg = Debug|x64
		{7C7380EC-AF4E-218B-8D1F-0AAA63F13547}.Debug|x64.Build.0 = Debug|x64
		{7C7380EC-AF4E-218B-8D1F-0AAA63F13547}.Release|Win32.ActiveCfg = Release|Win32
		{7C7380EC-AF4E-218B-8D1F-0AAA63F13547}.Release|Win32.Build.0 = Release|Win32
		{81A3498C-B9B9-C708-CA0F-68376BAE7CEB}.Release|x64.ActiveCfg = Release|x64
		{81A3498C-B9B9-C708-CA0F-68376BAE7CEB}.Release|x64.Build.0 = Release|x64
		{81A3498C-B9B9-C708-CA0F-68376BAE7CEB}.Debug|Win32.ActiveCfg = Debug|Win32
		{81A3498C-B9B9-C708-CA0F-68376BAE7CEB}.Debug|Win32.Build.0 = Debug|Win32
		{81A3498C-B9B9-C708-CA0F-68376BAE7CEB}.Debug|x64.ActiveCfg = Debug|x64
		{81A3498C-B9B9-C708-CA0F-68376BAE7CEB}.Debug|x64.Build.0 = Debug|x64
		{81A3498C-B9B9-C708-CA0F-68376BAE7CEB}.Release|Win32.ActiveCfg = Release|Win32
		{81A3498C-B9B9-C708-CA0F-68376BAE7CEB}.Release|Win32.Build.0 = Release|Win32
		{87A7950E-BFB1-64B6-B0FD-0C4BCE5B976A}.Release|x64.ActiveCfg = Release|x64
		{87A7950E-BFB1-64B6-B0FD-0C4BCE5B976A}.Release|x64.Build.0 = Release|x64
		{87A7950E-BFB1-64B6-B0FD-0C4BCE5B976A}.Debug|Win32.ActiveCfg = Debug|Win32
		{87A7950E-BFB1-64B6-B0FD-0C4BCE5B976A}.Debug|Win32.Build.0 = Debug|Win32
		{87A7950E-BFB1-64B6-B0FD-0C4BCE5B976A}.Debug|x64.ActiveCfg = Debug|x64
		{87A7950E-BFB1-64B6-B0FD-0C4BCE5B976A}.Debug|x64.Build.0 = Debug|x64
		{87A7950E-BFB1-64B6-B0FD-0C4BCE5B976A}.Release|Win32.ActiveCfg = Release|Win32
		{87A7950E-BFB1-64B6-B0FD-0C4BCE5B976A}.Release|Win32.Build.0 = Release|Win32
		{892A9D9D-EB93-E8D1-A4D8-BA503FEA209C}.Release|x64.ActiveCfg = Release|x64
		{892A9D9D-EB93-E8D1-A4D8-BA503FEA209C}.Release|x64.Build.0 = Release|x64
		{892A9D9D-EB93-E8D1-A4D8-BA503FEA209C}.Debug|Win32.ActiveCfg = Debug|Win32
		{892A9D9D-EB93-E8D1-A4D8-BA503FEA209C}.Debug|Win32.Build.0 = Debug|Win32
		{892A9D9D-EB93-E8D1-A4D8-BA503FEA209C}.Debug|x64.ActiveCfg = Debug|x64
		{892A9D9D-EB93-E8D1-A4D8-BA503FEA209C}.Debug|x64.Build.0 = Debug|x64
		{892A9D9D-EB93-E8D1-A4D8-BA503FEA209C}.Release|Win32.ActiveCfg = Release|Win32
		{892A9D9D-EB93-E8D1-A4D8-BA503FEA209C}.Release|Win32.Build.0 = Release|Win32
		{8D820527-84D5-4955-07E9-F5C529399D87}.Release|x64.ActiveCfg = Release|x64
		{8D820527-84D5-4955-07E9-F5C529399D87}.Release|x64.Build.0 = Release|x64
		{8D820527-84D5-4955-07E9-F5C529399D87}.Debug|Win32.ActiveCfg = Debug|Win32
		{8D820527-84D5-4955-07E9-F5C529399D87}.Debug|Win32.Build.0 = Debug|Win32
		{8D820527-84D5-4955-07E9-F5C529399D87}.Debug|x64.ActiveCfg = Debug|x64
		{8D820527-84D5-4955-07E9-F5C529399D87}.Debug|x64.Build.0 = Debug|x64
		{8D820527-84D5-4955-07E9-F5C529399D87}.Release|Win32.ActiveCfg = Release|Win32
		{8D820527-84D5-4955-07E9-F5C529399D87}.Release|Win32.Build.0 = Release|Win32
		{91B43E00-3F50-70C3-4444-64C6934DF654}.Release|x64.ActiveCfg = Release|x64
		{91B43E00-3F50-70C3-4444-64C6934DF654}.Release|x64.Build.0 = Release|x64
		{91B43E00-3F50-70C3-4444-64C6934DF654}.Debug|Win32.ActiveCfg = Debug|Win32
		{91B43E00-3F50-70C3-4444-64C6934DF654}.Debug|Win32.Build.0 = Debug|Win32
		{91B43E00-3F50-70C3-4444-64C6934DF654}.Debug|x64.ActiveCfg = Debug|x64
		{91B43E00-3F50-70C3-4444-64C6934DF654}.Debug|x64.Build.0 = Debug|x64
		{91B43E00-3F50-70C3-4444-64C6934DF654}.Release|Win32.ActiveCfg = Release|Win32
		{91B43E00-3F50-70C3-4444-64C6934DF654}.Release|Win32.Build.0 = Release|Win32
		{936D990A-B541-E0F5-ED8F-D57A74F9C8E1}.Release|x64.ActiveCfg = Release|x64
		{936D990A-B541-E0F5-ED8F-D57A74F9C8E1}.Release|x64.Build.0 = Release|x64
		{936D990A-B541-E0F5-ED8F-D57A74F9C8E1}.Debug|Win32.ActiveCfg = Debug|Win32
		{936D990A-B541-E0F5-ED8F-D57A74F9C8E1}.Debug|Win32.Build.0 = Debug|Win32
		{936D990A-B541-E0F5-ED8F-D57A74F9C8E1}.Debug|x64.ActiveCfg = Debug|x64
		{936D990A-B541-E0F5-ED8F-D57A74F9C8E1}.Debug|x64.Build.0 = Debug|x64
		{936D990A-B541-E0F5-ED8F-D57A74F9C8E1}.Release|Win32.ActiveCfg = Release|Win32
		{936D990A-B541-E0F5-ED8F-D57A74F9C8E1}.Release|Win32.Build.0 = Release|Win32
		{946D247D-7E3B-B051-08AC-C231B128B3E6}.Release|x64.ActiveCfg = Release|x64
		{946D247D-7E3B-B051-08AC-C231B128B3E6}.Release|x64.Build.0 = Release|x64
		{946D247D-7E3B-B051-08AC-C231B128B3E6}.Debug|Win32.ActiveCfg = Debug|Win32
		{946D247D-7E3B-B051-08AC-C231B128B3E6}.Debug|Win32.Build.0 = Debug|Win32
		{946D247D-7E3B-B051-08AC-C231B128B3E6}.Debug|x64.ActiveCfg = Debug|x64
		{946D247D-7E3B-B051-08AC-C231B128B3E6}.Debug|x64.Build.0 = Debug|x64
		{946D247D-7E3B-B051-08AC-C231B128B3E6}.Release|Win32.ActiveCfg = Release|Win32
		{946D247D-7E3B-B051-08AC-C231B128B3E6}.Release|Win32.Build.0 = Release|Win32
		{9C7B350A-9DDF-763C-0B53-95A54F020942}.Release|x64.ActiveCfg = Release|x64
		{9C7B350A-9DDF-763C-0B53-95A54F020942}.Release|x64.Build.0 = Release|x64
		{9C7B350A-9DDF-763C-0B53-95A54F020942}.Debug|Win32.ActiveCfg = Debug|Win32
		{9C7B350A-9DDF-763C-0B53-95A54F020942}.Debug|Win32.Build.0 = Debug|Win32
		{9C7B350A-9DDF-763C-0B53-95A54F020942}.Debug|x64.ActiveCfg = Debug|x64
		{9C7B350A-9DDF-763C-0B53-95A54F020942}.Debug|x64.Build.0 = Debug|x64
		{9C7B350A-9DDF-763C-0B53-95A54F020942}.Release|Win32.ActiveCfg = Release|Win32
		{9C7B350A-9DDF-763C-0B53-95A54F020942}.Release|Win32.Build.0 = Release|Win32
		{9CE5F3F1-309F-76B0-FBB2-A87AC7235B3A}.Release|x64.ActiveCfg = Release|x64
		{9CE5F3F1-309F-76B0-FBB2-A87AC7235B3A}.Release|x64.Build.0 = Release|x64
		{9CE5F3F1-309F-76B0-FBB2-A87AC7235B3A}.Debug|Win32.ActiveCfg = Debug|Win32
		{9CE5F3F1-309F-76B0-FBB2-A87AC7235B3A}.Debug|Win32.Build.0 = Debug|Win32
		{9CE5F3F1-309F-76B0-FBB2-A87AC7235B3A}.Debug|x64.ActiveCfg = Debug|x64
		{9CE5F3F1-309F-76B0-FBB2-A87AC7235B3A}.Debug|x64.Build.0 = Debug|x64
		{9CE5F3F1-309F-76B0-FBB2-A87AC7235B3A}.Release|Win32.ActiveCfg = Release|Win32
		{9CE5F3F1-309F-76B0-FBB2-A87AC7235B3A}.Release|Win32.Build.0 = Release|Win32
		{9D93AD26-CC7F-A494-7F8E-EC38B9B4FD12}.Release|x64.ActiveCfg = Release|x64
		{9D93AD26-CC7F-A494-7F8E-EC38B9B4FD12}.Release|x64.Build.0 = Release|x64
		{9D93AD26-CC7F-A494-7F8E-EC38B9B4FD12}.Debug|Win32.ActiveCfg = Debug|Win32
		{9D93AD26-CC7F-A494-7F8E-EC38B9B4FD12}.Debug|Win32.Build.0 = Debug|Win32
		{9D93AD26-CC7F-A494-7F8E-EC38B9B4FD12}.Debug|x64.ActiveCfg = Debug|x64
		{9D93AD26-CC7F-A494-7F8E-EC38B9B4FD12}.Debug|x64.Build.0 = Debug|x64
		{9D93AD26-CC7F-A494-7F8E-EC38B9B4FD12}.Release|Win32.ActiveCfg = Release|Win32
		{9D93AD26-CC7F-A494-7F8E-EC38B9B4FD12}.Release|Win32.Build.0 = Release|Win32
		{9FF5944B-6718-54EF-84FE-52FA4FC51EDE}.Release|x64.ActiveCfg = Release|x64
		{9FF5944B-6718-54EF-84FE-52FA4FC51EDE}.Release|x64.Build.0 = Release|x64
		{9FF5944B-6718-54EF-84FE-52FA4FC51EDE}.Debug|Win32.ActiveCfg = Debug|Win32
		{9FF5944B-6718-54EF-84FE-52FA4FC51EDE}.Debug|Win32.Build.0 = Debug|Win32
		{9FF5944B-6718-54EF-84FE-52FA4FC51EDE}.Debug|x64.ActiveCfg = Debug|x64
		{9FF5944B-6718-54EF-84FE-52FA4FC51EDE}.Debug|x64.Build.0 = Debug|x64
		{9FF5944B-6718-54EF-84FE-52FA4FC51EDE}.Release|Win32.ActiveCfg = Release|Win32
		{9FF5944B-6718-54EF-84FE-52FA4FC51EDE}.Release|Win32.Build.0 = Release|Win32
		{A5149FCC-2057-884B-5B95-1D5192F56307}.Release|x64.ActiveCfg = Release|x64
		{A5149FCC-2057-884B-5B95-1D5192F56307}.Release|x64.Build.0 = Release|x64
		{A5149FCC-2057-884B-5B95-1D5192F56307}.Debug|Win32.ActiveCfg = Debug|Win32
		{A5149FCC-2057-884B-5B95-1D5192F56307}.Debug|Win32.Build.0 = Debug|Win32
		{A5149FCC-2057-884B-5B95-1D5192F56307}.Debug|x64.ActiveCfg = Debug|x64
		{A5149FCC-2057-884B-5B95-1D5192F56307}.Debug|x64.Build.0 = Debug|x64
		{A5149FCC-2057-884B-5B95-1D5192F56307}.Release|Win32.ActiveCfg = Release|Win32
		{A5149FCC-2057-884B-5B95-1D5192F56307}.Release|Win32.Build.0 = Release|Win32
		{A68D727C-5830-8C6B-2FE5-0C7B70D77EEA}.Release|x64.ActiveCfg = Release|x64
		{A68D727C-5830-8C6B-2FE5-0C7B70D77EEA}.Release|x64.Build.0 = Release|x64
		{A68D727C-5830-8C6B-2FE5-0C7B70D77EEA}.Debug|Win32.ActiveCfg = Debug|Win32
		{A68D727C-5830-8C6B-2FE5-0C7B70D77EEA}.Debug|Win32.Build.0 = Debug|Win32
		{A68D727C-5830-8C6B-2FE5-0C7B70D77EEA}.Debug|x64.ActiveCfg = Debug|x64
		{A68D727C-5830-8C6B-2FE5-0C7B70D77EEA}.Debug|x64.Build.0 = Debug|x64
		{A68D727C-5830-8C6B-2FE5-0C7B70D77EEA}.Release|Win32.ActiveCfg = Release|Win32
		{A68D727C-5830-8C6B-2FE5-0C7B70D77EEA}.Release|Win32.Build.0 = Release|Win32
		{A7FC9308-CD88-AEE8-5502-E73EC1734E6A}.Release|x64.ActiveCfg = Release|x64
		{A7FC9308-CD88-AEE8-5502-E73EC1734E6A}.Release|x64.Build.0 = Release|x64
		{A7FC9308-CD88-AEE8-5502-E73EC1734E6A}.Debug|Win32.ActiveCfg = Debug|Win32
		{A7FC9308-CD88-AEE8-5502-E73EC1734E6A}.Debug|Win32.Build.0 = Debug|Win32
		{A7FC9308-CD88-AEE8-5502-E73EC1734E6A}.Debug|x64.ActiveCfg = Debug|x64
		{A7FC9308-CD88-AEE8-5502-E73EC1734E6A}.Debug|x64.Build.0 = Debug|x64
		{A7FC9308-CD88-AEE8-5502-E73EC1734E6A}.Release|Win32.ActiveCfg = Release|Win32
		{A7FC9308-CD88-AEE8-5502-E73EC1734E6A}.Release|Win32.Build.0 = Release|Win32
		{AB0E3FD1-A00D-FAE8-BB4B-F8452E2FEEF1}.Release|x64.ActiveCfg = Release|x64
		{AB0E3FD1-A00D-FAE8-BB4B-F8452E2FEEF1}.Release|x64.Build.0 = Release|x64
		{AB0E3FD1-A00D-FAE8-BB4B-F8452E2FEEF1}.Debug|Win32.ActiveCfg = Debug|Win32
		{AB0E3FD1-A00D-FAE8-BB4B-F8452E2FEEF1}.Debug|Win32.Build.0 = Debug|Win32
		{AB0E3FD1-A00D-FAE8-BB4B-F8452E2FEEF1}.Debug|x64.ActiveCfg = Debug|x64
		{AB0E3FD1-A00D-FAE8-BB4B-F8452E2FEEF1}.Debug|x64.Build.0 = Debug|x64
		{AB0E3FD1-A00D-FAE8-BB4B-F8452E2FEEF1}.Release|Win32.ActiveCfg = Release|Win32
		{AB0E3FD1-A00D-FAE8-BB4B-F8452E2FEEF1}.Release|Win32.Build.0 = Release|Win32
		{B6FE0409-F3E9-B5A5-A00D-521CD53EB030}.Release|x64.ActiveCfg = Release|x64
		{B6FE0409-F3E9-B5A5-A00D-521CD53EB030}.Release|x64.Build.0 = Release|x64
		{B6FE0409-F3E9-B5A5-A00D-521CD53EB030}.Debug|Win32.ActiveCfg = Debug|Win32
		{B6FE0409-F3E9-B5A5-A00D-521CD53EB030}.Debug|Win32.Build.0 = Debug|Win32
		{B6FE0409-F3E9-B5A5-A00D-521CD53EB030}.Debug|x64.ActiveCfg = Debug|x64
		{B6FE0409-F3E9-B5A5-A00D-521CD53EB030}.Debug|x64.Build.0 = Debug|x64
		{B6FE0409-F3E9-B5A5-A00D-521CD53EB030}.Release|Win32.ActiveCfg = Release|Win32
		{B6FE0409-F3E9-B5A5-A00D-521CD53EB030}.Release|Win32.Build.0 = Release|Win32
		{BE19830C-313D-1150-62EC-2318F5B9D358}.Release|x64.ActiveCfg = Release|x64
		{BE19830C-313D-1150-62EC-2318F5B9D358}.Release|x64.Build.0 = Release|x64
		{BE19830C-313D-1150-62EC-2318F5B9D358}.Debug|Win32.ActiveCfg = Debug|Win32
		{BE19830C-313D-1150-62EC-2318F5B9D358}.Debug|Win32.Build.0 = Debug|Win32
		{BE19830C-313D-1150-62EC-2318F5B9D358}.Debug|x64.ActiveCfg = Debug|x64
		{BE19830C-313D-1150-62EC-2318F5B9D358}.Debug|x64.Build.0 = Debug|x64
		{BE19830C-313D-1150-62EC-2318F5B9D358}.Release|Win32.ActiveCfg = Release|Win32
		{BE19830C-313D-1150-62EC-2318F5B9D358}.Release|Win32.Build.0 = Release|Win32
		{C0A333FB-D512-2854-A7C1-179E76FC1E04}.Release|x64.ActiveCfg = Release|x64
		{C0A333FB-D512-2854-A7C1-179E76FC1E04}.Release|x64.Build.0 = Release|x64
		{C0A333FB-D512-2854-A7C1-179E76FC1E04}.Debug|Win32.ActiveCfg = Debug|Win32
		{C0A333FB-D512-2854-A7C1-179E76FC1E04}.Debug|Win32.Build.0 = Debug|Win32
		{C0A333FB-D512-2854-A7C1-179E76FC1E04}.Debug|x64.ActiveCfg = Debug|x64
		{C0A333FB-D512-2854-A7C1-179E76FC1E04}.Debug|x64.Build.0 = Debug|x64
		{C0A333FB-D512-2854-A7C1-179E76FC1E04}.Release|Win32.ActiveCfg = Release|Win32
		{C0A333FB-D512-2854-A7C1-179E76FC1E04}.Release|Win32.Build.0 = Release|Win32
		{C931103B-F396-A986-A870-075D14EAE7B0}.Release|x64.ActiveCfg = Release|x64
		{C931103B-F396-A986-A870-075D14EAE7B0}.Release|x64.Build.0 = Release|x64
		{C931103B-F396-A986-A870-075D14EAE7B0}.Debug|Win32.ActiveCfg = Debug|Win32
		{C931103B-F396-A986-A870-075D14EAE7B0}.Debug|Win32.Build.0 = Debug|Win32
		{C931103B-F396-A986-A870-075D14EAE7B0}.Debug|x64.ActiveCfg = Debug|x64
		{C931103B-F396-A986-A870-075D14EAE7B0}.Debug|x64.Build.0 = Debug|x64
		{C931103B-F396-A986-A870-075D14EAE7B0}.Release|Win32.ActiveCfg = Release|Win32
		{C931103B-F396-A986-A870-075D14EAE7B0}.Release|Win32.Build.0 = Release|Win32
		{CB83104C-BCBF-C560-F5AB-73C23452D6E2}.Release|x64.ActiveCfg = Release|x64
		{CB83104C-BCBF-C560-F5AB-73C23452D6E2}.Release|x64.Build.0 = Release|x64
		{CB83104C-BCBF-C560-F5AB-73C23452D6E2}.Debug|Win32.ActiveCfg = Debug|Win32
		{CB83104C-BCBF-C560-F5AB-73C23452D6E2}.Debug|Win32.Build.0 = Debug|Win32
		{CB83104C-BCBF-C560-F5AB-73C23452D6E2}.Debug|x64.ActiveCfg = Debug|x64
		{CB83104C-BCBF-C560-F5AB-73C23452D6E2}.Debug|x64.Build.0 = Debug|x64
		{CB83104C-BCBF-C560-F5AB-73C23452D6E2}.Release|Win32.ActiveCfg = Release|Win32
		{CB83104C-BCBF-C560-F5AB-73C23452D6E2}.Release|Win32.Build.0 = Release|Win32
		{D0B6370C-9659-A9AE-626A-002956209151}.Release|x64.ActiveCfg = Release|x64
		{D0B6370C-9659-A9AE-626A-002956209151}.Release|x64.Build.0 = Release|x64
		{D0B6370C-9659-A9AE-626A-002956209151}.Debug|Win32.ActiveCfg = Debug|Win32
		{D0B6370C-9659-A9AE-626A-002956209151}.Debug|Win32.Build.0 = Debug|Win32
		{D0B6370C-9659-A9AE-626A-002956209151}.Debug|x64.ActiveCfg = Debug|x64
		{D0B6370C-9659-A9AE-626A-002956209151}.Debug|x64.Build.0 = Debug|x64
		{D0B6370C-9659-A9AE-626A-002956209151}.Release|Win32.ActiveCfg = Release|Win32
		{D0B6370C-9659-A9AE-626A-002956209151}.Release|Win32.Build.0 = Release|Win32
		{D18D0AF5-80B2-DA07-5CB9-158B0CB71C44}.Release|x64.ActiveCfg = Release|x64
		{D18D0AF5-80B2-DA07-5CB9-158B0CB71C44}.Release|x64.Build.0 = Release|x64
		{D18D0AF5-80B2-DA07-5CB9-158B0CB71C44}.Debug|Win32.ActiveCfg = Debug|Win32
		{D18D0AF5-80B2-DA07-5CB9-158B0CB71C44}.Debug|Win32.Build.0 = Debug|Win32
		{D18D0AF5-80B2-DA07-5CB9-158B0CB71C44}.Debug|x64.ActiveCfg = Debug|x64
		{D18D0AF5-80B2-DA07-5CB9-158B0CB71C44}.Debug|x64.Build.0 = Debug|x64
		{D18D0AF5-80B2-DA07-5CB9-158B0CB71C44}.Release|Win32.ActiveCfg = Release|Win32
		{D18D0AF5-80B2-DA07-5CB9-158B0CB71C44}.Release|Win32.Build.0 = Release|Win32
		{D4119BAA-F49F-3F4D-EE8D-391C999B9D07}.Release|x64.ActiveCfg = Release|x64
		{D4119BAA-F49F-3F4D-EE8D-391C999B9D07}.Release|x64.Build.0 = Release|x64
		{D4119BAA-F49F-3F4D-EE8D-391C999B9D07}.Debug|Win32.ActiveCfg = Debug|Win32
		{D4119BAA-F49F-3F4D-EE8D-391C999B9D07}.Debug|Win32.Build.0 = Debug|Win32
		{D4119BAA-F49F-3F4D-EE8D-391C999B9D07}.Debug|x64.ActiveCfg = Debug|x64
		{D4119BAA-F49F-3F4D-EE8D-391C999B9D07}.Debug|x64.Build.0 = Debug|x64
		{D4119BAA-F49F-3F4D-EE8D-391C999B9D07}.Release|Win32.ActiveCfg = Release|Win32
		{D4119BAA-F49F-3F4D-EE8D-391C999B9D07}.Release|Win32.Build.0 = Release|Win32
		{D50FBFB5-CA65-06D3-2847-DDD78B0B9145}.Release|x64.ActiveCfg = Release|x64
		{D50FBFB5-CA65-06D3-2847-DDD78B0B9145}.Release|x64.Build.0 = Release|x64
		{D50FBFB5-CA65-06D3-2847-DDD78B0B9145}.Debug|Win32.ActiveCfg = Debug|Win32
		{D50FBFB5-CA65-06D3-2847-DDD78B0B9145}.Debug|Win32.Build.0 = Debug|Win32
		{D50FBFB5-CA65-06D3-2847-DDD78B0B9145}.Debug|x64.ActiveCfg = Debug|x64
		{D50FBFB5-CA65-06D3-2847-DDD78B0B9145}.Debug|x64.Build.0 = Debug|x64
		{D50FBFB5-CA65-06D3-2847-DDD78B0B9145}.Release|Win32.ActiveCfg = Release|Win32
		{D50FBFB5-CA65-06D3-2847-DDD78B0B9145}.Release|Win32.Build.0 = Release|Win32
		{D7A94F58-576A-45D9-A45F-EB87C63ABBB0}.Release|x64.ActiveCfg = Release|x64
		{D7A94F58-576A-45D9-A45F-EB87C63ABBB0}.Release|x64.Build.0 = Release|x64
		{D7A94F58-576A-45D9-A45F-EB87C63ABBB0}.Debug|Win32.ActiveCfg = Debug|Win32
		{D7A94F58-576A-45D9-A45F-EB87C63ABBB0}.Debug|Win32.Build.0 = Debug|Win32
		{D7A94F58-576A-45D9-A45F-EB87C63ABBB0}.Debug|x64.ActiveCfg = Debug|x64
		{D7A94F58-576A-45D9-A45F-EB87C63ABBB0}.Debug|x64.Build.0 = Debug|x64
		{D7A94F58-576A-45D9-A45F-EB87C63ABBB0}.Release|Win32.ActiveCfg = Release|Win32
		{D7A94F58-576A-45D9-A45F-EB87C63ABBB0}.Release|Win32.Build.0 = Release|Win32
		{D99D7675-157E-60F5-78D5-F1048E057426}.Release|x64.ActiveCfg = Release|x64
		{D99D7675-157E-60F5-78D5-F1048E057426}.Release|x64.Build.0 = Release|x64
		{D99D7675-157E-60F5-78D5-F1048E057426}.Debug|Win32.ActiveCfg = Debug|Win32
		{D99D7675-157E-60F5-78D5-F1048E057426}.Debug|Win32.Build.0 = Debug|Win32
		{D99D7675-157E-60F5-78D5-F1048E057426}.Debug|x64.ActiveCfg = Debug|x64
		{D99D7675-157E-60F5-78D5-F1048E057426}.Debug|x64.Build.0 = Debug|x64
		{D99D7675-157E-60F5-78D5-F1048E057426}.Release|Win32.ActiveCfg = Release|Win32
		{D99D7675-157E-60F5-78D5-F1048E057426}.Release|Win32.Build.0 = Release|Win32
		{D9F45E62-5E79-67BF-3CD3-3994AD52C6AA}.Release|x64.ActiveCfg = Release|x64
		{D9F45E62-5E79-67BF-3CD3-3994AD52C6AA}.Release|x64.Build.0 = Release|x64
		{D9F45E62-5E79-67BF-3CD3-3994AD52C6AA}.Debug|Win32.ActiveCfg = Debug|Win32
		{D9F45E62-5E79-67BF-3CD3-3994AD52C6AA}.Debug|Win32.Build.0 = Debug|Win32
		{D9F45E62-5E79-67BF-3CD3-3994AD52C6AA}.Debug|x64.ActiveCfg = Debug|x64
		{D9F45E62-5E79-67BF-3CD3-3994AD52C6AA}.Debug|x64.Build.0 = Debug|x64
		{D9F45E62-5E79-67BF-3CD3-3994AD52C6AA}.Release|Win32.ActiveCfg = Release|Win32
		{D9F45E62-5E79-67BF-3CD3-3994AD52C6AA}.Release|Win32.Build.0 = Release|Win32
		{DA25A480-1522-89DB-9C96-59D8D3795A99}.Release|x64.ActiveCfg = Release|x64
		{DA25A480-1522-89DB-9C96-59D8D3795A99}.Release|x64.Build.0 = Release|x64
		{DA25A480-1522-89DB-9C96-59D8D3795A99}.Debug|Win32.ActiveCfg = Debug|Win32
		{DA25A480-1522-89DB-9C96-59D8D3795A99}.Debug|Win32.Build.0 = Debug|Win32
		{DA25A480-1522-89DB-9C96-59D8D3795A99}.Debug|x64.ActiveCfg = Debug|x64
		{DA25A480-1522-89DB-9C96-59D8D3795A99}.Debug|x64.Build.0 = Debug|x64
		{DA25A480-1522-89DB-9C96-59D8D3795A99}.Release|Win32.ActiveCfg = Release|Win32
		{DA25A480-1522-89DB-9C96-59D8D3795A99}.Release|Win32.Build.0 = Release|Win32
		{DA713A29-48FF-AD84-75ED-D279B989837D}.Release|x64.ActiveCfg = Release|x64
		{DA713A29-48FF-AD84-75ED-D279B989837D}.Release|x64.Build.0 = Release|x64
		{DA713A29-48FF-AD84-75ED-D279B989837D}.Debug|Win32.ActiveCfg = Debug|Win32
		{DA713A29-48FF-AD84-75ED-D279B989837D}.Debug|Win32.Build.0 = Debug|Win32
		{DA713A29-48FF-AD84-75ED-D279B989837D}.Debug|x64.ActiveCfg = Debug|x64
		{DA713A29-48FF-AD84-75ED-D279B989837D}.Debug|x64.Build.0 = Debug|x64
		{DA713A29-48FF-AD84-75ED-D279B989837D}.Release|Win32.ActiveCfg = Release|Win32
		{DA713A29-48FF-AD84-75ED-D279B989837D}.Release|Win32.Build.0 = Release|Win32
		{DFA5396B-1CBF-2E90-3E18-54D4FDD1E68C}.Release|x64.ActiveCfg = Release|x64
		{DFA5396B-1CBF-2E90-3E18-54D4FDD1E68C}.Release|x64.Build.0 = Release|x64
		{DFA5396B-1CBF-2E90-3E18-54D4FDD1E68C}.Debug|Win32.ActiveCfg = Debug|Win32
		{DFA5396B-1CBF-2E90-3E18-54D4FDD1E68C}.Debug|Win32.Build.0 = Debug|Win32
		{DFA5396B-1CBF-2E90-3E18-54D4FDD1E68C}.Debug|x64.ActiveCfg = Debug|x64
		{DFA5396B-1CBF-2E90-3E18-54D4FDD1E68C}.Debug|x64.Build.0 = Debug|x64
		{DFA5396B-1CBF-2E90-3E18-54D4FDD1E68C}.Release|Win32.ActiveCfg = Release|Win32
		{DFA5396B-1CBF-2E90-3E18-54D4FDD1E68C}.Release|Win32.Build.0 = Release|Win32
		{E693E61B-7879-23D5-AE8E-F1AE93E6368A}.Release|x64.ActiveCfg = Release|x64
		{E693E61B-7879-23D5-AE8E-F1AE93E6368A}.Release|x64.Build.0 = Release|x64
		{E693E61B-7879-23D5-AE8E-F1AE93E6368A}.Debug|Win32.ActiveCfg = Debug|Win32
		{E693E61B-7879-23D5-AE8E-F1AE93E6368A}.Debug|Win32.Build.0 = Debug|Win32
		{E693E61B-7879-23D5-AE8E-F1AE93E6368A}.Debug|x64.ActiveCfg = Debug|x64
		{E693E61B-7879-23D5-AE8E-F1AE93E6368A}.Debug|x64.Build.0 = Debug|x64
		{E693E61B-7879-23D5-AE8E-F1AE93E6368A}.Release|Win32.ActiveCfg = Release|Win32
		{E693E61B-7879-23D5-AE8E-F1AE93E6368A}.Release|Win32.Build.0 = Release|Win32
		{E812BA38-DB48-9088-6EA3-54C22EDD5B3B}.Release|x64.ActiveCfg = Release|x64
		{E812BA38-DB48-9088-6EA3-54C22EDD5B3B}.Release|x64.Build.0 = Release|x64
		{E812BA38-DB48-9088-6EA3-54C22EDD5B3B}.Debug|Win32.ActiveCfg = Debug|Win32
		{E812BA38-DB48-9088-6EA3-54C22EDD5B3B}.Debug|Win32.Build.0 = Debug|Win32
		{E812BA38-DB48-9088-6EA3-54C22EDD5B3B}.Debug|x64.ActiveCfg = Debug|x64
		{E812BA38-DB48-9088-6EA3-54C22EDD5B3B}.Debug|x64.Build.0 = Debug|x64
		{E812BA38-DB48-9088-6EA3-54C22EDD5B3B}.Release|Win32.ActiveCfg = Release|Win32
		{E812BA38-DB48-9088-6EA3-54C22EDD5B3B}.Release|Win32.Build.0 = Release|Win32
		{E8AE1B28-470B-767B-8190-D265D223B607}.Release|x64.ActiveCfg = Release|x64
		{E8AE1B28-470B-767B-8190-D265D223B607}.Release|x64.Build.0 = Release|x64
		{E8AE1B28-470B-767B-8190-D265D223B607}.Debug|Win32.ActiveCfg = Debug|Win32
		{E8AE1B28-470B-767B-8190-D265D223B607}.Debug|Win32.Build.0 = Debug|Win32
		{E8AE1B28-470B-767B-8190-D265D223B607}.Debug|x64.ActiveCfg = Debug|x64
		{E8AE1B28-470B-767B-8190-D265D223B607}.Debug|x64.Build.0 = Debug|x64
		{E8AE1B28-470B-767B-8190-D265D223B607}.Release|Win32.ActiveCfg = Release|Win32
		{E8AE1B28-470B-767B-8190-D265D223B607}.Release|Win32.Build.0 = Release|Win32
		{F5AD31E9-99EC-ADD3-32CE-94586929F939}.Release|x64.ActiveCfg = Release|x64
		{F5AD31E9-99EC-ADD3-32CE-94586929F939}.Release|x64.Build.0 = Release|x64
		{F5AD31E9-99EC-ADD3-32CE-94586929F939}.Debug|Win32.ActiveCfg = Debug|Win32
		{F5AD31E9-99EC-ADD3-32CE-94586929F939}.Debug|Win32.Build.0 = Debug|Win32
		{F5AD31E9-99EC-ADD3-32CE-94586929F939}.Debug|x64.ActiveCfg = Debug|x64
		{F5AD31E9-99EC-ADD3-32CE-94586929F939}.Debug|x64.Build.0 = Debug|x64
		{F5AD31E9-99EC-ADD3-32CE-94586929F939}.Release|Win32.ActiveCfg = Release|Win32
		{F5AD31E9-99EC-ADD3-32CE-94586929F939}.Release|Win32.Build.0 = Release|Win32
		{F717727F-0506-E97A-E600-3876DC85BD7F}.Release|x64.ActiveCfg = Release|x64
		{F717727F-0506-E97A-E600-3876DC85BD7F}.Release|x64.Build.0 = Release|x64
		{F717727F-0506-E97A-E600-3876DC85BD7F}.Debug|Win32.ActiveCfg = Debug|Win32
		{F717727F-0506-E97A-E600-3876DC85BD7F}.Debug|Win32.Build.0 = Debug|Win32
		{F717727F-0506-E97A-E600-3876DC85BD7F}.Debug|x64.ActiveCfg = Debug|x64
		{F717727F-0506-E97A-E600-3876DC85BD7F}.Debug|x64.Build.0 = Debug|x64
		{F717727F-0506-E97A-E600-3876DC85BD7F}.Release|Win32.ActiveCfg = Release|Win32
		{F717727F-0506-E97A-E600-3876DC85BD7F}.Release|Win32.Build.0 = Release|Win32
	EndGlobalSection
	GlobalSection(SolutionProperties) = preSolution
		HideSolutionNode = FALSE
	EndGlobalSection
	GlobalSection(NestedProjects) = preSolution
		{8E538E10-0288-F934-C0B4-A2C5684885A8} = {D5536B1B-0215-0B8D-2C6B-01AF474C999D}
		{D5536B1B-0215-0B8D-2C6B-01AF474C999D} = {7C6CDB29-38D7-8364-748C-AEAAD8CCFB36}
		{C2681D28-B474-0578-6C77-C21B094B9DEB} = {8E538E10-0288-F934-C0B4-A2C5684885A8}
		{DA713A29-48FF-AD84-75ED-D279B989837D} = {6478B9F3-4858-63F4-35F4-98A303E305F3}
		{C7F83F05-8335-05BC-FABC-52BB99106795} = {4D091BEB-A76B-E8AB-36FD-0A80BA9DE97D}
		{6478B9F3-4858-63F4-35F4-98A303E305F3} = {9785FB75-982A-5DE3-252D-3F288B9FEF5B}
		{3E7FA5AF-27B3-2DE0-883C-12F98E7F4E81} = {9785FB75-982A-5DE3-252D-3F288B9FEF5B}
		{D50FBFB5-CA65-06D3-2847-DDD78B0B9145} = {9785FB75-982A-5DE3-252D-3F288B9FEF5B}
		{9D93AD26-CC7F-A494-7F8E-EC38B9B4FD12} = {9785FB75-982A-5DE3-252D-3F288B9FEF5B}
		{D99D7675-157E-60F5-78D5-F1048E057426} = {9785FB75-982A-5DE3-252D-3F288B9FEF5B}
		{3251C607-5000-807C-4D6A-A12E2D8B0732} = {9785FB75-982A-5DE3-252D-3F288B9FEF5B}
		{106D76B1-E1D5-1B6B-0673-56E01FF399ED} = {9785FB75-982A-5DE3-252D-3F288B9FEF5B}
		{299D9456-929B-5224-943D-BFC2576C69EA} = {BC1FC5DA-9C54-7D77-0BFF-DEDDFD7A8F6C}
		{0EB25CF6-6D55-0D0B-BC2C-6FD0E2846107} = {C2681D28-B474-0578-6C77-C21B094B9DEB}
		{7A2FADB0-B2A9-D05D-979B-2FB4ADC15873} = {1670CB0B-8AB5-66D9-D715-D2DC1A1CB97F}
		{79033DCF-D0B5-2428-270E-E10F7D622264} = {F8FCF6CD-4DE1-16F6-65CB-5E6194E8495C}
		{D7A94F58-576A-45D9-A45F-EB87C63ABBB0} = {F8FCF6CD-4DE1-16F6-65CB-5E6194E8495C}
		{91B43E00-3F50-70C3-4444-64C6934DF654} = {F8FCF6CD-4DE1-16F6-65CB-5E6194E8495C}
		{CB83104C-BCBF-C560-F5AB-73C23452D6E2} = {F8FCF6CD-4DE1-16F6-65CB-5E6194E8495C}
		{1670CB0B-8AB5-66D9-D715-D2DC1A1CB97F} = {C2E276B7-2737-A889-723C-CE2956B80FB7}
		{F5AD31E9-99EC-ADD3-32CE-94586929F939} = {2DE59335-96CE-10CA-CDE5-FEC35E3549BB}
		{16DE32C0-F219-9C1F-2AC7-6CC42C98D000} = {2DE59335-96CE-10CA-CDE5-FEC35E3549BB}
		{08FD5F8F-9C23-1331-B517-2BFF210551A4} = {2DE59335-96CE-10CA-CDE5-FEC35E3549BB}
		{67DE476F-E7F8-086B-329D-ADE3EF30000D} = {7522960F-C97E-E7C9-38F2-1B74A395F476}
		{AB0E3FD1-A00D-FAE8-BB4B-F8452E2FEEF1} = {A9EB8559-7015-13E0-0462-D9901FC693FD}
		{946D247D-7E3B-B051-08AC-C231B128B3E6} = {B881B030-1C2B-0D06-F74A-9A16B0B8657E}
		{D0B6370C-9659-A9AE-626A-002956209151} = {B881B030-1C2B-0D06-F74A-9A16B0B8657E}
		{626F4779-7F2E-F068-9B91-4B3CAF3F705D} = {B881B030-1C2B-0D06-F74A-9A16B0B8657E}
		{9FF5944B-6718-54EF-84FE-52FA4FC51EDE} = {B881B030-1C2B-0D06-F74A-9A16B0B8657E}
		{2B2941DF-5D21-9E74-3016-8B2545DBDFD3} = {B881B030-1C2B-0D06-F74A-9A16B0B8657E}
		{5055CD6C-529B-32AE-5943-C751514C589F} = {B881B030-1C2B-0D06-F74A-9A16B0B8657E}
		{892A9D9D-EB93-E8D1-A4D8-BA503FEA209C} = {B881B030-1C2B-0D06-F74A-9A16B0B8657E}
		{6BF2E341-E3F2-80F1-9396-E1FAF1E94765} = {019E1937-61F3-F9EC-47C4-8EB017B64518}
		{DFA5396B-1CBF-2E90-3E18-54D4FDD1E68C} = {019E1937-61F3-F9EC-47C4-8EB017B64518}
		{24B78B4A-75B0-FEC6-F438-39D0A240CA12} = {019E1937-61F3-F9EC-47C4-8EB017B64518}
		{D9F45E62-5E79-67BF-3CD3-3994AD52C6AA} = {019E1937-61F3-F9EC-47C4-8EB017B64518}
		{DA25A480-1522-89DB-9C96-59D8D3795A99} = {019E1937-61F3-F9EC-47C4-8EB017B64518}
		{7C7380EC-AF4E-218B-8D1F-0AAA63F13547} = {019E1937-61F3-F9EC-47C4-8EB017B64518}
		{65F70441-3CFB-5F61-8DF8-96D8C66AC258} = {B192C3BB-2B62-1D75-41F4-8F64C08A00D1}
		{5A566D8E-9FAB-ED62-0C7C-BD22FF9AF8A2} = {96A8EC63-88DB-B85C-EEBC-43667C60DEB3}
		{33C6BC08-4B9A-F7F1-2979-A0035A291E41} = {96A8EC63-88DB-B85C-EEBC-43667C60DEB3}
		{D18D0AF5-80B2-DA07-5CB9-158B0CB71C44} = {96A8EC63-88DB-B85C-EEBC-43667C60DEB3}
		{79FF0E5F-E4AD-F964-49F8-D44FDA473AE0} = {96A8EC63-88DB-B85C-EEBC-43667C60DEB3}
		{F717727F-0506-E97A-E600-3876DC85BD7F} = {91989827-5B0C-52D9-1FE9-9553D672A5E7}
		{BE19830C-313D-1150-62EC-2318F5B9D358} = {CD014008-1CDB-809B-D770-C67A261539F7}
		{4AB2CF6C-E2FB-6528-F0E4-4541C3057B7D} = {CD014008-1CDB-809B-D770-C67A261539F7}
		{87A7950E-BFB1-64B6-B0FD-0C4BCE5B976A} = {CD014008-1CDB-809B-D770-C67A261539F7}
		{1A653DC2-41A9-2396-0346-EE43D177A8A7} = {5B17195B-58DF-4533-4FE7-D2747913694E}
		{215C85FC-B1B9-4262-B715-0E603DDCDA93} = {5B17195B-58DF-4533-4FE7-D2747913694E}
		{A68D727C-5830-8C6B-2FE5-0C7B70D77EEA} = {5B17195B-58DF-4533-4FE7-D2747913694E}
		{936D990A-B541-E0F5-ED8F-D57A74F9C8E1} = {C7F83F05-8335-05BC-FABC-52BB99106795}
		{C931103B-F396-A986-A870-075D14EAE7B0} = {630D0DC5-DAAF-3481-DE5A-A6EF4E73EFC8}
		{8D820527-84D5-4955-07E9-F5C529399D87} = {630D0DC5-DAAF-3481-DE5A-A6EF4E73EFC8}
		{0F2A8D21-3C46-36FF-9B7C-17DED3F40483} = {299D9456-929B-5224-943D-BFC2576C69EA}
		{69955B42-60C7-1A54-4F09-605C08CA4D5A} = {EAC80D00-01D2-3F49-A377-20B7154947F3}
		{2A9A7E67-59FA-DECD-1E43-E30505F2ADAA} = {EAC80D00-01D2-3F49-A377-20B7154947F3}
		{3CF939D9-AF79-E950-D740-3EAD990C3F77} = {EAC80D00-01D2-3F49-A377-20B7154947F3}
		{C0A333FB-D512-2854-A7C1-179E76FC1E04} = {3E7FA5AF-27B3-2DE0-883C-12F98E7F4E81}
		{91989827-5B0C-52D9-1FE9-9553D672A5E7} = {5A566D8E-9FAB-ED62-0C7C-BD22FF9AF8A2}
		{7C6CDB29-38D7-8364-748C-AEAAD8CCFB36} = {89C816A7-DD31-D54C-C69C-5A80E0C49B77}
		{F8FCF6CD-4DE1-16F6-65CB-5E6194E8495C} = {89C816A7-DD31-D54C-C69C-5A80E0C49B77}
		{2DE59335-96CE-10CA-CDE5-FEC35E3549BB} = {89C816A7-DD31-D54C-C69C-5A80E0C49B77}
		{7522960F-C97E-E7C9-38F2-1B74A395F476} = {89C816A7-DD31-D54C-C69C-5A80E0C49B77}
		{A9EB8559-7015-13E0-0462-D9901FC693FD} = {89C816A7-DD31-D54C-C69C-5A80E0C49B77}
		{B881B030-1C2B-0D06-F74A-9A16B0B8657E} = {89C816A7-DD31-D54C-C69C-5A80E0C49B77}
		{B192C3BB-2B62-1D75-41F4-8F64C08A00D1} = {89C816A7-DD31-D54C-C69C-5A80E0C49B77}
		{CD014008-1CDB-809B-D770-C67A261539F7} = {89C816A7-DD31-D54C-C69C-5A80E0C49B77}
		{AC6A79C6-25A5-8535-37D4-DCE797519D55} = {89C816A7-DD31-D54C-C69C-5A80E0C49B77}
		{15CFB960-ABBB-C12A-9596-264134BDEEEA} = {89C816A7-DD31-D54C-C69C-5A80E0C49B77}
		{13F6B6CC-FB5B-9F86-3A2A-B7467E848E5E} = {89C816A7-DD31-D54C-C69C-5A80E0C49B77}
		{17F46D6E-584D-C8FA-DEE9-EDC649CE6CA7} = {89C816A7-DD31-D54C-C69C-5A80E0C49B77}
		{3281B1F5-B06C-7DB2-9C80-A2DC2CBC8318} = {89C816A7-DD31-D54C-C69C-5A80E0C49B77}
		{E812BA38-DB48-9088-6EA3-54C22EDD5B3B} = {89C816A7-DD31-D54C-C69C-5A80E0C49B77}
		{E693E61B-7879-23D5-AE8E-F1AE93E6368A} = {89C816A7-DD31-D54C-C69C-5A80E0C49B77}
		{4D091BEB-A76B-E8AB-36FD-0A80BA9DE97D} = {644B7826-0417-C19E-B1ED-C0BF73289DEE}
		{630D0DC5-DAAF-3481-DE5A-A6EF4E73EFC8} = {644B7826-0417-C19E-B1ED-C0BF73289DEE}
		{05D1D42D-0DB4-525F-7E34-F2329DBC465C} = {644B7826-0417-C19E-B1ED-C0BF73289DEE}
		{A5149FCC-2057-884B-5B95-1D5192F56307} = {644B7826-0417-C19E-B1ED-C0BF73289DEE}
		{5AA1E141-2BA4-AE1D-0A80-DF79758C708C} = {644B7826-0417-C19E-B1ED-C0BF73289DEE}
		{A7FC9308-CD88-AEE8-5502-E73EC1734E6A} = {AC6A79C6-25A5-8535-37D4-DCE797519D55}
		{27923472-972E-6D68-B560-828A17172010} = {AC6A79C6-25A5-8535-37D4-DCE797519D55}
		{2AF8DADE-A5CD-AF60-3DB7-BE299FEFCB5B} = {AC6A79C6-25A5-8535-37D4-DCE797519D55}
		{9C7B350A-9DDF-763C-0B53-95A54F020942} = {AC6A79C6-25A5-8535-37D4-DCE797519D55}
		{193374CA-4401-C599-D4EB-9DC523EA0B2B} = {AC6A79C6-25A5-8535-37D4-DCE797519D55}
		{05E40A7B-BED7-BBB8-B22F-4EB90BC5344F} = {AC6A79C6-25A5-8535-37D4-DCE797519D55}
		{E8AE1B28-470B-767B-8190-D265D223B607} = {AC6A79C6-25A5-8535-37D4-DCE797519D55}
		{02E94AC8-EFD8-82A3-A7D7-2064AF16459B} = {AC6A79C6-25A5-8535-37D4-DCE797519D55}
		{D4119BAA-F49F-3F4D-EE8D-391C999B9D07} = {AC6A79C6-25A5-8535-37D4-DCE797519D55}
		{81A3498C-B9B9-C708-CA0F-68376BAE7CEB} = {AC6A79C6-25A5-8535-37D4-DCE797519D55}
	EndGlobalSection
EndGlobal
