
Microsoft Visual Studio Solution File, Format Version 10.00
# Visual Studio 2008
Project("{8BC9CEB8-8B4A-11D0-8D11-00A0C91BC942}") = "views", "ui\views\views.vcproj", "{395DEBE0-28C2-D690-7258-C31E5B9FE8C1}"
	ProjectSection(ProjectDependencies) = postProject
		{72859B3D-CA8A-7D62-97F7-CB05846775E5} = {72859B3D-CA8A-7D62-97F7-CB05846775E5}
		{087E909C-B04F-CE06-D713-115B3E138D4E} = {087E909C-B04F-CE06-D713-115B3E138D4E}
		{9F2033AE-94F0-173C-6F9C-47FA389DF2DC} = {9F2033AE-94F0-173C-6F9C-47FA389DF2DC}
		{68F763F0-D1C3-0F4A-C8F2-1B68FC84AF8E} = {68F763F0-D1C3-0F4A-C8F2-1B68FC84AF8E}
		{403801FC-08BB-6083-8800-EB45F45618BE} = {403801FC-08BB-6083-8800-EB45F45618BE}
	EndProjectSection
EndProject
Project("{8BC9CEB8-8B4A-11D0-8D11-00A0C91BC942}") = "base", "base\base.vcproj", "{403801FC-08BB-6083-8800-EB45F45618BE}"
	ProjectSection(ProjectDependencies) = postProject
		{87CE6C02-0686-2C40-1649-893099C0DAD9} = {87CE6C02-0686-2C40-1649-893099C0DAD9}
	EndProjectSection
EndProject
Project("{8BC9CEB8-8B4A-11D0-8D11-00A0C91BC942}") = "ui", "ui\ui.vcproj", "{FB057EA4-968A-5DF9-0A9C-1C2A50AB21E0}"
	ProjectSection(ProjectDependencies) = postProject
		{087E909C-B04F-CE06-D713-115B3E138D4E} = {087E909C-B04F-CE06-D713-115B3E138D4E}
		{9F2033AE-94F0-173C-6F9C-47FA389DF2DC} = {9F2033AE-94F0-173C-6F9C-47FA389DF2DC}
		{EBCE41C5-41C1-B9D1-62D9-4CC6F6C47EC0} = {EBCE41C5-41C1-B9D1-62D9-4CC6F6C47EC0}
		{395DEBE0-28C2-D690-7258-C31E5B9FE8C1} = {395DEBE0-28C2-D690-7258-C31E5B9FE8C1}
	EndProjectSection
EndProject
Project("{8BC9CEB8-8B4A-11D0-8D11-00A0C91BC942}") = "libpng", "third_party\libpng\libpng.vcproj", "{15542DDC-0EDB-FE36-550E-E783B534F2AE}"
EndProject
Project("{8BC9CEB8-8B4A-11D0-8D11-00A0C91BC942}") = "zlib", "third_party\zlib\zlib.vcproj", "{87CE6C02-0686-2C40-1649-893099C0DAD9}"
EndProject
Project("{8BC9CEB8-8B4A-11D0-8D11-00A0C91BC942}") = "skia", "skia\skia.vcproj", "{EBCE41C5-41C1-B9D1-62D9-4CC6F6C47EC0}"
	ProjectSection(ProjectDependencies) = postProject
		{15542DDC-0EDB-FE36-550E-E783B534F2AE} = {15542DDC-0EDB-FE36-550E-E783B534F2AE}
	EndProjectSection
EndProject
Project("{2150E333-8FDC-42A3-9474-1A3956D46DE8}") = "base", "base", "{A95D1D24-E790-4688-8B97-C0E8C828D91A}"
EndProject
Project("{8BC9CEB8-8B4A-11D0-8D11-00A0C91BC942}") = "compositor", "ui\compositor\compositor.vcproj", "{72859B3D-CA8A-7D62-97F7-CB05846775E5}"
EndProject
Project("{8BC9CEB8-8B4A-11D0-8D11-00A0C91BC942}") = "iaccessible2", "third_party\iaccessible2\iaccessible2.vcproj", "{68F763F0-D1C3-0F4A-C8F2-1B68FC84AF8E}"
EndProject
Project("{2150E333-8FDC-42A3-9474-1A3956D46DE8}") = "ui", "ui", "{4B04A01B-BE93-489C-922F-BFA859E3617F}"
EndProject
Project("{2150E333-8FDC-42A3-9474-1A3956D46DE8}") = "demo", "demo", "{4F37B962-CAD4-4586-979A-70C03468749E}"
EndProject
Project("{8BC9CEB8-8B4A-11D0-8D11-00A0C91BC942}") = "ui_resources", "ui\ui_resources.vcproj", "{9F2033AE-94F0-173C-6F9C-47FA389DF2DC}"
EndProject
Project("{8BC9CEB8-8B4A-11D0-8D11-00A0C91BC942}") = "ui_strings", "ui\base\strings\ui_strings.vcproj", "{087E909C-B04F-CE06-D713-115B3E138D4E}"
EndProject
Project("{8BC9CEB8-8B4A-11D0-8D11-00A0C91BC942}") = "libjpeg", "third_party\libjpeg_turbo\libjpeg.vcproj", "{AE72A541-8C9B-AD79-1221-E6CF3623C451}"
EndProject
Project("{8BC9CEB8-8B4A-11D0-8D11-00A0C91BC942}") = "views_examples_lib", "ui\views\views_examples_lib.vcproj", "{F312E693-44ED-AF96-A3EC-1812C7978B21}"
EndProject
Project("{8BC9CEB8-8B4A-11D0-8D11-00A0C91BC942}") = "icudata", "third_party\icu\icudata.vcproj", "{A62D13ED-9B88-9857-F10A-A057FC30CEFB}"
EndProject
Project("{8BC9CEB8-8B4A-11D0-8D11-00A0C91BC942}") = "icui18n", "third_party\icu\icui18n.vcproj", "{9D5EFBBC-C7A7-C777-EC56-085DB68B1A46}"
EndProject
Project("{8BC9CEB8-8B4A-11D0-8D11-00A0C91BC942}") = "icuuc", "third_party\icu\icuuc.vcproj", "{156F5B8C-6DC8-937D-EBE0-6B09DAFE8D23}"
EndProject
Project("{8BC9CEB8-8B4A-11D0-8D11-00A0C91BC942}") = "base_static", "base\base_static.vcproj", "{E4B8AF27-13B5-E84D-62F9-39ABC2CFD06C}"
EndProject
Project("{8BC9CEB8-8B4A-11D0-8D11-00A0C91BC942}") = "modp_b64", "third_party\modp_b64\modp_b64.vcproj", "{B5ED359D-71FC-0A27-3C89-D6C373D80D2F}"
EndProject
Project("{8BC9CEB8-8B4A-11D0-8D11-00A0C91BC942}") = "views_examples", "ui\views\views_examples.vcproj", "{30CFBA81-E016-814D-7830-C1605949961E}"
	ProjectSection(ProjectDependencies) = postProject
		{87CE6C02-0686-2C40-1649-893099C0DAD9} = {87CE6C02-0686-2C40-1649-893099C0DAD9}
		{E440F603-6BD7-5F0E-D08F-4AC4616686A7} = {E440F603-6BD7-5F0E-D08F-4AC4616686A7}
		{E4B8AF27-13B5-E84D-62F9-39ABC2CFD06C} = {E4B8AF27-13B5-E84D-62F9-39ABC2CFD06C}
		{72859B3D-CA8A-7D62-97F7-CB05846775E5} = {72859B3D-CA8A-7D62-97F7-CB05846775E5}
		{AE72A541-8C9B-AD79-1221-E6CF3623C451} = {AE72A541-8C9B-AD79-1221-E6CF3623C451}
		{D71E236B-3833-948F-4AE7-84028F0CF226} = {D71E236B-3833-948F-4AE7-84028F0CF226}
		{37BDDD7E-41E5-33EF-93F9-37937B92F879} = {37BDDD7E-41E5-33EF-93F9-37937B92F879}
		{156F5B8C-6DC8-937D-EBE0-6B09DAFE8D23} = {156F5B8C-6DC8-937D-EBE0-6B09DAFE8D23}
		{2106838F-44D2-3A4E-C257-44153474A9DA} = {2106838F-44D2-3A4E-C257-44153474A9DA}
		{F312E693-44ED-AF96-A3EC-1812C7978B21} = {F312E693-44ED-AF96-A3EC-1812C7978B21}
		{087E909C-B04F-CE06-D713-115B3E138D4E} = {087E909C-B04F-CE06-D713-115B3E138D4E}
		{B5ED359D-71FC-0A27-3C89-D6C373D80D2F} = {B5ED359D-71FC-0A27-3C89-D6C373D80D2F}
		{FB057EA4-968A-5DF9-0A9C-1C2A50AB21E0} = {FB057EA4-968A-5DF9-0A9C-1C2A50AB21E0}
		{9F2033AE-94F0-173C-6F9C-47FA389DF2DC} = {9F2033AE-94F0-173C-6F9C-47FA389DF2DC}
		{9D5EFBBC-C7A7-C777-EC56-085DB68B1A46} = {9D5EFBBC-C7A7-C777-EC56-085DB68B1A46}
		{EBCE41C5-41C1-B9D1-62D9-4CC6F6C47EC0} = {EBCE41C5-41C1-B9D1-62D9-4CC6F6C47EC0}
		{15542DDC-0EDB-FE36-550E-E783B534F2AE} = {15542DDC-0EDB-FE36-550E-E783B534F2AE}
		{395DEBE0-28C2-D690-7258-C31E5B9FE8C1} = {395DEBE0-28C2-D690-7258-C31E5B9FE8C1}
		{A62D13ED-9B88-9857-F10A-A057FC30CEFB} = {A62D13ED-9B88-9857-F10A-A057FC30CEFB}
		{68F763F0-D1C3-0F4A-C8F2-1B68FC84AF8E} = {68F763F0-D1C3-0F4A-C8F2-1B68FC84AF8E}
		{403801FC-08BB-6083-8800-EB45F45618BE} = {403801FC-08BB-6083-8800-EB45F45618BE}
		{0F37BCFD-35E8-3C5C-276C-E01A9BDF2E1A} = {0F37BCFD-35E8-3C5C-276C-E01A9BDF2E1A}
	EndProjectSection
EndProject
Project("{8BC9CEB8-8B4A-11D0-8D11-00A0C91BC942}") = "base_i18n", "base\base_i18n.vcproj", "{37BDDD7E-41E5-33EF-93F9-37937B92F879}"
EndProject
Project("{8BC9CEB8-8B4A-11D0-8D11-00A0C91BC942}") = "dynamic_annotations", "base\third_party\dynamic_annotations\dynamic_annotations.vcproj", "{D71E236B-3833-948F-4AE7-84028F0CF226}"
EndProject
Project("{8BC9CEB8-8B4A-11D0-8D11-00A0C91BC942}") = "skia_opts", "skia\skia_opts.vcproj", "{0F37BCFD-35E8-3C5C-276C-E01A9BDF2E1A}"
EndProject
Project("{8BC9CEB8-8B4A-11D0-8D11-00A0C91BC942}") = "skia_opts_ssse3", "skia\skia_opts_ssse3.vcproj", "{2106838F-44D2-3A4E-C257-44153474A9DA}"
EndProject
Project("{8BC9CEB8-8B4A-11D0-8D11-00A0C91BC942}") = "native_theme", "ui\native_theme\native_theme.vcproj", "{E440F603-6BD7-5F0E-D08F-4AC4616686A7}"
EndProject
Project("{2150E333-8FDC-42A3-9474-1A3956D46DE8}") = "third_pary", "third_pary", "{68E5E161-6891-46FB-BC51-2035C8348FCB}"
EndProject
Project("{8BC9CEB8-8B4A-11D0-8D11-00A0C91BC942}") = "base_widget", "example\base_widget\base_widget.vcproj", "{B10BCD9C-538C-4081-945A-579CEF5904BE}"
	ProjectSection(ProjectDependencies) = postProject
		{87CE6C02-0686-2C40-1649-893099C0DAD9} = {87CE6C02-0686-2C40-1649-893099C0DAD9}
		{E440F603-6BD7-5F0E-D08F-4AC4616686A7} = {E440F603-6BD7-5F0E-D08F-4AC4616686A7}
		{E4B8AF27-13B5-E84D-62F9-39ABC2CFD06C} = {E4B8AF27-13B5-E84D-62F9-39ABC2CFD06C}
		{72859B3D-CA8A-7D62-97F7-CB05846775E5} = {72859B3D-CA8A-7D62-97F7-CB05846775E5}
		{AE72A541-8C9B-AD79-1221-E6CF3623C451} = {AE72A541-8C9B-AD79-1221-E6CF3623C451}
		{6E40084D-93F5-485B-AC47-134A71FF494B} = {6E40084D-93F5-485B-AC47-134A71FF494B}
		{D71E236B-3833-948F-4AE7-84028F0CF226} = {D71E236B-3833-948F-4AE7-84028F0CF226}
		{37BDDD7E-41E5-33EF-93F9-37937B92F879} = {37BDDD7E-41E5-33EF-93F9-37937B92F879}
		{156F5B8C-6DC8-937D-EBE0-6B09DAFE8D23} = {156F5B8C-6DC8-937D-EBE0-6B09DAFE8D23}
		{2106838F-44D2-3A4E-C257-44153474A9DA} = {2106838F-44D2-3A4E-C257-44153474A9DA}
		{087E909C-B04F-CE06-D713-115B3E138D4E} = {087E909C-B04F-CE06-D713-115B3E138D4E}
		{B5ED359D-71FC-0A27-3C89-D6C373D80D2F} = {B5ED359D-71FC-0A27-3C89-D6C373D80D2F}
		{FB057EA4-968A-5DF9-0A9C-1C2A50AB21E0} = {FB057EA4-968A-5DF9-0A9C-1C2A50AB21E0}
		{9F2033AE-94F0-173C-6F9C-47FA389DF2DC} = {9F2033AE-94F0-173C-6F9C-47FA389DF2DC}
		{031BD6B0-6B9F-47ED-9EE9-3B0E7DB0A0D0} = {031BD6B0-6B9F-47ED-9EE9-3B0E7DB0A0D0}
		{9D5EFBBC-C7A7-C777-EC56-085DB68B1A46} = {9D5EFBBC-C7A7-C777-EC56-085DB68B1A46}
		{EBCE41C5-41C1-B9D1-62D9-4CC6F6C47EC0} = {EBCE41C5-41C1-B9D1-62D9-4CC6F6C47EC0}
		{15542DDC-0EDB-FE36-550E-E783B534F2AE} = {15542DDC-0EDB-FE36-550E-E783B534F2AE}
		{395DEBE0-28C2-D690-7258-C31E5B9FE8C1} = {395DEBE0-28C2-D690-7258-C31E5B9FE8C1}
		{A62D13ED-9B88-9857-F10A-A057FC30CEFB} = {A62D13ED-9B88-9857-F10A-A057FC30CEFB}
		{68F763F0-D1C3-0F4A-C8F2-1B68FC84AF8E} = {68F763F0-D1C3-0F4A-C8F2-1B68FC84AF8E}
		{403801FC-08BB-6083-8800-EB45F45618BE} = {403801FC-08BB-6083-8800-EB45F45618BE}
		{0F37BCFD-35E8-3C5C-276C-E01A9BDF2E1A} = {0F37BCFD-35E8-3C5C-276C-E01A9BDF2E1A}
	EndProjectSection
EndProject
Project("{8BC9CEB8-8B4A-11D0-8D11-00A0C91BC942}") = "activex_widget", "example\activex_widget\activex_widget.vcproj", "{031BD6B0-6B9F-47ED-9EE9-3B0E7DB0A0D0}"
	ProjectSection(ProjectDependencies) = postProject
		{87CE6C02-0686-2C40-1649-893099C0DAD9} = {87CE6C02-0686-2C40-1649-893099C0DAD9}
		{E440F603-6BD7-5F0E-D08F-4AC4616686A7} = {E440F603-6BD7-5F0E-D08F-4AC4616686A7}
		{E4B8AF27-13B5-E84D-62F9-39ABC2CFD06C} = {E4B8AF27-13B5-E84D-62F9-39ABC2CFD06C}
		{72859B3D-CA8A-7D62-97F7-CB05846775E5} = {72859B3D-CA8A-7D62-97F7-CB05846775E5}
		{AE72A541-8C9B-AD79-1221-E6CF3623C451} = {AE72A541-8C9B-AD79-1221-E6CF3623C451}
		{6E40084D-93F5-485B-AC47-134A71FF494B} = {6E40084D-93F5-485B-AC47-134A71FF494B}
		{D71E236B-3833-948F-4AE7-84028F0CF226} = {D71E236B-3833-948F-4AE7-84028F0CF226}
		{37BDDD7E-41E5-33EF-93F9-37937B92F879} = {37BDDD7E-41E5-33EF-93F9-37937B92F879}
		{156F5B8C-6DC8-937D-EBE0-6B09DAFE8D23} = {156F5B8C-6DC8-937D-EBE0-6B09DAFE8D23}
		{2106838F-44D2-3A4E-C257-44153474A9DA} = {2106838F-44D2-3A4E-C257-44153474A9DA}
		{087E909C-B04F-CE06-D713-115B3E138D4E} = {087E909C-B04F-CE06-D713-115B3E138D4E}
		{B5ED359D-71FC-0A27-3C89-D6C373D80D2F} = {B5ED359D-71FC-0A27-3C89-D6C373D80D2F}
		{FB057EA4-968A-5DF9-0A9C-1C2A50AB21E0} = {FB057EA4-968A-5DF9-0A9C-1C2A50AB21E0}
		{9F2033AE-94F0-173C-6F9C-47FA389DF2DC} = {9F2033AE-94F0-173C-6F9C-47FA389DF2DC}
		{9D5EFBBC-C7A7-C777-EC56-085DB68B1A46} = {9D5EFBBC-C7A7-C777-EC56-085DB68B1A46}
		{EBCE41C5-41C1-B9D1-62D9-4CC6F6C47EC0} = {EBCE41C5-41C1-B9D1-62D9-4CC6F6C47EC0}
		{15542DDC-0EDB-FE36-550E-E783B534F2AE} = {15542DDC-0EDB-FE36-550E-E783B534F2AE}
		{395DEBE0-28C2-D690-7258-C31E5B9FE8C1} = {395DEBE0-28C2-D690-7258-C31E5B9FE8C1}
		{A62D13ED-9B88-9857-F10A-A057FC30CEFB} = {A62D13ED-9B88-9857-F10A-A057FC30CEFB}
		{68F763F0-D1C3-0F4A-C8F2-1B68FC84AF8E} = {68F763F0-D1C3-0F4A-C8F2-1B68FC84AF8E}
		{403801FC-08BB-6083-8800-EB45F45618BE} = {403801FC-08BB-6083-8800-EB45F45618BE}
		{0F37BCFD-35E8-3C5C-276C-E01A9BDF2E1A} = {0F37BCFD-35E8-3C5C-276C-E01A9BDF2E1A}
	EndProjectSection
EndProject
Project("{8BC9CEB8-8B4A-11D0-8D11-00A0C91BC942}") = "native_controls", "native_controls\native_controls.vcproj", "{6E40084D-93F5-485B-AC47-134A71FF494B}"
EndProject
Global
	GlobalSection(SolutionConfigurationPlatforms) = preSolution
		Debug|Win32 = Debug|Win32
		Release|Win32 = Release|Win32
	EndGlobalSection
	GlobalSection(ProjectConfigurationPlatforms) = postSolution
		{395DEBE0-28C2-D690-7258-C31E5B9FE8C1}.Debug|Win32.ActiveCfg = Debug|Win32
		{395DEBE0-28C2-D690-7258-C31E5B9FE8C1}.Debug|Win32.Build.0 = Debug|Win32
		{395DEBE0-28C2-D690-7258-C31E5B9FE8C1}.Release|Win32.ActiveCfg = Release|Win32
		{395DEBE0-28C2-D690-7258-C31E5B9FE8C1}.Release|Win32.Build.0 = Release|Win32
		{403801FC-08BB-6083-8800-EB45F45618BE}.Debug|Win32.ActiveCfg = Debug|Win32
		{403801FC-08BB-6083-8800-EB45F45618BE}.Debug|Win32.Build.0 = Debug|Win32
		{403801FC-08BB-6083-8800-EB45F45618BE}.Release|Win32.ActiveCfg = Release|Win32
		{403801FC-08BB-6083-8800-EB45F45618BE}.Release|Win32.Build.0 = Release|Win32
		{FB057EA4-968A-5DF9-0A9C-1C2A50AB21E0}.Debug|Win32.ActiveCfg = Debug|Win32
		{FB057EA4-968A-5DF9-0A9C-1C2A50AB21E0}.Debug|Win32.Build.0 = Debug|Win32
		{FB057EA4-968A-5DF9-0A9C-1C2A50AB21E0}.Release|Win32.ActiveCfg = Release|Win32
		{FB057EA4-968A-5DF9-0A9C-1C2A50AB21E0}.Release|Win32.Build.0 = Release|Win32
		{15542DDC-0EDB-FE36-550E-E783B534F2AE}.Debug|Win32.ActiveCfg = Debug|Win32
		{15542DDC-0EDB-FE36-550E-E783B534F2AE}.Debug|Win32.Build.0 = Debug|Win32
		{15542DDC-0EDB-FE36-550E-E783B534F2AE}.Release|Win32.ActiveCfg = Release|Win32
		{15542DDC-0EDB-FE36-550E-E783B534F2AE}.Release|Win32.Build.0 = Release|Win32
		{87CE6C02-0686-2C40-1649-893099C0DAD9}.Debug|Win32.ActiveCfg = Debug|Win32
		{87CE6C02-0686-2C40-1649-893099C0DAD9}.Debug|Win32.Build.0 = Debug|Win32
		{87CE6C02-0686-2C40-1649-893099C0DAD9}.Release|Win32.ActiveCfg = Release|Win32
		{87CE6C02-0686-2C40-1649-893099C0DAD9}.Release|Win32.Build.0 = Release|Win32
		{EBCE41C5-41C1-B9D1-62D9-4CC6F6C47EC0}.Debug|Win32.ActiveCfg = Debug|Win32
		{EBCE41C5-41C1-B9D1-62D9-4CC6F6C47EC0}.Debug|Win32.Build.0 = Debug|Win32
		{EBCE41C5-41C1-B9D1-62D9-4CC6F6C47EC0}.Release|Win32.ActiveCfg = Release|Win32
		{EBCE41C5-41C1-B9D1-62D9-4CC6F6C47EC0}.Release|Win32.Build.0 = Release|Win32
		{72859B3D-CA8A-7D62-97F7-CB05846775E5}.Debug|Win32.ActiveCfg = Debug|Win32
		{72859B3D-CA8A-7D62-97F7-CB05846775E5}.Debug|Win32.Build.0 = Debug|Win32
		{72859B3D-CA8A-7D62-97F7-CB05846775E5}.Release|Win32.ActiveCfg = Release|Win32
		{72859B3D-CA8A-7D62-97F7-CB05846775E5}.Release|Win32.Build.0 = Release|Win32
		{68F763F0-D1C3-0F4A-C8F2-1B68FC84AF8E}.Debug|Win32.ActiveCfg = Debug|Win32
		{68F763F0-D1C3-0F4A-C8F2-1B68FC84AF8E}.Debug|Win32.Build.0 = Debug|Win32
		{68F763F0-D1C3-0F4A-C8F2-1B68FC84AF8E}.Release|Win32.ActiveCfg = Release|Win32
		{68F763F0-D1C3-0F4A-C8F2-1B68FC84AF8E}.Release|Win32.Build.0 = Release|Win32
		{9F2033AE-94F0-173C-6F9C-47FA389DF2DC}.Debug|Win32.ActiveCfg = Debug|Win32
		{9F2033AE-94F0-173C-6F9C-47FA389DF2DC}.Debug|Win32.Build.0 = Debug|Win32
		{9F2033AE-94F0-173C-6F9C-47FA389DF2DC}.Release|Win32.ActiveCfg = Release|Win32
		{9F2033AE-94F0-173C-6F9C-47FA389DF2DC}.Release|Win32.Build.0 = Release|Win32
		{087E909C-B04F-CE06-D713-115B3E138D4E}.Debug|Win32.ActiveCfg = Debug|Win32
		{087E909C-B04F-CE06-D713-115B3E138D4E}.Debug|Win32.Build.0 = Debug|Win32
		{087E909C-B04F-CE06-D713-115B3E138D4E}.Release|Win32.ActiveCfg = Release|Win32
		{087E909C-B04F-CE06-D713-115B3E138D4E}.Release|Win32.Build.0 = Release|Win32
		{AE72A541-8C9B-AD79-1221-E6CF3623C451}.Debug|Win32.ActiveCfg = Debug|Win32
		{AE72A541-8C9B-AD79-1221-E6CF3623C451}.Debug|Win32.Build.0 = Debug|Win32
		{AE72A541-8C9B-AD79-1221-E6CF3623C451}.Release|Win32.ActiveCfg = Release|Win32
		{AE72A541-8C9B-AD79-1221-E6CF3623C451}.Release|Win32.Build.0 = Release|Win32
		{F312E693-44ED-AF96-A3EC-1812C7978B21}.Debug|Win32.ActiveCfg = Debug|Win32
		{F312E693-44ED-AF96-A3EC-1812C7978B21}.Debug|Win32.Build.0 = Debug|Win32
		{F312E693-44ED-AF96-A3EC-1812C7978B21}.Release|Win32.ActiveCfg = Release|Win32
		{F312E693-44ED-AF96-A3EC-1812C7978B21}.Release|Win32.Build.0 = Release|Win32
		{A62D13ED-9B88-9857-F10A-A057FC30CEFB}.Debug|Win32.ActiveCfg = Debug|Win32
		{A62D13ED-9B88-9857-F10A-A057FC30CEFB}.Debug|Win32.Build.0 = Debug|Win32
		{A62D13ED-9B88-9857-F10A-A057FC30CEFB}.Release|Win32.ActiveCfg = Release|Win32
		{A62D13ED-9B88-9857-F10A-A057FC30CEFB}.Release|Win32.Build.0 = Release|Win32
		{9D5EFBBC-C7A7-C777-EC56-085DB68B1A46}.Debug|Win32.ActiveCfg = Debug|Win32
		{9D5EFBBC-C7A7-C777-EC56-085DB68B1A46}.Debug|Win32.Build.0 = Debug|Win32
		{9D5EFBBC-C7A7-C777-EC56-085DB68B1A46}.Release|Win32.ActiveCfg = Release|Win32
		{9D5EFBBC-C7A7-C777-EC56-085DB68B1A46}.Release|Win32.Build.0 = Release|Win32
		{156F5B8C-6DC8-937D-EBE0-6B09DAFE8D23}.Debug|Win32.ActiveCfg = Debug|Win32
		{156F5B8C-6DC8-937D-EBE0-6B09DAFE8D23}.Debug|Win32.Build.0 = Debug|Win32
		{156F5B8C-6DC8-937D-EBE0-6B09DAFE8D23}.Release|Win32.ActiveCfg = Release|Win32
		{156F5B8C-6DC8-937D-EBE0-6B09DAFE8D23}.Release|Win32.Build.0 = Release|Win32
		{E4B8AF27-13B5-E84D-62F9-39ABC2CFD06C}.Debug|Win32.ActiveCfg = Debug|Win32
		{E4B8AF27-13B5-E84D-62F9-39ABC2CFD06C}.Debug|Win32.Build.0 = Debug|Win32
		{E4B8AF27-13B5-E84D-62F9-39ABC2CFD06C}.Release|Win32.ActiveCfg = Release|Win32
		{E4B8AF27-13B5-E84D-62F9-39ABC2CFD06C}.Release|Win32.Build.0 = Release|Win32
		{B5ED359D-71FC-0A27-3C89-D6C373D80D2F}.Debug|Win32.ActiveCfg = Debug|Win32
		{B5ED359D-71FC-0A27-3C89-D6C373D80D2F}.Debug|Win32.Build.0 = Debug|Win32
		{B5ED359D-71FC-0A27-3C89-D6C373D80D2F}.Release|Win32.ActiveCfg = Release|Win32
		{B5ED359D-71FC-0A27-3C89-D6C373D80D2F}.Release|Win32.Build.0 = Release|Win32
		{30CFBA81-E016-814D-7830-C1605949961E}.Debug|Win32.ActiveCfg = Debug|Win32
		{30CFBA81-E016-814D-7830-C1605949961E}.Debug|Win32.Build.0 = Debug|Win32
		{30CFBA81-E016-814D-7830-C1605949961E}.Release|Win32.ActiveCfg = Release|Win32
		{30CFBA81-E016-814D-7830-C1605949961E}.Release|Win32.Build.0 = Release|Win32
		{37BDDD7E-41E5-33EF-93F9-37937B92F879}.Debug|Win32.ActiveCfg = Debug|Win32
		{37BDDD7E-41E5-33EF-93F9-37937B92F879}.Debug|Win32.Build.0 = Debug|Win32
		{37BDDD7E-41E5-33EF-93F9-37937B92F879}.Release|Win32.ActiveCfg = Release|Win32
		{37BDDD7E-41E5-33EF-93F9-37937B92F879}.Release|Win32.Build.0 = Release|Win32
		{D71E236B-3833-948F-4AE7-84028F0CF226}.Debug|Win32.ActiveCfg = Debug|Win32
		{D71E236B-3833-948F-4AE7-84028F0CF226}.Debug|Win32.Build.0 = Debug|Win32
		{D71E236B-3833-948F-4AE7-84028F0CF226}.Release|Win32.ActiveCfg = Release|Win32
		{D71E236B-3833-948F-4AE7-84028F0CF226}.Release|Win32.Build.0 = Release|Win32
		{0F37BCFD-35E8-3C5C-276C-E01A9BDF2E1A}.Debug|Win32.ActiveCfg = Debug|Win32
		{0F37BCFD-35E8-3C5C-276C-E01A9BDF2E1A}.Debug|Win32.Build.0 = Debug|Win32
		{0F37BCFD-35E8-3C5C-276C-E01A9BDF2E1A}.Release|Win32.ActiveCfg = Release|Win32
		{0F37BCFD-35E8-3C5C-276C-E01A9BDF2E1A}.Release|Win32.Build.0 = Release|Win32
		{2106838F-44D2-3A4E-C257-44153474A9DA}.Debug|Win32.ActiveCfg = Debug|Win32
		{2106838F-44D2-3A4E-C257-44153474A9DA}.Debug|Win32.Build.0 = Debug|Win32
		{2106838F-44D2-3A4E-C257-44153474A9DA}.Release|Win32.ActiveCfg = Release|Win32
		{2106838F-44D2-3A4E-C257-44153474A9DA}.Release|Win32.Build.0 = Release|Win32
		{E440F603-6BD7-5F0E-D08F-4AC4616686A7}.Debug|Win32.ActiveCfg = Debug|Win32
		{E440F603-6BD7-5F0E-D08F-4AC4616686A7}.Debug|Win32.Build.0 = Debug|Win32
		{E440F603-6BD7-5F0E-D08F-4AC4616686A7}.Release|Win32.ActiveCfg = Release|Win32
		{E440F603-6BD7-5F0E-D08F-4AC4616686A7}.Release|Win32.Build.0 = Release|Win32
		{B10BCD9C-538C-4081-945A-579CEF5904BE}.Debug|Win32.ActiveCfg = Debug|Win32
		{B10BCD9C-538C-4081-945A-579CEF5904BE}.Debug|Win32.Build.0 = Debug|Win32
		{B10BCD9C-538C-4081-945A-579CEF5904BE}.Release|Win32.ActiveCfg = Release|Win32
		{B10BCD9C-538C-4081-945A-579CEF5904BE}.Release|Win32.Build.0 = Release|Win32
		{031BD6B0-6B9F-47ED-9EE9-3B0E7DB0A0D0}.Debug|Win32.ActiveCfg = Debug|Win32
		{031BD6B0-6B9F-47ED-9EE9-3B0E7DB0A0D0}.Debug|Win32.Build.0 = Debug|Win32
		{031BD6B0-6B9F-47ED-9EE9-3B0E7DB0A0D0}.Release|Win32.ActiveCfg = Release|Win32
		{031BD6B0-6B9F-47ED-9EE9-3B0E7DB0A0D0}.Release|Win32.Build.0 = Release|Win32
		{6E40084D-93F5-485B-AC47-134A71FF494B}.Debug|Win32.ActiveCfg = Debug|Win32
		{6E40084D-93F5-485B-AC47-134A71FF494B}.Debug|Win32.Build.0 = Debug|Win32
		{6E40084D-93F5-485B-AC47-134A71FF494B}.Release|Win32.ActiveCfg = Release|Win32
		{6E40084D-93F5-485B-AC47-134A71FF494B}.Release|Win32.Build.0 = Release|Win32
	EndGlobalSection
	GlobalSection(SolutionProperties) = preSolution
		HideSolutionNode = FALSE
	EndGlobalSection
	GlobalSection(NestedProjects) = preSolution
		{FB057EA4-968A-5DF9-0A9C-1C2A50AB21E0} = {4B04A01B-BE93-489C-922F-BFA859E3617F}
		{72859B3D-CA8A-7D62-97F7-CB05846775E5} = {4B04A01B-BE93-489C-922F-BFA859E3617F}
		{395DEBE0-28C2-D690-7258-C31E5B9FE8C1} = {4B04A01B-BE93-489C-922F-BFA859E3617F}
		{9F2033AE-94F0-173C-6F9C-47FA389DF2DC} = {4B04A01B-BE93-489C-922F-BFA859E3617F}
		{087E909C-B04F-CE06-D713-115B3E138D4E} = {4B04A01B-BE93-489C-922F-BFA859E3617F}
		{E440F603-6BD7-5F0E-D08F-4AC4616686A7} = {4B04A01B-BE93-489C-922F-BFA859E3617F}
		{6E40084D-93F5-485B-AC47-134A71FF494B} = {4B04A01B-BE93-489C-922F-BFA859E3617F}
		{EBCE41C5-41C1-B9D1-62D9-4CC6F6C47EC0} = {A95D1D24-E790-4688-8B97-C0E8C828D91A}
		{403801FC-08BB-6083-8800-EB45F45618BE} = {A95D1D24-E790-4688-8B97-C0E8C828D91A}
		{E4B8AF27-13B5-E84D-62F9-39ABC2CFD06C} = {A95D1D24-E790-4688-8B97-C0E8C828D91A}
		{37BDDD7E-41E5-33EF-93F9-37937B92F879} = {A95D1D24-E790-4688-8B97-C0E8C828D91A}
		{D71E236B-3833-948F-4AE7-84028F0CF226} = {A95D1D24-E790-4688-8B97-C0E8C828D91A}
		{0F37BCFD-35E8-3C5C-276C-E01A9BDF2E1A} = {A95D1D24-E790-4688-8B97-C0E8C828D91A}
		{2106838F-44D2-3A4E-C257-44153474A9DA} = {A95D1D24-E790-4688-8B97-C0E8C828D91A}
		{87CE6C02-0686-2C40-1649-893099C0DAD9} = {68E5E161-6891-46FB-BC51-2035C8348FCB}
		{68F763F0-D1C3-0F4A-C8F2-1B68FC84AF8E} = {68E5E161-6891-46FB-BC51-2035C8348FCB}
		{AE72A541-8C9B-AD79-1221-E6CF3623C451} = {68E5E161-6891-46FB-BC51-2035C8348FCB}
		{A62D13ED-9B88-9857-F10A-A057FC30CEFB} = {68E5E161-6891-46FB-BC51-2035C8348FCB}
		{9D5EFBBC-C7A7-C777-EC56-085DB68B1A46} = {68E5E161-6891-46FB-BC51-2035C8348FCB}
		{156F5B8C-6DC8-937D-EBE0-6B09DAFE8D23} = {68E5E161-6891-46FB-BC51-2035C8348FCB}
		{B5ED359D-71FC-0A27-3C89-D6C373D80D2F} = {68E5E161-6891-46FB-BC51-2035C8348FCB}
		{15542DDC-0EDB-FE36-550E-E783B534F2AE} = {68E5E161-6891-46FB-BC51-2035C8348FCB}
		{F312E693-44ED-AF96-A3EC-1812C7978B21} = {4F37B962-CAD4-4586-979A-70C03468749E}
		{30CFBA81-E016-814D-7830-C1605949961E} = {4F37B962-CAD4-4586-979A-70C03468749E}
		{B10BCD9C-538C-4081-945A-579CEF5904BE} = {4F37B962-CAD4-4586-979A-70C03468749E}
		{031BD6B0-6B9F-47ED-9EE9-3B0E7DB0A0D0} = {4F37B962-CAD4-4586-979A-70C03468749E}
	EndGlobalSection
EndGlobal
