Microsoft Visual Studio Solution File, Format Version 12.00
# Visual Studio 2012
Project("{2150E333-8FDC-42A3-9474-1A3956D46DE8}") = "(allocator)", "..\..\..\base\allocator", "{6478B9F3-4858-63F4-35F4-98A303E305F3}"
EndProject
Project("{2150E333-8FDC-42A3-9474-1A3956D46DE8}") = "(base)", "..\..\..\base", "{9785FB75-982A-5DE3-252D-3F288B9FEF5B}"
EndProject
Project("{2150E333-8FDC-42A3-9474-1A3956D46DE8}") = "(testing)", "..\..\..\testing", "{EAC80D00-01D2-3F49-A377-20B7154947F3}"
EndProject
Project("{2150E333-8FDC-42A3-9474-1A3956D46DE8}") = "(third_party)", "..\..\..\base\third_party", "{3E7FA5AF-27B3-2DE0-883C-12F98E7F4E81}"
EndProject
Project("{2150E333-8FDC-42A3-9474-1A3956D46DE8}") = "(third_party)", "..\..\..\third_party", "{89C816A7-DD31-D54C-C69C-5A80E0C49B77}"
EndProject
Project("{8BC9CEB8-8B4A-11D0-8D11-00A0C91BC942}") = "allocator", "allocator.vcxproj", "{DB5847EB-E5E3-FC4A-7047-69A0DA5E0D38}"
	ProjectSection(ProjectDependencies) = postProject
		{32726743-E760-3022-A368-5FD7493458F0} = {32726743-E760-3022-A368-5FD7493458F0}
	EndProjectSection
EndProject
Project("{8BC9CEB8-8B4A-11D0-8D11-00A0C91BC942}") = "allocator_extension_thunks", "allocator_extension_thunks.vcxproj", "{DA713A29-48FF-AD84-75ED-D279B989837D}"
EndProject
Project("{8BC9CEB8-8B4A-11D0-8D11-00A0C91BC942}") = "allocator_extension_thunks_win64", "allocator_extension_thunks_win64.vcxproj", "{D8360980-C9D3-B9D6-4CC7-AD5E0FBA8854}"
EndProject
Project("{8BC9CEB8-8B4A-11D0-8D11-00A0C91BC942}") = "allocator_unittests", "allocator_unittests.vcxproj", "{79B2592A-13F5-A93A-C651-760A287D176F}"
	ProjectSection(ProjectDependencies) = postProject
		{DB5847EB-E5E3-FC4A-7047-69A0DA5E0D38} = {DB5847EB-E5E3-FC4A-7047-69A0DA5E0D38}
		{DA713A29-48FF-AD84-75ED-D279B989837D} = {DA713A29-48FF-AD84-75ED-D279B989837D}
		{2A9A7E67-59FA-DECD-1E43-E30505F2ADAA} = {2A9A7E67-59FA-DECD-1E43-E30505F2ADAA}
		{C0A333FB-D512-2854-A7C1-179E76FC1E04} = {C0A333FB-D512-2854-A7C1-179E76FC1E04}
		{32726743-E760-3022-A368-5FD7493458F0} = {32726743-E760-3022-A368-5FD7493458F0}
		{3CF939D9-AF79-E950-D740-3EAD990C3F77} = {3CF939D9-AF79-E950-D740-3EAD990C3F77}
	EndProjectSection
EndProject
Project("{8BC9CEB8-8B4A-11D0-8D11-00A0C91BC942}") = "base", "..\base.vcxproj", "{D50FBFB5-CA65-06D3-2847-DDD78B0B9145}"
	ProjectSection(ProjectDependencies) = postProject
		{3CF939D9-AF79-E950-D740-3EAD990C3F77} = {3CF939D9-AF79-E950-D740-3EAD990C3F77}
	EndProjectSection
EndProject
Project("{8BC9CEB8-8B4A-11D0-8D11-00A0C91BC942}") = "base_static", "..\base_static.vcxproj", "{D99D7675-157E-60F5-78D5-F1048E057426}"
EndProject
Project("{8BC9CEB8-8B4A-11D0-8D11-00A0C91BC942}") = "dynamic_annotations", "..\third_party\dynamic_annotations\dynamic_annotations.vcxproj", "{C0A333FB-D512-2854-A7C1-179E76FC1E04}"
EndProject
Project("{8BC9CEB8-8B4A-11D0-8D11-00A0C91BC942}") = "gtest", "..\..\testing\gtest.vcxproj", "{2A9A7E67-59FA-DECD-1E43-E30505F2ADAA}"
	ProjectSection(ProjectDependencies) = postProject
		{3CF939D9-AF79-E950-D740-3EAD990C3F77} = {3CF939D9-AF79-E950-D740-3EAD990C3F77}
	EndProjectSection
EndProject
Project("{8BC9CEB8-8B4A-11D0-8D11-00A0C91BC942}") = "gtest_prod", "..\..\testing\gtest_prod.vcxproj", "{3CF939D9-AF79-E950-D740-3EAD990C3F77}"
EndProject
Project("{8BC9CEB8-8B4A-11D0-8D11-00A0C91BC942}") = "libcmt", "libcmt.vcxproj", "{32726743-E760-3022-A368-5FD7493458F0}"
EndProject
Project("{8BC9CEB8-8B4A-11D0-8D11-00A0C91BC942}") = "modp_b64", "..\..\third_party\modp_b64\modp_b64.vcxproj", "{13F6B6CC-FB5B-9F86-3A2A-B7467E848E5E}"
EndProject
Project("{8BC9CEB8-8B4A-11D0-8D11-00A0C91BC942}") = "tcmalloc_unittest", "tcmalloc_unittest.vcxproj", "{E1773E2F-9E16-41AF-3CD9-8FDEE0AC17CA}"
	ProjectSection(ProjectDependencies) = postProject
		{2A9A7E67-59FA-DECD-1E43-E30505F2ADAA} = {2A9A7E67-59FA-DECD-1E43-E30505F2ADAA}
		{D50FBFB5-CA65-06D3-2847-DDD78B0B9145} = {D50FBFB5-CA65-06D3-2847-DDD78B0B9145}
		{DB5847EB-E5E3-FC4A-7047-69A0DA5E0D38} = {DB5847EB-E5E3-FC4A-7047-69A0DA5E0D38}
		{3CF939D9-AF79-E950-D740-3EAD990C3F77} = {3CF939D9-AF79-E950-D740-3EAD990C3F77}
		{D99D7675-157E-60F5-78D5-F1048E057426} = {D99D7675-157E-60F5-78D5-F1048E057426}
		{DA713A29-48FF-AD84-75ED-D279B989837D} = {DA713A29-48FF-AD84-75ED-D279B989837D}
		{13F6B6CC-FB5B-9F86-3A2A-B7467E848E5E} = {13F6B6CC-FB5B-9F86-3A2A-B7467E848E5E}
		{C0A333FB-D512-2854-A7C1-179E76FC1E04} = {C0A333FB-D512-2854-A7C1-179E76FC1E04}
		{32726743-E760-3022-A368-5FD7493458F0} = {32726743-E760-3022-A368-5FD7493458F0}
	EndProjectSection
EndProject
Global
	GlobalSection(SolutionConfigurationPlatforms) = preSolution
		Release|x64 = Release|x64
		Debug|Win32 = Debug|Win32
		Debug|x64 = Debug|x64
		Release|Win32 = Release|Win32
	EndGlobalSection
	GlobalSection(ProjectConfigurationPlatforms) = postSolution
		{13F6B6CC-FB5B-9F86-3A2A-B7467E848E5E}.Release|x64.ActiveCfg = Release|x64
		{13F6B6CC-FB5B-9F86-3A2A-B7467E848E5E}.Release|x64.Build.0 = Release|x64
		{13F6B6CC-FB5B-9F86-3A2A-B7467E848E5E}.Debug|Win32.ActiveCfg = Debug|Win32
		{13F6B6CC-FB5B-9F86-3A2A-B7467E848E5E}.Debug|Win32.Build.0 = Debug|Win32
		{13F6B6CC-FB5B-9F86-3A2A-B7467E848E5E}.Debug|x64.ActiveCfg = Debug|x64
		{13F6B6CC-FB5B-9F86-3A2A-B7467E848E5E}.Debug|x64.Build.0 = Debug|x64
		{13F6B6CC-FB5B-9F86-3A2A-B7467E848E5E}.Release|Win32.ActiveCfg = Release|Win32
		{13F6B6CC-FB5B-9F86-3A2A-B7467E848E5E}.Release|Win32.Build.0 = Release|Win32
		{2A9A7E67-59FA-DECD-1E43-E30505F2ADAA}.Release|x64.ActiveCfg = Release|x64
		{2A9A7E67-59FA-DECD-1E43-E30505F2ADAA}.Release|x64.Build.0 = Release|x64
		{2A9A7E67-59FA-DECD-1E43-E30505F2ADAA}.Debug|Win32.ActiveCfg = Debug|Win32
		{2A9A7E67-59FA-DECD-1E43-E30505F2ADAA}.Debug|Win32.Build.0 = Debug|Win32
		{2A9A7E67-59FA-DECD-1E43-E30505F2ADAA}.Debug|x64.ActiveCfg = Debug|x64
		{2A9A7E67-59FA-DECD-1E43-E30505F2ADAA}.Debug|x64.Build.0 = Debug|x64
		{2A9A7E67-59FA-DECD-1E43-E30505F2ADAA}.Release|Win32.ActiveCfg = Release|Win32
		{2A9A7E67-59FA-DECD-1E43-E30505F2ADAA}.Release|Win32.Build.0 = Release|Win32
		{32726743-E760-3022-A368-5FD7493458F0}.Release|x64.ActiveCfg = Release|x64
		{32726743-E760-3022-A368-5FD7493458F0}.Release|x64.Build.0 = Release|x64
		{32726743-E760-3022-A368-5FD7493458F0}.Debug|Win32.ActiveCfg = Debug|Win32
		{32726743-E760-3022-A368-5FD7493458F0}.Debug|Win32.Build.0 = Debug|Win32
		{32726743-E760-3022-A368-5FD7493458F0}.Debug|x64.ActiveCfg = Debug|x64
		{32726743-E760-3022-A368-5FD7493458F0}.Debug|x64.Build.0 = Debug|x64
		{32726743-E760-3022-A368-5FD7493458F0}.Release|Win32.ActiveCfg = Release|Win32
		{32726743-E760-3022-A368-5FD7493458F0}.Release|Win32.Build.0 = Release|Win32
		{3CF939D9-AF79-E950-D740-3EAD990C3F77}.Release|x64.ActiveCfg = Release|x64
		{3CF939D9-AF79-E950-D740-3EAD990C3F77}.Release|x64.Build.0 = Release|x64
		{3CF939D9-AF79-E950-D740-3EAD990C3F77}.Debug|Win32.ActiveCfg = Debug|Win32
		{3CF939D9-AF79-E950-D740-3EAD990C3F77}.Debug|Win32.Build.0 = Debug|Win32
		{3CF939D9-AF79-E950-D740-3EAD990C3F77}.Debug|x64.ActiveCfg = Debug|x64
		{3CF939D9-AF79-E950-D740-3EAD990C3F77}.Debug|x64.Build.0 = Debug|x64
		{3CF939D9-AF79-E950-D740-3EAD990C3F77}.Release|Win32.ActiveCfg = Release|Win32
		{3CF939D9-AF79-E950-D740-3EAD990C3F77}.Release|Win32.Build.0 = Release|Win32
		{79B2592A-13F5-A93A-C651-760A287D176F}.Release|x64.ActiveCfg = Release|x64
		{79B2592A-13F5-A93A-C651-760A287D176F}.Release|x64.Build.0 = Release|x64
		{79B2592A-13F5-A93A-C651-760A287D176F}.Debug|Win32.ActiveCfg = Debug|Win32
		{79B2592A-13F5-A93A-C651-760A287D176F}.Debug|Win32.Build.0 = Debug|Win32
		{79B2592A-13F5-A93A-C651-760A287D176F}.Debug|x64.ActiveCfg = Debug|x64
		{79B2592A-13F5-A93A-C651-760A287D176F}.Debug|x64.Build.0 = Debug|x64
		{79B2592A-13F5-A93A-C651-760A287D176F}.Release|Win32.ActiveCfg = Release|Win32
		{79B2592A-13F5-A93A-C651-760A287D176F}.Release|Win32.Build.0 = Release|Win32
		{C0A333FB-D512-2854-A7C1-179E76FC1E04}.Release|x64.ActiveCfg = Release|x64
		{C0A333FB-D512-2854-A7C1-179E76FC1E04}.Release|x64.Build.0 = Release|x64
		{C0A333FB-D512-2854-A7C1-179E76FC1E04}.Debug|Win32.ActiveCfg = Debug|Win32
		{C0A333FB-D512-2854-A7C1-179E76FC1E04}.Debug|Win32.Build.0 = Debug|Win32
		{C0A333FB-D512-2854-A7C1-179E76FC1E04}.Debug|x64.ActiveCfg = Debug|x64
		{C0A333FB-D512-2854-A7C1-179E76FC1E04}.Debug|x64.Build.0 = Debug|x64
		{C0A333FB-D512-2854-A7C1-179E76FC1E04}.Release|Win32.ActiveCfg = Release|Win32
		{C0A333FB-D512-2854-A7C1-179E76FC1E04}.Release|Win32.Build.0 = Release|Win32
		{D50FBFB5-CA65-06D3-2847-DDD78B0B9145}.Release|x64.ActiveCfg = Release|x64
		{D50FBFB5-CA65-06D3-2847-DDD78B0B9145}.Release|x64.Build.0 = Release|x64
		{D50FBFB5-CA65-06D3-2847-DDD78B0B9145}.Debug|Win32.ActiveCfg = Debug|Win32
		{D50FBFB5-CA65-06D3-2847-DDD78B0B9145}.Debug|Win32.Build.0 = Debug|Win32
		{D50FBFB5-CA65-06D3-2847-DDD78B0B9145}.Debug|x64.ActiveCfg = Debug|x64
		{D50FBFB5-CA65-06D3-2847-DDD78B0B9145}.Debug|x64.Build.0 = Debug|x64
		{D50FBFB5-CA65-06D3-2847-DDD78B0B9145}.Release|Win32.ActiveCfg = Release|Win32
		{D50FBFB5-CA65-06D3-2847-DDD78B0B9145}.Release|Win32.Build.0 = Release|Win32
		{D8360980-C9D3-B9D6-4CC7-AD5E0FBA8854}.Release|x64.ActiveCfg = Release|x64
		{D8360980-C9D3-B9D6-4CC7-AD5E0FBA8854}.Release|x64.Build.0 = Release|x64
		{D8360980-C9D3-B9D6-4CC7-AD5E0FBA8854}.Debug|Win32.ActiveCfg = Debug|x64
		{D8360980-C9D3-B9D6-4CC7-AD5E0FBA8854}.Debug|Win32.Build.0 = Debug|x64
		{D8360980-C9D3-B9D6-4CC7-AD5E0FBA8854}.Debug|x64.ActiveCfg = Debug|x64
		{D8360980-C9D3-B9D6-4CC7-AD5E0FBA8854}.Debug|x64.Build.0 = Debug|x64
		{D8360980-C9D3-B9D6-4CC7-AD5E0FBA8854}.Release|Win32.ActiveCfg = Release|x64
		{D8360980-C9D3-B9D6-4CC7-AD5E0FBA8854}.Release|Win32.Build.0 = Release|x64
		{D99D7675-157E-60F5-78D5-F1048E057426}.Release|x64.ActiveCfg = Release|x64
		{D99D7675-157E-60F5-78D5-F1048E057426}.Release|x64.Build.0 = Release|x64
		{D99D7675-157E-60F5-78D5-F1048E057426}.Debug|Win32.ActiveCfg = Debug|Win32
		{D99D7675-157E-60F5-78D5-F1048E057426}.Debug|Win32.Build.0 = Debug|Win32
		{D99D7675-157E-60F5-78D5-F1048E057426}.Debug|x64.ActiveCfg = Debug|x64
		{D99D7675-157E-60F5-78D5-F1048E057426}.Debug|x64.Build.0 = Debug|x64
		{D99D7675-157E-60F5-78D5-F1048E057426}.Release|Win32.ActiveCfg = Release|Win32
		{D99D7675-157E-60F5-78D5-F1048E057426}.Release|Win32.Build.0 = Release|Win32
		{DA713A29-48FF-AD84-75ED-D279B989837D}.Release|x64.ActiveCfg = Release|x64
		{DA713A29-48FF-AD84-75ED-D279B989837D}.Release|x64.Build.0 = Release|x64
		{DA713A29-48FF-AD84-75ED-D279B989837D}.Debug|Win32.ActiveCfg = Debug|Win32
		{DA713A29-48FF-AD84-75ED-D279B989837D}.Debug|Win32.Build.0 = Debug|Win32
		{DA713A29-48FF-AD84-75ED-D279B989837D}.Debug|x64.ActiveCfg = Debug|x64
		{DA713A29-48FF-AD84-75ED-D279B989837D}.Debug|x64.Build.0 = Debug|x64
		{DA713A29-48FF-AD84-75ED-D279B989837D}.Release|Win32.ActiveCfg = Release|Win32
		{DA713A29-48FF-AD84-75ED-D279B989837D}.Release|Win32.Build.0 = Release|Win32
		{DB5847EB-E5E3-FC4A-7047-69A0DA5E0D38}.Release|x64.ActiveCfg = Release|x64
		{DB5847EB-E5E3-FC4A-7047-69A0DA5E0D38}.Release|x64.Build.0 = Release|x64
		{DB5847EB-E5E3-FC4A-7047-69A0DA5E0D38}.Debug|Win32.ActiveCfg = Debug|Win32
		{DB5847EB-E5E3-FC4A-7047-69A0DA5E0D38}.Debug|Win32.Build.0 = Debug|Win32
		{DB5847EB-E5E3-FC4A-7047-69A0DA5E0D38}.Debug|x64.ActiveCfg = Debug|x64
		{DB5847EB-E5E3-FC4A-7047-69A0DA5E0D38}.Debug|x64.Build.0 = Debug|x64
		{DB5847EB-E5E3-FC4A-7047-69A0DA5E0D38}.Release|Win32.ActiveCfg = Release|Win32
		{DB5847EB-E5E3-FC4A-7047-69A0DA5E0D38}.Release|Win32.Build.0 = Release|Win32
		{E1773E2F-9E16-41AF-3CD9-8FDEE0AC17CA}.Release|x64.ActiveCfg = Release|x64
		{E1773E2F-9E16-41AF-3CD9-8FDEE0AC17CA}.Release|x64.Build.0 = Release|x64
		{E1773E2F-9E16-41AF-3CD9-8FDEE0AC17CA}.Debug|Win32.ActiveCfg = Debug|Win32
		{E1773E2F-9E16-41AF-3CD9-8FDEE0AC17CA}.Debug|Win32.Build.0 = Debug|Win32
		{E1773E2F-9E16-41AF-3CD9-8FDEE0AC17CA}.Debug|x64.ActiveCfg = Debug|x64
		{E1773E2F-9E16-41AF-3CD9-8FDEE0AC17CA}.Debug|x64.Build.0 = Debug|x64
		{E1773E2F-9E16-41AF-3CD9-8FDEE0AC17CA}.Release|Win32.ActiveCfg = Release|Win32
		{E1773E2F-9E16-41AF-3CD9-8FDEE0AC17CA}.Release|Win32.Build.0 = Release|Win32
	EndGlobalSection
	GlobalSection(SolutionProperties) = preSolution
		HideSolutionNode = FALSE
	EndGlobalSection
	GlobalSection(NestedProjects) = preSolution
		{DB5847EB-E5E3-FC4A-7047-69A0DA5E0D38} = {6478B9F3-4858-63F4-35F4-98A303E305F3}
		{DA713A29-48FF-AD84-75ED-D279B989837D} = {6478B9F3-4858-63F4-35F4-98A303E305F3}
		{D8360980-C9D3-B9D6-4CC7-AD5E0FBA8854} = {6478B9F3-4858-63F4-35F4-98A303E305F3}
		{79B2592A-13F5-A93A-C651-760A287D176F} = {6478B9F3-4858-63F4-35F4-98A303E305F3}
		{32726743-E760-3022-A368-5FD7493458F0} = {6478B9F3-4858-63F4-35F4-98A303E305F3}
		{E1773E2F-9E16-41AF-3CD9-8FDEE0AC17CA} = {6478B9F3-4858-63F4-35F4-98A303E305F3}
		{6478B9F3-4858-63F4-35F4-98A303E305F3} = {9785FB75-982A-5DE3-252D-3F288B9FEF5B}
		{3E7FA5AF-27B3-2DE0-883C-12F98E7F4E81} = {9785FB75-982A-5DE3-252D-3F288B9FEF5B}
		{D50FBFB5-CA65-06D3-2847-DDD78B0B9145} = {9785FB75-982A-5DE3-252D-3F288B9FEF5B}
		{D99D7675-157E-60F5-78D5-F1048E057426} = {9785FB75-982A-5DE3-252D-3F288B9FEF5B}
		{2A9A7E67-59FA-DECD-1E43-E30505F2ADAA} = {EAC80D00-01D2-3F49-A377-20B7154947F3}
		{3CF939D9-AF79-E950-D740-3EAD990C3F77} = {EAC80D00-01D2-3F49-A377-20B7154947F3}
		{C0A333FB-D512-2854-A7C1-179E76FC1E04} = {3E7FA5AF-27B3-2DE0-883C-12F98E7F4E81}
		{13F6B6CC-FB5B-9F86-3A2A-B7467E848E5E} = {89C816A7-DD31-D54C-C69C-5A80E0C49B77}
	EndGlobalSection
EndGlobal
