Microsoft Visual Studio Solution File, Format Version 12.00
# Visual Studio 2012
Project("{2150E333-8FDC-42A3-9474-1A3956D46DE8}") = "(Source)", "..\..\..\third_party\WebKit\Source", "{D5536B1B-0215-0B8D-2C6B-01AF474C999D}"
EndProject
Project("{2150E333-8FDC-42A3-9474-1A3956D46DE8}") = "(WebKit)", "..\..\..\third_party\WebKit", "{7C6CDB29-38D7-8364-748C-AEAAD8CCFB36}"
EndProject
Project("{2150E333-8FDC-42A3-9474-1A3956D46DE8}") = "(WebKit)", "..\..\..\third_party\WebKit\Source\WebKit", "{8E538E10-0288-F934-C0B4-A2C5684885A8}"
EndProject
Project("{2150E333-8FDC-42A3-9474-1A3956D46DE8}") = "(allocator)", "..\..\..\base\allocator", "{6478B9F3-4858-63F4-35F4-98A303E305F3}"
EndProject
Project("{2150E333-8FDC-42A3-9474-1A3956D46DE8}") = "(base)", "..\..\..\ui\base", "{4D091BEB-A76B-E8AB-36FD-0A80BA9DE97D}"
EndProject
Project("{2150E333-8FDC-42A3-9474-1A3956D46DE8}") = "(base)", "..\..\..\base", "{9785FB75-982A-5DE3-252D-3F288B9FEF5B}"
EndProject
Project("{2150E333-8FDC-42A3-9474-1A3956D46DE8}") = "(build)", "..\..\..\build", "{BC1FC5DA-9C54-7D77-0BFF-DEDDFD7A8F6C}"
EndProject
Project("{2150E333-8FDC-42A3-9474-1A3956D46DE8}") = "(chromium)", "..\..\..\third_party\WebKit\Source\WebKit\chromium", "{C2681D28-B474-0578-6C77-C21B094B9DEB}"
EndProject
Project("{2150E333-8FDC-42A3-9474-1A3956D46DE8}") = "(icu)", "..\..\..\third_party\icu", "{2DE59335-96CE-10CA-CDE5-FEC35E3549BB}"
EndProject
Project("{2150E333-8FDC-42A3-9474-1A3956D46DE8}") = "(libjpeg_turbo)", "..\..\..\third_party\libjpeg_turbo", "{A9EB8559-7015-13E0-0462-D9901FC693FD}"
EndProject
Project("{2150E333-8FDC-42A3-9474-1A3956D46DE8}") = "(net)", "..\..\..\net", "{96A8EC63-88DB-B85C-EEBC-43667C60DEB3}"
EndProject
Project("{2150E333-8FDC-42A3-9474-1A3956D46DE8}") = "(nss)", "..\..\..\net\third_party\nss", "{91989827-5B0C-52D9-1FE9-9553D672A5E7}"
EndProject
Project("{2150E333-8FDC-42A3-9474-1A3956D46DE8}") = "(nss)", "..\..\..\third_party\nss", "{CD014008-1CDB-809B-D770-C67A261539F7}"
EndProject
Project("{2150E333-8FDC-42A3-9474-1A3956D46DE8}") = "(skia)", "..\..\..\skia", "{5B17195B-58DF-4533-4FE7-D2747913694E}"
EndProject
Project("{2150E333-8FDC-42A3-9474-1A3956D46DE8}") = "(snapshot)", "..\..\..\ui\snapshot", "{50DBFEE1-F6C6-1894-0AB5-00387FE393EB}"
EndProject
Project("{2150E333-8FDC-42A3-9474-1A3956D46DE8}") = "(strings)", "..\..\..\ui\base\strings", "{C7F83F05-8335-05BC-FABC-52BB99106795}"
EndProject
Project("{2150E333-8FDC-42A3-9474-1A3956D46DE8}") = "(temp_gyp)", "..\..\..\build\temp_gyp", "{299D9456-929B-5224-943D-BFC2576C69EA}"
EndProject
Project("{2150E333-8FDC-42A3-9474-1A3956D46DE8}") = "(testing)", "..\..\..\testing", "{EAC80D00-01D2-3F49-A377-20B7154947F3}"
EndProject
Project("{2150E333-8FDC-42A3-9474-1A3956D46DE8}") = "(third_party)", "..\..\..\base\third_party", "{3E7FA5AF-27B3-2DE0-883C-12F98E7F4E81}"
EndProject
Project("{2150E333-8FDC-42A3-9474-1A3956D46DE8}") = "(third_party)", "..\..\..\net\third_party", "{5A566D8E-9FAB-ED62-0C7C-BD22FF9AF8A2}"
EndProject
Project("{2150E333-8FDC-42A3-9474-1A3956D46DE8}") = "(third_party)", "..\..\..\third_party", "{89C816A7-DD31-D54C-C69C-5A80E0C49B77}"
EndProject
Project("{2150E333-8FDC-42A3-9474-1A3956D46DE8}") = "(ui)", "..\..\..\ui", "{644B7826-0417-C19E-B1ED-C0BF73289DEE}"
EndProject
Project("{8BC9CEB8-8B4A-11D0-8D11-00A0C91BC942}") = "allocator_extension_thunks", "..\..\base\allocator\allocator_extension_thunks.vcxproj", "{DA713A29-48FF-AD84-75ED-D279B989837D}"
EndProject
Project("{8BC9CEB8-8B4A-11D0-8D11-00A0C91BC942}") = "base", "..\..\base\base.vcxproj", "{D50FBFB5-CA65-06D3-2847-DDD78B0B9145}"
	ProjectSection(ProjectDependencies) = postProject
		{3CF939D9-AF79-E950-D740-3EAD990C3F77} = {3CF939D9-AF79-E950-D740-3EAD990C3F77}
	EndProjectSection
EndProject
Project("{8BC9CEB8-8B4A-11D0-8D11-00A0C91BC942}") = "base_i18n", "..\..\base\base_i18n.vcxproj", "{9D93AD26-CC7F-A494-7F8E-EC38B9B4FD12}"
EndProject
Project("{8BC9CEB8-8B4A-11D0-8D11-00A0C91BC942}") = "base_static", "..\..\base\base_static.vcxproj", "{D99D7675-157E-60F5-78D5-F1048E057426}"
EndProject
Project("{8BC9CEB8-8B4A-11D0-8D11-00A0C91BC942}") = "crypto", "..\..\crypto\crypto.vcxproj", "{9CE5F3F1-309F-76B0-FBB2-A87AC7235B3A}"
EndProject
Project("{8BC9CEB8-8B4A-11D0-8D11-00A0C91BC942}") = "dynamic_annotations", "..\..\base\third_party\dynamic_annotations\dynamic_annotations.vcxproj", "{C0A333FB-D512-2854-A7C1-179E76FC1E04}"
EndProject
Project("{8BC9CEB8-8B4A-11D0-8D11-00A0C91BC942}") = "gmock", "..\..\testing\gmock.vcxproj", "{69955B42-60C7-1A54-4F09-605C08CA4D5A}"
EndProject
Project("{8BC9CEB8-8B4A-11D0-8D11-00A0C91BC942}") = "googleurl", "..\..\build\temp_gyp\googleurl.vcxproj", "{0F2A8D21-3C46-36FF-9B7C-17DED3F40483}"
	ProjectSection(ProjectDependencies) = postProject
		{F5AD31E9-99EC-ADD3-32CE-94586929F939} = {F5AD31E9-99EC-ADD3-32CE-94586929F939}
	EndProjectSection
EndProject
Project("{8BC9CEB8-8B4A-11D0-8D11-00A0C91BC942}") = "gtest", "..\..\testing\gtest.vcxproj", "{2A9A7E67-59FA-DECD-1E43-E30505F2ADAA}"
	ProjectSection(ProjectDependencies) = postProject
		{3CF939D9-AF79-E950-D740-3EAD990C3F77} = {3CF939D9-AF79-E950-D740-3EAD990C3F77}
	EndProjectSection
EndProject
Project("{8BC9CEB8-8B4A-11D0-8D11-00A0C91BC942}") = "gtest_prod", "..\..\testing\gtest_prod.vcxproj", "{3CF939D9-AF79-E950-D740-3EAD990C3F77}"
EndProject
Project("{8BC9CEB8-8B4A-11D0-8D11-00A0C91BC942}") = "icudata", "..\..\third_party\icu\icudata.vcxproj", "{F5AD31E9-99EC-ADD3-32CE-94586929F939}"
EndProject
Project("{8BC9CEB8-8B4A-11D0-8D11-00A0C91BC942}") = "icui18n", "..\..\third_party\icu\icui18n.vcxproj", "{16DE32C0-F219-9C1F-2AC7-6CC42C98D000}"
EndProject
Project("{8BC9CEB8-8B4A-11D0-8D11-00A0C91BC942}") = "icuuc", "..\..\third_party\icu\icuuc.vcxproj", "{08FD5F8F-9C23-1331-B517-2BFF210551A4}"
	ProjectSection(ProjectDependencies) = postProject
		{F5AD31E9-99EC-ADD3-32CE-94586929F939} = {F5AD31E9-99EC-ADD3-32CE-94586929F939}
	EndProjectSection
EndProject
Project("{8BC9CEB8-8B4A-11D0-8D11-00A0C91BC942}") = "libjpeg", "..\..\third_party\libjpeg_turbo\libjpeg.vcxproj", "{AB0E3FD1-A00D-FAE8-BB4B-F8452E2FEEF1}"
EndProject
Project("{8BC9CEB8-8B4A-11D0-8D11-00A0C91BC942}") = "libpng", "..\..\third_party\libpng\libpng.vcxproj", "{15CFB960-ABBB-C12A-9596-264134BDEEEA}"
EndProject
Project("{8BC9CEB8-8B4A-11D0-8D11-00A0C91BC942}") = "libssl", "..\..\net\third_party\nss\libssl.vcxproj", "{F717727F-0506-E97A-E600-3876DC85BD7F}"
EndProject
Project("{8BC9CEB8-8B4A-11D0-8D11-00A0C91BC942}") = "modp_b64", "..\..\third_party\modp_b64\modp_b64.vcxproj", "{13F6B6CC-FB5B-9F86-3A2A-B7467E848E5E}"
EndProject
Project("{8BC9CEB8-8B4A-11D0-8D11-00A0C91BC942}") = "net", "..\..\net\net.vcxproj", "{33C6BC08-4B9A-F7F1-2979-A0035A291E41}"
	ProjectSection(ProjectDependencies) = postProject
		{D18D0AF5-80B2-DA07-5CB9-158B0CB71C44} = {D18D0AF5-80B2-DA07-5CB9-158B0CB71C44}
		{79FF0E5F-E4AD-F964-49F8-D44FDA473AE0} = {79FF0E5F-E4AD-F964-49F8-D44FDA473AE0}
	EndProjectSection
EndProject
Project("{8BC9CEB8-8B4A-11D0-8D11-00A0C91BC942}") = "net_resources", "..\..\net\net_resources.vcxproj", "{D18D0AF5-80B2-DA07-5CB9-158B0CB71C44}"
EndProject
Project("{8BC9CEB8-8B4A-11D0-8D11-00A0C91BC942}") = "nspr", "..\..\third_party\nss\nspr.vcxproj", "{BE19830C-313D-1150-62EC-2318F5B9D358}"
EndProject
Project("{8BC9CEB8-8B4A-11D0-8D11-00A0C91BC942}") = "nss", "..\..\third_party\nss\nss.vcxproj", "{4AB2CF6C-E2FB-6528-F0E4-4541C3057B7D}"
EndProject
Project("{8BC9CEB8-8B4A-11D0-8D11-00A0C91BC942}") = "nss_static", "..\..\third_party\nss\nss_static.vcxproj", "{87A7950E-BFB1-64B6-B0FD-0C4BCE5B976A}"
EndProject
Project("{8BC9CEB8-8B4A-11D0-8D11-00A0C91BC942}") = "sdch", "..\..\sdch\sdch.vcxproj", "{B6FE0409-F3E9-B5A5-A00D-521CD53EB030}"
EndProject
Project("{8BC9CEB8-8B4A-11D0-8D11-00A0C91BC942}") = "sfntly", "..\..\third_party\sfntly\sfntly.vcxproj", "{3281B1F5-B06C-7DB2-9C80-A2DC2CBC8318}"
EndProject
Project("{8BC9CEB8-8B4A-11D0-8D11-00A0C91BC942}") = "skia", "..\..\skia\skia.vcxproj", "{1A653DC2-41A9-2396-0346-EE43D177A8A7}"
	ProjectSection(ProjectDependencies) = postProject
		{0EB25CF6-6D55-0D0B-BC2C-6FD0E2846107} = {0EB25CF6-6D55-0D0B-BC2C-6FD0E2846107}
	EndProjectSection
EndProject
Project("{8BC9CEB8-8B4A-11D0-8D11-00A0C91BC942}") = "skia_opts", "..\..\skia\skia_opts.vcxproj", "{215C85FC-B1B9-4262-B715-0E603DDCDA93}"
EndProject
Project("{8BC9CEB8-8B4A-11D0-8D11-00A0C91BC942}") = "skia_opts_ssse3", "..\..\skia\skia_opts_ssse3.vcxproj", "{A68D727C-5830-8C6B-2FE5-0C7B70D77EEA}"
EndProject
Project("{8BC9CEB8-8B4A-11D0-8D11-00A0C91BC942}") = "skia_webkit", "..\..\third_party\WebKit\Source\WebKit\chromium\skia_webkit.vcxproj", "{0EB25CF6-6D55-0D0B-BC2C-6FD0E2846107}"
EndProject
Project("{8BC9CEB8-8B4A-11D0-8D11-00A0C91BC942}") = "snapshot", "snapshot.vcxproj", "{4FC42565-CFE6-66B8-B658-691689860DE5}"
EndProject
Project("{8BC9CEB8-8B4A-11D0-8D11-00A0C91BC942}") = "snapshot_test_support", "snapshot_test_support.vcxproj", "{FC4DB708-3026-B564-8239-E760B61EAD3B}"
EndProject
Project("{8BC9CEB8-8B4A-11D0-8D11-00A0C91BC942}") = "snapshot_unittests", "snapshot_unittests.vcxproj", "{B3D87F8A-F15F-3D41-B020-4D7E0C285969}"
	ProjectSection(ProjectDependencies) = postProject
		{1A653DC2-41A9-2396-0346-EE43D177A8A7} = {1A653DC2-41A9-2396-0346-EE43D177A8A7}
		{D50FBFB5-CA65-06D3-2847-DDD78B0B9145} = {D50FBFB5-CA65-06D3-2847-DDD78B0B9145}
		{2A9A7E67-59FA-DECD-1E43-E30505F2ADAA} = {2A9A7E67-59FA-DECD-1E43-E30505F2ADAA}
		{69955B42-60C7-1A54-4F09-605C08CA4D5A} = {69955B42-60C7-1A54-4F09-605C08CA4D5A}
		{A5149FCC-2057-884B-5B95-1D5192F56307} = {A5149FCC-2057-884B-5B95-1D5192F56307}
		{4FC42565-CFE6-66B8-B658-691689860DE5} = {4FC42565-CFE6-66B8-B658-691689860DE5}
		{215C85FC-B1B9-4262-B715-0E603DDCDA93} = {215C85FC-B1B9-4262-B715-0E603DDCDA93}
		{A68D727C-5830-8C6B-2FE5-0C7B70D77EEA} = {A68D727C-5830-8C6B-2FE5-0C7B70D77EEA}
		{C0A333FB-D512-2854-A7C1-179E76FC1E04} = {C0A333FB-D512-2854-A7C1-179E76FC1E04}
		{3281B1F5-B06C-7DB2-9C80-A2DC2CBC8318} = {3281B1F5-B06C-7DB2-9C80-A2DC2CBC8318}
		{08FD5F8F-9C23-1331-B517-2BFF210551A4} = {08FD5F8F-9C23-1331-B517-2BFF210551A4}
		{F5AD31E9-99EC-ADD3-32CE-94586929F939} = {F5AD31E9-99EC-ADD3-32CE-94586929F939}
		{E693E61B-7879-23D5-AE8E-F1AE93E6368A} = {E693E61B-7879-23D5-AE8E-F1AE93E6368A}
		{0EB25CF6-6D55-0D0B-BC2C-6FD0E2846107} = {0EB25CF6-6D55-0D0B-BC2C-6FD0E2846107}
		{D99D7675-157E-60F5-78D5-F1048E057426} = {D99D7675-157E-60F5-78D5-F1048E057426}
		{DA713A29-48FF-AD84-75ED-D279B989837D} = {DA713A29-48FF-AD84-75ED-D279B989837D}
		{3CF939D9-AF79-E950-D740-3EAD990C3F77} = {3CF939D9-AF79-E950-D740-3EAD990C3F77}
		{13F6B6CC-FB5B-9F86-3A2A-B7467E848E5E} = {13F6B6CC-FB5B-9F86-3A2A-B7467E848E5E}
		{9D93AD26-CC7F-A494-7F8E-EC38B9B4FD12} = {9D93AD26-CC7F-A494-7F8E-EC38B9B4FD12}
		{16DE32C0-F219-9C1F-2AC7-6CC42C98D000} = {16DE32C0-F219-9C1F-2AC7-6CC42C98D000}
		{0F2A8D21-3C46-36FF-9B7C-17DED3F40483} = {0F2A8D21-3C46-36FF-9B7C-17DED3F40483}
		{33C6BC08-4B9A-F7F1-2979-A0035A291E41} = {33C6BC08-4B9A-F7F1-2979-A0035A291E41}
		{9CE5F3F1-309F-76B0-FBB2-A87AC7235B3A} = {9CE5F3F1-309F-76B0-FBB2-A87AC7235B3A}
		{BE19830C-313D-1150-62EC-2318F5B9D358} = {BE19830C-313D-1150-62EC-2318F5B9D358}
		{4AB2CF6C-E2FB-6528-F0E4-4541C3057B7D} = {4AB2CF6C-E2FB-6528-F0E4-4541C3057B7D}
		{87A7950E-BFB1-64B6-B0FD-0C4BCE5B976A} = {87A7950E-BFB1-64B6-B0FD-0C4BCE5B976A}
		{E812BA38-DB48-9088-6EA3-54C22EDD5B3B} = {E812BA38-DB48-9088-6EA3-54C22EDD5B3B}
		{B6FE0409-F3E9-B5A5-A00D-521CD53EB030} = {B6FE0409-F3E9-B5A5-A00D-521CD53EB030}
		{D18D0AF5-80B2-DA07-5CB9-158B0CB71C44} = {D18D0AF5-80B2-DA07-5CB9-158B0CB71C44}
		{F717727F-0506-E97A-E600-3876DC85BD7F} = {F717727F-0506-E97A-E600-3876DC85BD7F}
		{15CFB960-ABBB-C12A-9596-264134BDEEEA} = {15CFB960-ABBB-C12A-9596-264134BDEEEA}
		{936D990A-B541-E0F5-ED8F-D57A74F9C8E1} = {936D990A-B541-E0F5-ED8F-D57A74F9C8E1}
		{5AA1E141-2BA4-AE1D-0A80-DF79758C708C} = {5AA1E141-2BA4-AE1D-0A80-DF79758C708C}
		{AB0E3FD1-A00D-FAE8-BB4B-F8452E2FEEF1} = {AB0E3FD1-A00D-FAE8-BB4B-F8452E2FEEF1}
	EndProjectSection
EndProject
Project("{8BC9CEB8-8B4A-11D0-8D11-00A0C91BC942}") = "sqlite", "..\..\third_party\sqlite\sqlite.vcxproj", "{E812BA38-DB48-9088-6EA3-54C22EDD5B3B}"
EndProject
Project("{8BC9CEB8-8B4A-11D0-8D11-00A0C91BC942}") = "tld_cleanup", "..\..\net\tld_cleanup.vcxproj", "{79FF0E5F-E4AD-F964-49F8-D44FDA473AE0}"
	ProjectSection(ProjectDependencies) = postProject
		{D50FBFB5-CA65-06D3-2847-DDD78B0B9145} = {D50FBFB5-CA65-06D3-2847-DDD78B0B9145}
		{9D93AD26-CC7F-A494-7F8E-EC38B9B4FD12} = {9D93AD26-CC7F-A494-7F8E-EC38B9B4FD12}
		{0F2A8D21-3C46-36FF-9B7C-17DED3F40483} = {0F2A8D21-3C46-36FF-9B7C-17DED3F40483}
		{D99D7675-157E-60F5-78D5-F1048E057426} = {D99D7675-157E-60F5-78D5-F1048E057426}
		{DA713A29-48FF-AD84-75ED-D279B989837D} = {DA713A29-48FF-AD84-75ED-D279B989837D}
		{3CF939D9-AF79-E950-D740-3EAD990C3F77} = {3CF939D9-AF79-E950-D740-3EAD990C3F77}
		{13F6B6CC-FB5B-9F86-3A2A-B7467E848E5E} = {13F6B6CC-FB5B-9F86-3A2A-B7467E848E5E}
		{C0A333FB-D512-2854-A7C1-179E76FC1E04} = {C0A333FB-D512-2854-A7C1-179E76FC1E04}
		{16DE32C0-F219-9C1F-2AC7-6CC42C98D000} = {16DE32C0-F219-9C1F-2AC7-6CC42C98D000}
		{08FD5F8F-9C23-1331-B517-2BFF210551A4} = {08FD5F8F-9C23-1331-B517-2BFF210551A4}
		{F5AD31E9-99EC-ADD3-32CE-94586929F939} = {F5AD31E9-99EC-ADD3-32CE-94586929F939}
	EndProjectSection
EndProject
Project("{8BC9CEB8-8B4A-11D0-8D11-00A0C91BC942}") = "ui", "..\ui.vcxproj", "{A5149FCC-2057-884B-5B95-1D5192F56307}"
	ProjectSection(ProjectDependencies) = postProject
		{936D990A-B541-E0F5-ED8F-D57A74F9C8E1} = {936D990A-B541-E0F5-ED8F-D57A74F9C8E1}
		{5AA1E141-2BA4-AE1D-0A80-DF79758C708C} = {5AA1E141-2BA4-AE1D-0A80-DF79758C708C}
	EndProjectSection
EndProject
Project("{8BC9CEB8-8B4A-11D0-8D11-00A0C91BC942}") = "ui_resources", "..\ui_resources.vcxproj", "{5AA1E141-2BA4-AE1D-0A80-DF79758C708C}"
EndProject
Project("{8BC9CEB8-8B4A-11D0-8D11-00A0C91BC942}") = "ui_strings", "..\base\strings\ui_strings.vcxproj", "{936D990A-B541-E0F5-ED8F-D57A74F9C8E1}"
EndProject
Project("{8BC9CEB8-8B4A-11D0-8D11-00A0C91BC942}") = "zlib", "..\..\third_party\zlib\zlib.vcxproj", "{E693E61B-7879-23D5-AE8E-F1AE93E6368A}"
EndProject
Global
	GlobalSection(SolutionConfigurationPlatforms) = preSolution
		Release|x64 = Release|x64
		Debug|Win32 = Debug|Win32
		Debug|x64 = Debug|x64
		Release|Win32 = Release|Win32
	EndGlobalSection
	GlobalSection(ProjectConfigurationPlatforms) = postSolution
		{08FD5F8F-9C23-1331-B517-2BFF210551A4}.Release|x64.ActiveCfg = Release|x64
		{08FD5F8F-9C23-1331-B517-2BFF210551A4}.Release|x64.Build.0 = Release|x64
		{08FD5F8F-9C23-1331-B517-2BFF210551A4}.Debug|Win32.ActiveCfg = Debug|Win32
		{08FD5F8F-9C23-1331-B517-2BFF210551A4}.Debug|Win32.Build.0 = Debug|Win32
		{08FD5F8F-9C23-1331-B517-2BFF210551A4}.Debug|x64.ActiveCfg = Debug|x64
		{08FD5F8F-9C23-1331-B517-2BFF210551A4}.Debug|x64.Build.0 = Debug|x64
		{08FD5F8F-9C23-1331-B517-2BFF210551A4}.Release|Win32.ActiveCfg = Release|Win32
		{08FD5F8F-9C23-1331-B517-2BFF210551A4}.Release|Win32.Build.0 = Release|Win32
		{0EB25CF6-6D55-0D0B-BC2C-6FD0E2846107}.Release|x64.ActiveCfg = Release|x64
		{0EB25CF6-6D55-0D0B-BC2C-6FD0E2846107}.Release|x64.Build.0 = Release|x64
		{0EB25CF6-6D55-0D0B-BC2C-6FD0E2846107}.Debug|Win32.ActiveCfg = Debug|Win32
		{0EB25CF6-6D55-0D0B-BC2C-6FD0E2846107}.Debug|Win32.Build.0 = Debug|Win32
		{0EB25CF6-6D55-0D0B-BC2C-6FD0E2846107}.Debug|x64.ActiveCfg = Debug|x64
		{0EB25CF6-6D55-0D0B-BC2C-6FD0E2846107}.Debug|x64.Build.0 = Debug|x64
		{0EB25CF6-6D55-0D0B-BC2C-6FD0E2846107}.Release|Win32.ActiveCfg = Release|Win32
		{0EB25CF6-6D55-0D0B-BC2C-6FD0E2846107}.Release|Win32.Build.0 = Release|Win32
		{0F2A8D21-3C46-36FF-9B7C-17DED3F40483}.Release|x64.ActiveCfg = Release|x64
		{0F2A8D21-3C46-36FF-9B7C-17DED3F40483}.Release|x64.Build.0 = Release|x64
		{0F2A8D21-3C46-36FF-9B7C-17DED3F40483}.Debug|Win32.ActiveCfg = Debug|Win32
		{0F2A8D21-3C46-36FF-9B7C-17DED3F40483}.Debug|Win32.Build.0 = Debug|Win32
		{0F2A8D21-3C46-36FF-9B7C-17DED3F40483}.Debug|x64.ActiveCfg = Debug|x64
		{0F2A8D21-3C46-36FF-9B7C-17DED3F40483}.Debug|x64.Build.0 = Debug|x64
		{0F2A8D21-3C46-36FF-9B7C-17DED3F40483}.Release|Win32.ActiveCfg = Release|Win32
		{0F2A8D21-3C46-36FF-9B7C-17DED3F40483}.Release|Win32.Build.0 = Release|Win32
		{13F6B6CC-FB5B-9F86-3A2A-B7467E848E5E}.Release|x64.ActiveCfg = Release|x64
		{13F6B6CC-FB5B-9F86-3A2A-B7467E848E5E}.Release|x64.Build.0 = Release|x64
		{13F6B6CC-FB5B-9F86-3A2A-B7467E848E5E}.Debug|Win32.ActiveCfg = Debug|Win32
		{13F6B6CC-FB5B-9F86-3A2A-B7467E848E5E}.Debug|Win32.Build.0 = Debug|Win32
		{13F6B6CC-FB5B-9F86-3A2A-B7467E848E5E}.Debug|x64.ActiveCfg = Debug|x64
		{13F6B6CC-FB5B-9F86-3A2A-B7467E848E5E}.Debug|x64.Build.0 = Debug|x64
		{13F6B6CC-FB5B-9F86-3A2A-B7467E848E5E}.Release|Win32.ActiveCfg = Release|Win32
		{13F6B6CC-FB5B-9F86-3A2A-B7467E848E5E}.Release|Win32.Build.0 = Release|Win32
		{15CFB960-ABBB-C12A-9596-264134BDEEEA}.Release|x64.ActiveCfg = Release|x64
		{15CFB960-ABBB-C12A-9596-264134BDEEEA}.Release|x64.Build.0 = Release|x64
		{15CFB960-ABBB-C12A-9596-264134BDEEEA}.Debug|Win32.ActiveCfg = Debug|Win32
		{15CFB960-ABBB-C12A-9596-264134BDEEEA}.Debug|Win32.Build.0 = Debug|Win32
		{15CFB960-ABBB-C12A-9596-264134BDEEEA}.Debug|x64.ActiveCfg = Debug|x64
		{15CFB960-ABBB-C12A-9596-264134BDEEEA}.Debug|x64.Build.0 = Debug|x64
		{15CFB960-ABBB-C12A-9596-264134BDEEEA}.Release|Win32.ActiveCfg = Release|Win32
		{15CFB960-ABBB-C12A-9596-264134BDEEEA}.Release|Win32.Build.0 = Release|Win32
		{16DE32C0-F219-9C1F-2AC7-6CC42C98D000}.Release|x64.ActiveCfg = Release|x64
		{16DE32C0-F219-9C1F-2AC7-6CC42C98D000}.Release|x64.Build.0 = Release|x64
		{16DE32C0-F219-9C1F-2AC7-6CC42C98D000}.Debug|Win32.ActiveCfg = Debug|Win32
		{16DE32C0-F219-9C1F-2AC7-6CC42C98D000}.Debug|Win32.Build.0 = Debug|Win32
		{16DE32C0-F219-9C1F-2AC7-6CC42C98D000}.Debug|x64.ActiveCfg = Debug|x64
		{16DE32C0-F219-9C1F-2AC7-6CC42C98D000}.Debug|x64.Build.0 = Debug|x64
		{16DE32C0-F219-9C1F-2AC7-6CC42C98D000}.Release|Win32.ActiveCfg = Release|Win32
		{16DE32C0-F219-9C1F-2AC7-6CC42C98D000}.Release|Win32.Build.0 = Release|Win32
		{1A653DC2-41A9-2396-0346-EE43D177A8A7}.Release|x64.ActiveCfg = Release|x64
		{1A653DC2-41A9-2396-0346-EE43D177A8A7}.Release|x64.Build.0 = Release|x64
		{1A653DC2-41A9-2396-0346-EE43D177A8A7}.Debug|Win32.ActiveCfg = Debug|Win32
		{1A653DC2-41A9-2396-0346-EE43D177A8A7}.Debug|Win32.Build.0 = Debug|Win32
		{1A653DC2-41A9-2396-0346-EE43D177A8A7}.Debug|x64.ActiveCfg = Debug|x64
		{1A653DC2-41A9-2396-0346-EE43D177A8A7}.Debug|x64.Build.0 = Debug|x64
		{1A653DC2-41A9-2396-0346-EE43D177A8A7}.Release|Win32.ActiveCfg = Release|Win32
		{1A653DC2-41A9-2396-0346-EE43D177A8A7}.Release|Win32.Build.0 = Release|Win32
		{215C85FC-B1B9-4262-B715-0E603DDCDA93}.Release|x64.ActiveCfg = Release|x64
		{215C85FC-B1B9-4262-B715-0E603DDCDA93}.Release|x64.Build.0 = Release|x64
		{215C85FC-B1B9-4262-B715-0E603DDCDA93}.Debug|Win32.ActiveCfg = Debug|Win32
		{215C85FC-B1B9-4262-B715-0E603DDCDA93}.Debug|Win32.Build.0 = Debug|Win32
		{215C85FC-B1B9-4262-B715-0E603DDCDA93}.Debug|x64.ActiveCfg = Debug|x64
		{215C85FC-B1B9-4262-B715-0E603DDCDA93}.Debug|x64.Build.0 = Debug|x64
		{215C85FC-B1B9-4262-B715-0E603DDCDA93}.Release|Win32.ActiveCfg = Release|Win32
		{215C85FC-B1B9-4262-B715-0E603DDCDA93}.Release|Win32.Build.0 = Release|Win32
		{2A9A7E67-59FA-DECD-1E43-E30505F2ADAA}.Release|x64.ActiveCfg = Release|x64
		{2A9A7E67-59FA-DECD-1E43-E30505F2ADAA}.Release|x64.Build.0 = Release|x64
		{2A9A7E67-59FA-DECD-1E43-E30505F2ADAA}.Debug|Win32.ActiveCfg = Debug|Win32
		{2A9A7E67-59FA-DECD-1E43-E30505F2ADAA}.Debug|Win32.Build.0 = Debug|Win32
		{2A9A7E67-59FA-DECD-1E43-E30505F2ADAA}.Debug|x64.ActiveCfg = Debug|x64
		{2A9A7E67-59FA-DECD-1E43-E30505F2ADAA}.Debug|x64.Build.0 = Debug|x64
		{2A9A7E67-59FA-DECD-1E43-E30505F2ADAA}.Release|Win32.ActiveCfg = Release|Win32
		{2A9A7E67-59FA-DECD-1E43-E30505F2ADAA}.Release|Win32.Build.0 = Release|Win32
		{3281B1F5-B06C-7DB2-9C80-A2DC2CBC8318}.Release|x64.ActiveCfg = Release|x64
		{3281B1F5-B06C-7DB2-9C80-A2DC2CBC8318}.Release|x64.Build.0 = Release|x64
		{3281B1F5-B06C-7DB2-9C80-A2DC2CBC8318}.Debug|Win32.ActiveCfg = Debug|Win32
		{3281B1F5-B06C-7DB2-9C80-A2DC2CBC8318}.Debug|Win32.Build.0 = Debug|Win32
		{3281B1F5-B06C-7DB2-9C80-A2DC2CBC8318}.Debug|x64.ActiveCfg = Debug|x64
		{3281B1F5-B06C-7DB2-9C80-A2DC2CBC8318}.Debug|x64.Build.0 = Debug|x64
		{3281B1F5-B06C-7DB2-9C80-A2DC2CBC8318}.Release|Win32.ActiveCfg = Release|Win32
		{3281B1F5-B06C-7DB2-9C80-A2DC2CBC8318}.Release|Win32.Build.0 = Release|Win32
		{33C6BC08-4B9A-F7F1-2979-A0035A291E41}.Release|x64.ActiveCfg = Release|x64
		{33C6BC08-4B9A-F7F1-2979-A0035A291E41}.Release|x64.Build.0 = Release|x64
		{33C6BC08-4B9A-F7F1-2979-A0035A291E41}.Debug|Win32.ActiveCfg = Debug|Win32
		{33C6BC08-4B9A-F7F1-2979-A0035A291E41}.Debug|Win32.Build.0 = Debug|Win32
		{33C6BC08-4B9A-F7F1-2979-A0035A291E41}.Debug|x64.ActiveCfg = Debug|x64
		{33C6BC08-4B9A-F7F1-2979-A0035A291E41}.Debug|x64.Build.0 = Debug|x64
		{33C6BC08-4B9A-F7F1-2979-A0035A291E41}.Release|Win32.ActiveCfg = Release|Win32
		{33C6BC08-4B9A-F7F1-2979-A0035A291E41}.Release|Win32.Build.0 = Release|Win32
		{3CF939D9-AF79-E950-D740-3EAD990C3F77}.Release|x64.ActiveCfg = Release|x64
		{3CF939D9-AF79-E950-D740-3EAD990C3F77}.Release|x64.Build.0 = Release|x64
		{3CF939D9-AF79-E950-D740-3EAD990C3F77}.Debug|Win32.ActiveCfg = Debug|Win32
		{3CF939D9-AF79-E950-D740-3EAD990C3F77}.Debug|Win32.Build.0 = Debug|Win32
		{3CF939D9-AF79-E950-D740-3EAD990C3F77}.Debug|x64.ActiveCfg = Debug|x64
		{3CF939D9-AF79-E950-D740-3EAD990C3F77}.Debug|x64.Build.0 = Debug|x64
		{3CF939D9-AF79-E950-D740-3EAD990C3F77}.Release|Win32.ActiveCfg = Release|Win32
		{3CF939D9-AF79-E950-D740-3EAD990C3F77}.Release|Win32.Build.0 = Release|Win32
		{4AB2CF6C-E2FB-6528-F0E4-4541C3057B7D}.Release|x64.ActiveCfg = Release|x64
		{4AB2CF6C-E2FB-6528-F0E4-4541C3057B7D}.Release|x64.Build.0 = Release|x64
		{4AB2CF6C-E2FB-6528-F0E4-4541C3057B7D}.Debug|Win32.ActiveCfg = Debug|Win32
		{4AB2CF6C-E2FB-6528-F0E4-4541C3057B7D}.Debug|Win32.Build.0 = Debug|Win32
		{4AB2CF6C-E2FB-6528-F0E4-4541C3057B7D}.Debug|x64.ActiveCfg = Debug|x64
		{4AB2CF6C-E2FB-6528-F0E4-4541C3057B7D}.Debug|x64.Build.0 = Debug|x64
		{4AB2CF6C-E2FB-6528-F0E4-4541C3057B7D}.Release|Win32.ActiveCfg = Release|Win32
		{4AB2CF6C-E2FB-6528-F0E4-4541C3057B7D}.Release|Win32.Build.0 = Release|Win32
		{4FC42565-CFE6-66B8-B658-691689860DE5}.Release|x64.ActiveCfg = Release|x64
		{4FC42565-CFE6-66B8-B658-691689860DE5}.Release|x64.Build.0 = Release|x64
		{4FC42565-CFE6-66B8-B658-691689860DE5}.Debug|Win32.ActiveCfg = Debug|Win32
		{4FC42565-CFE6-66B8-B658-691689860DE5}.Debug|Win32.Build.0 = Debug|Win32
		{4FC42565-CFE6-66B8-B658-691689860DE5}.Debug|x64.ActiveCfg = Debug|x64
		{4FC42565-CFE6-66B8-B658-691689860DE5}.Debug|x64.Build.0 = Debug|x64
		{4FC42565-CFE6-66B8-B658-691689860DE5}.Release|Win32.ActiveCfg = Release|Win32
		{4FC42565-CFE6-66B8-B658-691689860DE5}.Release|Win32.Build.0 = Release|Win32
		{5AA1E141-2BA4-AE1D-0A80-DF79758C708C}.Release|x64.ActiveCfg = Release|x64
		{5AA1E141-2BA4-AE1D-0A80-DF79758C708C}.Release|x64.Build.0 = Release|x64
		{5AA1E141-2BA4-AE1D-0A80-DF79758C708C}.Debug|Win32.ActiveCfg = Debug|Win32
		{5AA1E141-2BA4-AE1D-0A80-DF79758C708C}.Debug|Win32.Build.0 = Debug|Win32
		{5AA1E141-2BA4-AE1D-0A80-DF79758C708C}.Debug|x64.ActiveCfg = Debug|x64
		{5AA1E141-2BA4-AE1D-0A80-DF79758C708C}.Debug|x64.Build.0 = Debug|x64
		{5AA1E141-2BA4-AE1D-0A80-DF79758C708C}.Release|Win32.ActiveCfg = Release|Win32
		{5AA1E141-2BA4-AE1D-0A80-DF79758C708C}.Release|Win32.Build.0 = Release|Win32
		{69955B42-60C7-1A54-4F09-605C08CA4D5A}.Release|x64.ActiveCfg = Release|x64
		{69955B42-60C7-1A54-4F09-605C08CA4D5A}.Release|x64.Build.0 = Release|x64
		{69955B42-60C7-1A54-4F09-605C08CA4D5A}.Debug|Win32.ActiveCfg = Debug|Win32
		{69955B42-60C7-1A54-4F09-605C08CA4D5A}.Debug|Win32.Build.0 = Debug|Win32
		{69955B42-60C7-1A54-4F09-605C08CA4D5A}.Debug|x64.ActiveCfg = Debug|x64
		{69955B42-60C7-1A54-4F09-605C08CA4D5A}.Debug|x64.Build.0 = Debug|x64
		{69955B42-60C7-1A54-4F09-605C08CA4D5A}.Release|Win32.ActiveCfg = Release|Win32
		{69955B42-60C7-1A54-4F09-605C08CA4D5A}.Release|Win32.Build.0 = Release|Win32
		{79FF0E5F-E4AD-F964-49F8-D44FDA473AE0}.Release|x64.ActiveCfg = Release|x64
		{79FF0E5F-E4AD-F964-49F8-D44FDA473AE0}.Release|x64.Build.0 = Release|x64
		{79FF0E5F-E4AD-F964-49F8-D44FDA473AE0}.Debug|Win32.ActiveCfg = Debug|Win32
		{79FF0E5F-E4AD-F964-49F8-D44FDA473AE0}.Debug|Win32.Build.0 = Debug|Win32
		{79FF0E5F-E4AD-F964-49F8-D44FDA473AE0}.Debug|x64.ActiveCfg = Debug|x64
		{79FF0E5F-E4AD-F964-49F8-D44FDA473AE0}.Debug|x64.Build.0 = Debug|x64
		{79FF0E5F-E4AD-F964-49F8-D44FDA473AE0}.Release|Win32.ActiveCfg = Release|Win32
		{79FF0E5F-E4AD-F964-49F8-D44FDA473AE0}.Release|Win32.Build.0 = Release|Win32
		{87A7950E-BFB1-64B6-B0FD-0C4BCE5B976A}.Release|x64.ActiveCfg = Release|x64
		{87A7950E-BFB1-64B6-B0FD-0C4BCE5B976A}.Release|x64.Build.0 = Release|x64
		{87A7950E-BFB1-64B6-B0FD-0C4BCE5B976A}.Debug|Win32.ActiveCfg = Debug|Win32
		{87A7950E-BFB1-64B6-B0FD-0C4BCE5B976A}.Debug|Win32.Build.0 = Debug|Win32
		{87A7950E-BFB1-64B6-B0FD-0C4BCE5B976A}.Debug|x64.ActiveCfg = Debug|x64
		{87A7950E-BFB1-64B6-B0FD-0C4BCE5B976A}.Debug|x64.Build.0 = Debug|x64
		{87A7950E-BFB1-64B6-B0FD-0C4BCE5B976A}.Release|Win32.ActiveCfg = Release|Win32
		{87A7950E-BFB1-64B6-B0FD-0C4BCE5B976A}.Release|Win32.Build.0 = Release|Win32
		{936D990A-B541-E0F5-ED8F-D57A74F9C8E1}.Release|x64.ActiveCfg = Release|x64
		{936D990A-B541-E0F5-ED8F-D57A74F9C8E1}.Release|x64.Build.0 = Release|x64
		{936D990A-B541-E0F5-ED8F-D57A74F9C8E1}.Debug|Win32.ActiveCfg = Debug|Win32
		{936D990A-B541-E0F5-ED8F-D57A74F9C8E1}.Debug|Win32.Build.0 = Debug|Win32
		{936D990A-B541-E0F5-ED8F-D57A74F9C8E1}.Debug|x64.ActiveCfg = Debug|x64
		{936D990A-B541-E0F5-ED8F-D57A74F9C8E1}.Debug|x64.Build.0 = Debug|x64
		{936D990A-B541-E0F5-ED8F-D57A74F9C8E1}.Release|Win32.ActiveCfg = Release|Win32
		{936D990A-B541-E0F5-ED8F-D57A74F9C8E1}.Release|Win32.Build.0 = Release|Win32
		{9CE5F3F1-309F-76B0-FBB2-A87AC7235B3A}.Release|x64.ActiveCfg = Release|x64
		{9CE5F3F1-309F-76B0-FBB2-A87AC7235B3A}.Release|x64.Build.0 = Release|x64
		{9CE5F3F1-309F-76B0-FBB2-A87AC7235B3A}.Debug|Win32.ActiveCfg = Debug|Win32
		{9CE5F3F1-309F-76B0-FBB2-A87AC7235B3A}.Debug|Win32.Build.0 = Debug|Win32
		{9CE5F3F1-309F-76B0-FBB2-A87AC7235B3A}.Debug|x64.ActiveCfg = Debug|x64
		{9CE5F3F1-309F-76B0-FBB2-A87AC7235B3A}.Debug|x64.Build.0 = Debug|x64
		{9CE5F3F1-309F-76B0-FBB2-A87AC7235B3A}.Release|Win32.ActiveCfg = Release|Win32
		{9CE5F3F1-309F-76B0-FBB2-A87AC7235B3A}.Release|Win32.Build.0 = Release|Win32
		{9D93AD26-CC7F-A494-7F8E-EC38B9B4FD12}.Release|x64.ActiveCfg = Release|x64
		{9D93AD26-CC7F-A494-7F8E-EC38B9B4FD12}.Release|x64.Build.0 = Release|x64
		{9D93AD26-CC7F-A494-7F8E-EC38B9B4FD12}.Debug|Win32.ActiveCfg = Debug|Win32
		{9D93AD26-CC7F-A494-7F8E-EC38B9B4FD12}.Debug|Win32.Build.0 = Debug|Win32
		{9D93AD26-CC7F-A494-7F8E-EC38B9B4FD12}.Debug|x64.ActiveCfg = Debug|x64
		{9D93AD26-CC7F-A494-7F8E-EC38B9B4FD12}.Debug|x64.Build.0 = Debug|x64
		{9D93AD26-CC7F-A494-7F8E-EC38B9B4FD12}.Release|Win32.ActiveCfg = Release|Win32
		{9D93AD26-CC7F-A494-7F8E-EC38B9B4FD12}.Release|Win32.Build.0 = Release|Win32
		{A5149FCC-2057-884B-5B95-1D5192F56307}.Release|x64.ActiveCfg = Release|x64
		{A5149FCC-2057-884B-5B95-1D5192F56307}.Release|x64.Build.0 = Release|x64
		{A5149FCC-2057-884B-5B95-1D5192F56307}.Debug|Win32.ActiveCfg = Debug|Win32
		{A5149FCC-2057-884B-5B95-1D5192F56307}.Debug|Win32.Build.0 = Debug|Win32
		{A5149FCC-2057-884B-5B95-1D5192F56307}.Debug|x64.ActiveCfg = Debug|x64
		{A5149FCC-2057-884B-5B95-1D5192F56307}.Debug|x64.Build.0 = Debug|x64
		{A5149FCC-2057-884B-5B95-1D5192F56307}.Release|Win32.ActiveCfg = Release|Win32
		{A5149FCC-2057-884B-5B95-1D5192F56307}.Release|Win32.Build.0 = Release|Win32
		{A68D727C-5830-8C6B-2FE5-0C7B70D77EEA}.Release|x64.ActiveCfg = Release|x64
		{A68D727C-5830-8C6B-2FE5-0C7B70D77EEA}.Release|x64.Build.0 = Release|x64
		{A68D727C-5830-8C6B-2FE5-0C7B70D77EEA}.Debug|Win32.ActiveCfg = Debug|Win32
		{A68D727C-5830-8C6B-2FE5-0C7B70D77EEA}.Debug|Win32.Build.0 = Debug|Win32
		{A68D727C-5830-8C6B-2FE5-0C7B70D77EEA}.Debug|x64.ActiveCfg = Debug|x64
		{A68D727C-5830-8C6B-2FE5-0C7B70D77EEA}.Debug|x64.Build.0 = Debug|x64
		{A68D727C-5830-8C6B-2FE5-0C7B70D77EEA}.Release|Win32.ActiveCfg = Release|Win32
		{A68D727C-5830-8C6B-2FE5-0C7B70D77EEA}.Release|Win32.Build.0 = Release|Win32
		{AB0E3FD1-A00D-FAE8-BB4B-F8452E2FEEF1}.Release|x64.ActiveCfg = Release|x64
		{AB0E3FD1-A00D-FAE8-BB4B-F8452E2FEEF1}.Release|x64.Build.0 = Release|x64
		{AB0E3FD1-A00D-FAE8-BB4B-F8452E2FEEF1}.Debug|Win32.ActiveCfg = Debug|Win32
		{AB0E3FD1-A00D-FAE8-BB4B-F8452E2FEEF1}.Debug|Win32.Build.0 = Debug|Win32
		{AB0E3FD1-A00D-FAE8-BB4B-F8452E2FEEF1}.Debug|x64.ActiveCfg = Debug|x64
		{AB0E3FD1-A00D-FAE8-BB4B-F8452E2FEEF1}.Debug|x64.Build.0 = Debug|x64
		{AB0E3FD1-A00D-FAE8-BB4B-F8452E2FEEF1}.Release|Win32.ActiveCfg = Release|Win32
		{AB0E3FD1-A00D-FAE8-BB4B-F8452E2FEEF1}.Release|Win32.Build.0 = Release|Win32
		{B3D87F8A-F15F-3D41-B020-4D7E0C285969}.Release|x64.ActiveCfg = Release|x64
		{B3D87F8A-F15F-3D41-B020-4D7E0C285969}.Release|x64.Build.0 = Release|x64
		{B3D87F8A-F15F-3D41-B020-4D7E0C285969}.Debug|Win32.ActiveCfg = Debug|Win32
		{B3D87F8A-F15F-3D41-B020-4D7E0C285969}.Debug|Win32.Build.0 = Debug|Win32
		{B3D87F8A-F15F-3D41-B020-4D7E0C285969}.Debug|x64.ActiveCfg = Debug|x64
		{B3D87F8A-F15F-3D41-B020-4D7E0C285969}.Debug|x64.Build.0 = Debug|x64
		{B3D87F8A-F15F-3D41-B020-4D7E0C285969}.Release|Win32.ActiveCfg = Release|Win32
		{B3D87F8A-F15F-3D41-B020-4D7E0C285969}.Release|Win32.Build.0 = Release|Win32
		{B6FE0409-F3E9-B5A5-A00D-521CD53EB030}.Release|x64.ActiveCfg = Release|x64
		{B6FE0409-F3E9-B5A5-A00D-521CD53EB030}.Release|x64.Build.0 = Release|x64
		{B6FE0409-F3E9-B5A5-A00D-521CD53EB030}.Debug|Win32.ActiveCfg = Debug|Win32
		{B6FE0409-F3E9-B5A5-A00D-521CD53EB030}.Debug|Win32.Build.0 = Debug|Win32
		{B6FE0409-F3E9-B5A5-A00D-521CD53EB030}.Debug|x64.ActiveCfg = Debug|x64
		{B6FE0409-F3E9-B5A5-A00D-521CD53EB030}.Debug|x64.Build.0 = Debug|x64
		{B6FE0409-F3E9-B5A5-A00D-521CD53EB030}.Release|Win32.ActiveCfg = Release|Win32
		{B6FE0409-F3E9-B5A5-A00D-521CD53EB030}.Release|Win32.Build.0 = Release|Win32
		{BE19830C-313D-1150-62EC-2318F5B9D358}.Release|x64.ActiveCfg = Release|x64
		{BE19830C-313D-1150-62EC-2318F5B9D358}.Release|x64.Build.0 = Release|x64
		{BE19830C-313D-1150-62EC-2318F5B9D358}.Debug|Win32.ActiveCfg = Debug|Win32
		{BE19830C-313D-1150-62EC-2318F5B9D358}.Debug|Win32.Build.0 = Debug|Win32
		{BE19830C-313D-1150-62EC-2318F5B9D358}.Debug|x64.ActiveCfg = Debug|x64
		{BE19830C-313D-1150-62EC-2318F5B9D358}.Debug|x64.Build.0 = Debug|x64
		{BE19830C-313D-1150-62EC-2318F5B9D358}.Release|Win32.ActiveCfg = Release|Win32
		{BE19830C-313D-1150-62EC-2318F5B9D358}.Release|Win32.Build.0 = Release|Win32
		{C0A333FB-D512-2854-A7C1-179E76FC1E04}.Release|x64.ActiveCfg = Release|x64
		{C0A333FB-D512-2854-A7C1-179E76FC1E04}.Release|x64.Build.0 = Release|x64
		{C0A333FB-D512-2854-A7C1-179E76FC1E04}.Debug|Win32.ActiveCfg = Debug|Win32
		{C0A333FB-D512-2854-A7C1-179E76FC1E04}.Debug|Win32.Build.0 = Debug|Win32
		{C0A333FB-D512-2854-A7C1-179E76FC1E04}.Debug|x64.ActiveCfg = Debug|x64
		{C0A333FB-D512-2854-A7C1-179E76FC1E04}.Debug|x64.Build.0 = Debug|x64
		{C0A333FB-D512-2854-A7C1-179E76FC1E04}.Release|Win32.ActiveCfg = Release|Win32
		{C0A333FB-D512-2854-A7C1-179E76FC1E04}.Release|Win32.Build.0 = Release|Win32
		{D18D0AF5-80B2-DA07-5CB9-158B0CB71C44}.Release|x64.ActiveCfg = Release|x64
		{D18D0AF5-80B2-DA07-5CB9-158B0CB71C44}.Release|x64.Build.0 = Release|x64
		{D18D0AF5-80B2-DA07-5CB9-158B0CB71C44}.Debug|Win32.ActiveCfg = Debug|Win32
		{D18D0AF5-80B2-DA07-5CB9-158B0CB71C44}.Debug|Win32.Build.0 = Debug|Win32
		{D18D0AF5-80B2-DA07-5CB9-158B0CB71C44}.Debug|x64.ActiveCfg = Debug|x64
		{D18D0AF5-80B2-DA07-5CB9-158B0CB71C44}.Debug|x64.Build.0 = Debug|x64
		{D18D0AF5-80B2-DA07-5CB9-158B0CB71C44}.Release|Win32.ActiveCfg = Release|Win32
		{D18D0AF5-80B2-DA07-5CB9-158B0CB71C44}.Release|Win32.Build.0 = Release|Win32
		{D50FBFB5-CA65-06D3-2847-DDD78B0B9145}.Release|x64.ActiveCfg = Release|x64
		{D50FBFB5-CA65-06D3-2847-DDD78B0B9145}.Release|x64.Build.0 = Release|x64
		{D50FBFB5-CA65-06D3-2847-DDD78B0B9145}.Debug|Win32.ActiveCfg = Debug|Win32
		{D50FBFB5-CA65-06D3-2847-DDD78B0B9145}.Debug|Win32.Build.0 = Debug|Win32
		{D50FBFB5-CA65-06D3-2847-DDD78B0B9145}.Debug|x64.ActiveCfg = Debug|x64
		{D50FBFB5-CA65-06D3-2847-DDD78B0B9145}.Debug|x64.Build.0 = Debug|x64
		{D50FBFB5-CA65-06D3-2847-DDD78B0B9145}.Release|Win32.ActiveCfg = Release|Win32
		{D50FBFB5-CA65-06D3-2847-DDD78B0B9145}.Release|Win32.Build.0 = Release|Win32
		{D99D7675-157E-60F5-78D5-F1048E057426}.Release|x64.ActiveCfg = Release|x64
		{D99D7675-157E-60F5-78D5-F1048E057426}.Release|x64.Build.0 = Release|x64
		{D99D7675-157E-60F5-78D5-F1048E057426}.Debug|Win32.ActiveCfg = Debug|Win32
		{D99D7675-157E-60F5-78D5-F1048E057426}.Debug|Win32.Build.0 = Debug|Win32
		{D99D7675-157E-60F5-78D5-F1048E057426}.Debug|x64.ActiveCfg = Debug|x64
		{D99D7675-157E-60F5-78D5-F1048E057426}.Debug|x64.Build.0 = Debug|x64
		{D99D7675-157E-60F5-78D5-F1048E057426}.Release|Win32.ActiveCfg = Release|Win32
		{D99D7675-157E-60F5-78D5-F1048E057426}.Release|Win32.Build.0 = Release|Win32
		{DA713A29-48FF-AD84-75ED-D279B989837D}.Release|x64.ActiveCfg = Release|x64
		{DA713A29-48FF-AD84-75ED-D279B989837D}.Release|x64.Build.0 = Release|x64
		{DA713A29-48FF-AD84-75ED-D279B989837D}.Debug|Win32.ActiveCfg = Debug|Win32
		{DA713A29-48FF-AD84-75ED-D279B989837D}.Debug|Win32.Build.0 = Debug|Win32
		{DA713A29-48FF-AD84-75ED-D279B989837D}.Debug|x64.ActiveCfg = Debug|x64
		{DA713A29-48FF-AD84-75ED-D279B989837D}.Debug|x64.Build.0 = Debug|x64
		{DA713A29-48FF-AD84-75ED-D279B989837D}.Release|Win32.ActiveCfg = Release|Win32
		{DA713A29-48FF-AD84-75ED-D279B989837D}.Release|Win32.Build.0 = Release|Win32
		{E693E61B-7879-23D5-AE8E-F1AE93E6368A}.Release|x64.ActiveCfg = Release|x64
		{E693E61B-7879-23D5-AE8E-F1AE93E6368A}.Release|x64.Build.0 = Release|x64
		{E693E61B-7879-23D5-AE8E-F1AE93E6368A}.Debug|Win32.ActiveCfg = Debug|Win32
		{E693E61B-7879-23D5-AE8E-F1AE93E6368A}.Debug|Win32.Build.0 = Debug|Win32
		{E693E61B-7879-23D5-AE8E-F1AE93E6368A}.Debug|x64.ActiveCfg = Debug|x64
		{E693E61B-7879-23D5-AE8E-F1AE93E6368A}.Debug|x64.Build.0 = Debug|x64
		{E693E61B-7879-23D5-AE8E-F1AE93E6368A}.Release|Win32.ActiveCfg = Release|Win32
		{E693E61B-7879-23D5-AE8E-F1AE93E6368A}.Release|Win32.Build.0 = Release|Win32
		{E812BA38-DB48-9088-6EA3-54C22EDD5B3B}.Release|x64.ActiveCfg = Release|x64
		{E812BA38-DB48-9088-6EA3-54C22EDD5B3B}.Release|x64.Build.0 = Release|x64
		{E812BA38-DB48-9088-6EA3-54C22EDD5B3B}.Debug|Win32.ActiveCfg = Debug|Win32
		{E812BA38-DB48-9088-6EA3-54C22EDD5B3B}.Debug|Win32.Build.0 = Debug|Win32
		{E812BA38-DB48-9088-6EA3-54C22EDD5B3B}.Debug|x64.ActiveCfg = Debug|x64
		{E812BA38-DB48-9088-6EA3-54C22EDD5B3B}.Debug|x64.Build.0 = Debug|x64
		{E812BA38-DB48-9088-6EA3-54C22EDD5B3B}.Release|Win32.ActiveCfg = Release|Win32
		{E812BA38-DB48-9088-6EA3-54C22EDD5B3B}.Release|Win32.Build.0 = Release|Win32
		{F5AD31E9-99EC-ADD3-32CE-94586929F939}.Release|x64.ActiveCfg = Release|x64
		{F5AD31E9-99EC-ADD3-32CE-94586929F939}.Release|x64.Build.0 = Release|x64
		{F5AD31E9-99EC-ADD3-32CE-94586929F939}.Debug|Win32.ActiveCfg = Debug|Win32
		{F5AD31E9-99EC-ADD3-32CE-94586929F939}.Debug|Win32.Build.0 = Debug|Win32
		{F5AD31E9-99EC-ADD3-32CE-94586929F939}.Debug|x64.ActiveCfg = Debug|x64
		{F5AD31E9-99EC-ADD3-32CE-94586929F939}.Debug|x64.Build.0 = Debug|x64
		{F5AD31E9-99EC-ADD3-32CE-94586929F939}.Release|Win32.ActiveCfg = Release|Win32
		{F5AD31E9-99EC-ADD3-32CE-94586929F939}.Release|Win32.Build.0 = Release|Win32
		{F717727F-0506-E97A-E600-3876DC85BD7F}.Release|x64.ActiveCfg = Release|x64
		{F717727F-0506-E97A-E600-3876DC85BD7F}.Release|x64.Build.0 = Release|x64
		{F717727F-0506-E97A-E600-3876DC85BD7F}.Debug|Win32.ActiveCfg = Debug|Win32
		{F717727F-0506-E97A-E600-3876DC85BD7F}.Debug|Win32.Build.0 = Debug|Win32
		{F717727F-0506-E97A-E600-3876DC85BD7F}.Debug|x64.ActiveCfg = Debug|x64
		{F717727F-0506-E97A-E600-3876DC85BD7F}.Debug|x64.Build.0 = Debug|x64
		{F717727F-0506-E97A-E600-3876DC85BD7F}.Release|Win32.ActiveCfg = Release|Win32
		{F717727F-0506-E97A-E600-3876DC85BD7F}.Release|Win32.Build.0 = Release|Win32
		{FC4DB708-3026-B564-8239-E760B61EAD3B}.Release|x64.ActiveCfg = Release|x64
		{FC4DB708-3026-B564-8239-E760B61EAD3B}.Release|x64.Build.0 = Release|x64
		{FC4DB708-3026-B564-8239-E760B61EAD3B}.Debug|Win32.ActiveCfg = Debug|Win32
		{FC4DB708-3026-B564-8239-E760B61EAD3B}.Debug|Win32.Build.0 = Debug|Win32
		{FC4DB708-3026-B564-8239-E760B61EAD3B}.Debug|x64.ActiveCfg = Debug|x64
		{FC4DB708-3026-B564-8239-E760B61EAD3B}.Debug|x64.Build.0 = Debug|x64
		{FC4DB708-3026-B564-8239-E760B61EAD3B}.Release|Win32.ActiveCfg = Release|Win32
		{FC4DB708-3026-B564-8239-E760B61EAD3B}.Release|Win32.Build.0 = Release|Win32
	EndGlobalSection
	GlobalSection(SolutionProperties) = preSolution
		HideSolutionNode = FALSE
	EndGlobalSection
	GlobalSection(NestedProjects) = preSolution
		{8E538E10-0288-F934-C0B4-A2C5684885A8} = {D5536B1B-0215-0B8D-2C6B-01AF474C999D}
		{D5536B1B-0215-0B8D-2C6B-01AF474C999D} = {7C6CDB29-38D7-8364-748C-AEAAD8CCFB36}
		{C2681D28-B474-0578-6C77-C21B094B9DEB} = {8E538E10-0288-F934-C0B4-A2C5684885A8}
		{DA713A29-48FF-AD84-75ED-D279B989837D} = {6478B9F3-4858-63F4-35F4-98A303E305F3}
		{C7F83F05-8335-05BC-FABC-52BB99106795} = {4D091BEB-A76B-E8AB-36FD-0A80BA9DE97D}
		{6478B9F3-4858-63F4-35F4-98A303E305F3} = {9785FB75-982A-5DE3-252D-3F288B9FEF5B}
		{3E7FA5AF-27B3-2DE0-883C-12F98E7F4E81} = {9785FB75-982A-5DE3-252D-3F288B9FEF5B}
		{D50FBFB5-CA65-06D3-2847-DDD78B0B9145} = {9785FB75-982A-5DE3-252D-3F288B9FEF5B}
		{9D93AD26-CC7F-A494-7F8E-EC38B9B4FD12} = {9785FB75-982A-5DE3-252D-3F288B9FEF5B}
		{D99D7675-157E-60F5-78D5-F1048E057426} = {9785FB75-982A-5DE3-252D-3F288B9FEF5B}
		{299D9456-929B-5224-943D-BFC2576C69EA} = {BC1FC5DA-9C54-7D77-0BFF-DEDDFD7A8F6C}
		{0EB25CF6-6D55-0D0B-BC2C-6FD0E2846107} = {C2681D28-B474-0578-6C77-C21B094B9DEB}
		{F5AD31E9-99EC-ADD3-32CE-94586929F939} = {2DE59335-96CE-10CA-CDE5-FEC35E3549BB}
		{16DE32C0-F219-9C1F-2AC7-6CC42C98D000} = {2DE59335-96CE-10CA-CDE5-FEC35E3549BB}
		{08FD5F8F-9C23-1331-B517-2BFF210551A4} = {2DE59335-96CE-10CA-CDE5-FEC35E3549BB}
		{AB0E3FD1-A00D-FAE8-BB4B-F8452E2FEEF1} = {A9EB8559-7015-13E0-0462-D9901FC693FD}
		{5A566D8E-9FAB-ED62-0C7C-BD22FF9AF8A2} = {96A8EC63-88DB-B85C-EEBC-43667C60DEB3}
		{33C6BC08-4B9A-F7F1-2979-A0035A291E41} = {96A8EC63-88DB-B85C-EEBC-43667C60DEB3}
		{D18D0AF5-80B2-DA07-5CB9-158B0CB71C44} = {96A8EC63-88DB-B85C-EEBC-43667C60DEB3}
		{79FF0E5F-E4AD-F964-49F8-D44FDA473AE0} = {96A8EC63-88DB-B85C-EEBC-43667C60DEB3}
		{F717727F-0506-E97A-E600-3876DC85BD7F} = {91989827-5B0C-52D9-1FE9-9553D672A5E7}
		{BE19830C-313D-1150-62EC-2318F5B9D358} = {CD014008-1CDB-809B-D770-C67A261539F7}
		{4AB2CF6C-E2FB-6528-F0E4-4541C3057B7D} = {CD014008-1CDB-809B-D770-C67A261539F7}
		{87A7950E-BFB1-64B6-B0FD-0C4BCE5B976A} = {CD014008-1CDB-809B-D770-C67A261539F7}
		{1A653DC2-41A9-2396-0346-EE43D177A8A7} = {5B17195B-58DF-4533-4FE7-D2747913694E}
		{215C85FC-B1B9-4262-B715-0E603DDCDA93} = {5B17195B-58DF-4533-4FE7-D2747913694E}
		{A68D727C-5830-8C6B-2FE5-0C7B70D77EEA} = {5B17195B-58DF-4533-4FE7-D2747913694E}
		{4FC42565-CFE6-66B8-B658-691689860DE5} = {50DBFEE1-F6C6-1894-0AB5-00387FE393EB}
		{FC4DB708-3026-B564-8239-E760B61EAD3B} = {50DBFEE1-F6C6-1894-0AB5-00387FE393EB}
		{B3D87F8A-F15F-3D41-B020-4D7E0C285969} = {50DBFEE1-F6C6-1894-0AB5-00387FE393EB}
		{936D990A-B541-E0F5-ED8F-D57A74F9C8E1} = {C7F83F05-8335-05BC-FABC-52BB99106795}
		{0F2A8D21-3C46-36FF-9B7C-17DED3F40483} = {299D9456-929B-5224-943D-BFC2576C69EA}
		{69955B42-60C7-1A54-4F09-605C08CA4D5A} = {EAC80D00-01D2-3F49-A377-20B7154947F3}
		{2A9A7E67-59FA-DECD-1E43-E30505F2ADAA} = {EAC80D00-01D2-3F49-A377-20B7154947F3}
		{3CF939D9-AF79-E950-D740-3EAD990C3F77} = {EAC80D00-01D2-3F49-A377-20B7154947F3}
		{C0A333FB-D512-2854-A7C1-179E76FC1E04} = {3E7FA5AF-27B3-2DE0-883C-12F98E7F4E81}
		{91989827-5B0C-52D9-1FE9-9553D672A5E7} = {5A566D8E-9FAB-ED62-0C7C-BD22FF9AF8A2}
		{7C6CDB29-38D7-8364-748C-AEAAD8CCFB36} = {89C816A7-DD31-D54C-C69C-5A80E0C49B77}
		{2DE59335-96CE-10CA-CDE5-FEC35E3549BB} = {89C816A7-DD31-D54C-C69C-5A80E0C49B77}
		{A9EB8559-7015-13E0-0462-D9901FC693FD} = {89C816A7-DD31-D54C-C69C-5A80E0C49B77}
		{CD014008-1CDB-809B-D770-C67A261539F7} = {89C816A7-DD31-D54C-C69C-5A80E0C49B77}
		{15CFB960-ABBB-C12A-9596-264134BDEEEA} = {89C816A7-DD31-D54C-C69C-5A80E0C49B77}
		{13F6B6CC-FB5B-9F86-3A2A-B7467E848E5E} = {89C816A7-DD31-D54C-C69C-5A80E0C49B77}
		{3281B1F5-B06C-7DB2-9C80-A2DC2CBC8318} = {89C816A7-DD31-D54C-C69C-5A80E0C49B77}
		{E812BA38-DB48-9088-6EA3-54C22EDD5B3B} = {89C816A7-DD31-D54C-C69C-5A80E0C49B77}
		{E693E61B-7879-23D5-AE8E-F1AE93E6368A} = {89C816A7-DD31-D54C-C69C-5A80E0C49B77}
		{4D091BEB-A76B-E8AB-36FD-0A80BA9DE97D} = {644B7826-0417-C19E-B1ED-C0BF73289DEE}
		{50DBFEE1-F6C6-1894-0AB5-00387FE393EB} = {644B7826-0417-C19E-B1ED-C0BF73289DEE}
		{A5149FCC-2057-884B-5B95-1D5192F56307} = {644B7826-0417-C19E-B1ED-C0BF73289DEE}
		{5AA1E141-2BA4-AE1D-0A80-DF79758C708C} = {644B7826-0417-C19E-B1ED-C0BF73289DEE}
	EndGlobalSection
EndGlobal
