Microsoft Visual Studio Solution File, Format Version 12.00
# Visual Studio 2012
Project("{2150E333-8FDC-42A3-9474-1A3956D46DE8}") = "(allocator)", "..\..\base\allocator", "{6478B9F3-4858-63F4-35F4-98A303E305F3}"
EndProject
Project("{2150E333-8FDC-42A3-9474-1A3956D46DE8}") = "(base)", "..\..\base", "{9785FB75-982A-5DE3-252D-3F288B9FEF5B}"
EndProject
Project("{2150E333-8FDC-42A3-9474-1A3956D46DE8}") = "(dynamic_annotations)", "..\..\base\third_party\dynamic_annotations", "{EF1E4970-C119-B0D7-F5D6-321C6AE66EDC}"
EndProject
Project("{2150E333-8FDC-42A3-9474-1A3956D46DE8}") = "(icu)", "..\..\third_party\icu", "{2DE59335-96CE-10CA-CDE5-FEC35E3549BB}"
EndProject
Project("{2150E333-8FDC-42A3-9474-1A3956D46DE8}") = "(testing)", "..\..\testing", "{EAC80D00-01D2-3F49-A377-20B7154947F3}"
EndProject
Project("{2150E333-8FDC-42A3-9474-1A3956D46DE8}") = "(third_party)", "..\..\base\third_party", "{3E7FA5AF-27B3-2DE0-883C-12F98E7F4E81}"
EndProject
Project("{2150E333-8FDC-42A3-9474-1A3956D46DE8}") = "(third_party)", "..\..\third_party", "{89C816A7-DD31-D54C-C69C-5A80E0C49B77}"
EndProject
Project("{8BC9CEB8-8B4A-11D0-8D11-00A0C91BC942}") = "allocator_extension_thunks", "allocator\allocator_extension_thunks.vcxproj", "{DA713A29-48FF-AD84-75ED-D279B989837D}"
EndProject
Project("{8BC9CEB8-8B4A-11D0-8D11-00A0C91BC942}") = "allocator_extension_thunks_win64", "allocator\allocator_extension_thunks_win64.vcxproj", "{D8360980-C9D3-B9D6-4CC7-AD5E0FBA8854}"
EndProject
Project("{8BC9CEB8-8B4A-11D0-8D11-00A0C91BC942}") = "base", "base.vcxproj", "{D50FBFB5-CA65-06D3-2847-DDD78B0B9145}"
	ProjectSection(ProjectDependencies) = postProject
		{3CF939D9-AF79-E950-D740-3EAD990C3F77} = {3CF939D9-AF79-E950-D740-3EAD990C3F77}
	EndProjectSection
EndProject
Project("{8BC9CEB8-8B4A-11D0-8D11-00A0C91BC942}") = "base_i18n", "base_i18n.vcxproj", "{9D93AD26-CC7F-A494-7F8E-EC38B9B4FD12}"
EndProject
Project("{8BC9CEB8-8B4A-11D0-8D11-00A0C91BC942}") = "base_i18n_nacl_win64", "base_i18n_nacl_win64.vcxproj", "{EB3B759E-723A-30BE-9B35-63D0CF0702F8}"
EndProject
Project("{8BC9CEB8-8B4A-11D0-8D11-00A0C91BC942}") = "base_nacl_win64", "base_nacl_win64.vcxproj", "{3742455E-AF73-4292-A204-1E48D965A515}"
EndProject
Project("{8BC9CEB8-8B4A-11D0-8D11-00A0C91BC942}") = "base_prefs", "base_prefs.vcxproj", "{890692AC-B539-1082-5471-202ADDD04872}"
EndProject
Project("{8BC9CEB8-8B4A-11D0-8D11-00A0C91BC942}") = "base_prefs_test_support", "base_prefs_test_support.vcxproj", "{790C3704-C18C-B0FA-C378-D6DD60E6A732}"
EndProject
Project("{8BC9CEB8-8B4A-11D0-8D11-00A0C91BC942}") = "base_static", "base_static.vcxproj", "{D99D7675-157E-60F5-78D5-F1048E057426}"
EndProject
Project("{8BC9CEB8-8B4A-11D0-8D11-00A0C91BC942}") = "base_static_win64", "base_static_win64.vcxproj", "{02F05989-069F-1AC2-119C-CB13E174AC68}"
EndProject
Project("{8BC9CEB8-8B4A-11D0-8D11-00A0C91BC942}") = "base_unittests", "base_unittests.vcxproj", "{BCDB3364-30E2-BDFA-5853-8628F195FB40}"
	ProjectSection(ProjectDependencies) = postProject
		{D50FBFB5-CA65-06D3-2847-DDD78B0B9145} = {D50FBFB5-CA65-06D3-2847-DDD78B0B9145}
		{9D93AD26-CC7F-A494-7F8E-EC38B9B4FD12} = {9D93AD26-CC7F-A494-7F8E-EC38B9B4FD12}
		{890692AC-B539-1082-5471-202ADDD04872} = {890692AC-B539-1082-5471-202ADDD04872}
		{790C3704-C18C-B0FA-C378-D6DD60E6A732} = {790C3704-C18C-B0FA-C378-D6DD60E6A732}
		{D99D7675-157E-60F5-78D5-F1048E057426} = {D99D7675-157E-60F5-78D5-F1048E057426}
		{3251C607-5000-807C-4D6A-A12E2D8B0732} = {3251C607-5000-807C-4D6A-A12E2D8B0732}
		{106D76B1-E1D5-1B6B-0673-56E01FF399ED} = {106D76B1-E1D5-1B6B-0673-56E01FF399ED}
		{C0A333FB-D512-2854-A7C1-179E76FC1E04} = {C0A333FB-D512-2854-A7C1-179E76FC1E04}
		{69955B42-60C7-1A54-4F09-605C08CA4D5A} = {69955B42-60C7-1A54-4F09-605C08CA4D5A}
		{2A9A7E67-59FA-DECD-1E43-E30505F2ADAA} = {2A9A7E67-59FA-DECD-1E43-E30505F2ADAA}
		{16DE32C0-F219-9C1F-2AC7-6CC42C98D000} = {16DE32C0-F219-9C1F-2AC7-6CC42C98D000}
		{08FD5F8F-9C23-1331-B517-2BFF210551A4} = {08FD5F8F-9C23-1331-B517-2BFF210551A4}
		{F5AD31E9-99EC-ADD3-32CE-94586929F939} = {F5AD31E9-99EC-ADD3-32CE-94586929F939}
		{DA713A29-48FF-AD84-75ED-D279B989837D} = {DA713A29-48FF-AD84-75ED-D279B989837D}
		{3CF939D9-AF79-E950-D740-3EAD990C3F77} = {3CF939D9-AF79-E950-D740-3EAD990C3F77}
		{13F6B6CC-FB5B-9F86-3A2A-B7467E848E5E} = {13F6B6CC-FB5B-9F86-3A2A-B7467E848E5E}
	EndProjectSection
EndProject
Project("{8BC9CEB8-8B4A-11D0-8D11-00A0C91BC942}") = "base_unittests_run", "base_unittests_run.vcxproj", "{D1FCEEE7-36A6-AE94-D63B-C28F6DEDDA4A}"
	ProjectSection(ProjectDependencies) = postProject
		{BCDB3364-30E2-BDFA-5853-8628F195FB40} = {BCDB3364-30E2-BDFA-5853-8628F195FB40}
	EndProjectSection
EndProject
Project("{8BC9CEB8-8B4A-11D0-8D11-00A0C91BC942}") = "check_example", "check_example.vcxproj", "{CC93FA66-ED55-C9C1-2C56-845040CA4200}"
	ProjectSection(ProjectDependencies) = postProject
		{D50FBFB5-CA65-06D3-2847-DDD78B0B9145} = {D50FBFB5-CA65-06D3-2847-DDD78B0B9145}
		{D99D7675-157E-60F5-78D5-F1048E057426} = {D99D7675-157E-60F5-78D5-F1048E057426}
		{DA713A29-48FF-AD84-75ED-D279B989837D} = {DA713A29-48FF-AD84-75ED-D279B989837D}
		{3CF939D9-AF79-E950-D740-3EAD990C3F77} = {3CF939D9-AF79-E950-D740-3EAD990C3F77}
		{13F6B6CC-FB5B-9F86-3A2A-B7467E848E5E} = {13F6B6CC-FB5B-9F86-3A2A-B7467E848E5E}
		{C0A333FB-D512-2854-A7C1-179E76FC1E04} = {C0A333FB-D512-2854-A7C1-179E76FC1E04}
	EndProjectSection
EndProject
Project("{8BC9CEB8-8B4A-11D0-8D11-00A0C91BC942}") = "debug_message", "debug_message.vcxproj", "{35F0CCA6-3BC0-711C-AA5B-661B22E088B1}"
EndProject
Project("{8BC9CEB8-8B4A-11D0-8D11-00A0C91BC942}") = "dynamic_annotations", "third_party\dynamic_annotations\dynamic_annotations.vcxproj", "{C0A333FB-D512-2854-A7C1-179E76FC1E04}"
EndProject
Project("{8BC9CEB8-8B4A-11D0-8D11-00A0C91BC942}") = "dynamic_annotations_win64", "third_party\dynamic_annotations\dynamic_annotations_win64.vcxproj", "{4F5CAF87-B942-C5E5-7637-9CE841E7AF2A}"
EndProject
Project("{8BC9CEB8-8B4A-11D0-8D11-00A0C91BC942}") = "gmock", "..\testing\gmock.vcxproj", "{69955B42-60C7-1A54-4F09-605C08CA4D5A}"
EndProject
Project("{8BC9CEB8-8B4A-11D0-8D11-00A0C91BC942}") = "gtest", "..\testing\gtest.vcxproj", "{2A9A7E67-59FA-DECD-1E43-E30505F2ADAA}"
	ProjectSection(ProjectDependencies) = postProject
		{3CF939D9-AF79-E950-D740-3EAD990C3F77} = {3CF939D9-AF79-E950-D740-3EAD990C3F77}
	EndProjectSection
EndProject
Project("{8BC9CEB8-8B4A-11D0-8D11-00A0C91BC942}") = "gtest_prod", "..\testing\gtest_prod.vcxproj", "{3CF939D9-AF79-E950-D740-3EAD990C3F77}"
EndProject
Project("{8BC9CEB8-8B4A-11D0-8D11-00A0C91BC942}") = "icudata", "..\third_party\icu\icudata.vcxproj", "{F5AD31E9-99EC-ADD3-32CE-94586929F939}"
EndProject
Project("{8BC9CEB8-8B4A-11D0-8D11-00A0C91BC942}") = "icui18n", "..\third_party\icu\icui18n.vcxproj", "{16DE32C0-F219-9C1F-2AC7-6CC42C98D000}"
EndProject
Project("{8BC9CEB8-8B4A-11D0-8D11-00A0C91BC942}") = "icuuc", "..\third_party\icu\icuuc.vcxproj", "{08FD5F8F-9C23-1331-B517-2BFF210551A4}"
	ProjectSection(ProjectDependencies) = postProject
		{F5AD31E9-99EC-ADD3-32CE-94586929F939} = {F5AD31E9-99EC-ADD3-32CE-94586929F939}
	EndProjectSection
EndProject
Project("{8BC9CEB8-8B4A-11D0-8D11-00A0C91BC942}") = "modp_b64", "..\third_party\modp_b64\modp_b64.vcxproj", "{13F6B6CC-FB5B-9F86-3A2A-B7467E848E5E}"
EndProject
Project("{8BC9CEB8-8B4A-11D0-8D11-00A0C91BC942}") = "run_all_unittests", "run_all_unittests.vcxproj", "{3251C607-5000-807C-4D6A-A12E2D8B0732}"
EndProject
Project("{8BC9CEB8-8B4A-11D0-8D11-00A0C91BC942}") = "test_support_base", "test_support_base.vcxproj", "{106D76B1-E1D5-1B6B-0673-56E01FF399ED}"
EndProject
Project("{8BC9CEB8-8B4A-11D0-8D11-00A0C91BC942}") = "test_support_perf", "test_support_perf.vcxproj", "{9C255753-641B-5B49-28E7-BE2969D1F659}"
EndProject
Global
	GlobalSection(SolutionConfigurationPlatforms) = preSolution
		Release|x64 = Release|x64
		Debug|Win32 = Debug|Win32
		Debug|x64 = Debug|x64
		Release|Win32 = Release|Win32
	EndGlobalSection
	GlobalSection(ProjectConfigurationPlatforms) = postSolution
		{02F05989-069F-1AC2-119C-CB13E174AC68}.Release|x64.ActiveCfg = Release|x64
		{02F05989-069F-1AC2-119C-CB13E174AC68}.Release|x64.Build.0 = Release|x64
		{02F05989-069F-1AC2-119C-CB13E174AC68}.Debug|Win32.ActiveCfg = Debug|x64
		{02F05989-069F-1AC2-119C-CB13E174AC68}.Debug|Win32.Build.0 = Debug|x64
		{02F05989-069F-1AC2-119C-CB13E174AC68}.Debug|x64.ActiveCfg = Debug|x64
		{02F05989-069F-1AC2-119C-CB13E174AC68}.Debug|x64.Build.0 = Debug|x64
		{02F05989-069F-1AC2-119C-CB13E174AC68}.Release|Win32.ActiveCfg = Release|x64
		{02F05989-069F-1AC2-119C-CB13E174AC68}.Release|Win32.Build.0 = Release|x64
		{08FD5F8F-9C23-1331-B517-2BFF210551A4}.Release|x64.ActiveCfg = Release|x64
		{08FD5F8F-9C23-1331-B517-2BFF210551A4}.Release|x64.Build.0 = Release|x64
		{08FD5F8F-9C23-1331-B517-2BFF210551A4}.Debug|Win32.ActiveCfg = Debug|Win32
		{08FD5F8F-9C23-1331-B517-2BFF210551A4}.Debug|Win32.Build.0 = Debug|Win32
		{08FD5F8F-9C23-1331-B517-2BFF210551A4}.Debug|x64.ActiveCfg = Debug|x64
		{08FD5F8F-9C23-1331-B517-2BFF210551A4}.Debug|x64.Build.0 = Debug|x64
		{08FD5F8F-9C23-1331-B517-2BFF210551A4}.Release|Win32.ActiveCfg = Release|Win32
		{08FD5F8F-9C23-1331-B517-2BFF210551A4}.Release|Win32.Build.0 = Release|Win32
		{106D76B1-E1D5-1B6B-0673-56E01FF399ED}.Release|x64.ActiveCfg = Release|x64
		{106D76B1-E1D5-1B6B-0673-56E01FF399ED}.Release|x64.Build.0 = Release|x64
		{106D76B1-E1D5-1B6B-0673-56E01FF399ED}.Debug|Win32.ActiveCfg = Debug|Win32
		{106D76B1-E1D5-1B6B-0673-56E01FF399ED}.Debug|Win32.Build.0 = Debug|Win32
		{106D76B1-E1D5-1B6B-0673-56E01FF399ED}.Debug|x64.ActiveCfg = Debug|x64
		{106D76B1-E1D5-1B6B-0673-56E01FF399ED}.Debug|x64.Build.0 = Debug|x64
		{106D76B1-E1D5-1B6B-0673-56E01FF399ED}.Release|Win32.ActiveCfg = Release|Win32
		{106D76B1-E1D5-1B6B-0673-56E01FF399ED}.Release|Win32.Build.0 = Release|Win32
		{13F6B6CC-FB5B-9F86-3A2A-B7467E848E5E}.Release|x64.ActiveCfg = Release|x64
		{13F6B6CC-FB5B-9F86-3A2A-B7467E848E5E}.Release|x64.Build.0 = Release|x64
		{13F6B6CC-FB5B-9F86-3A2A-B7467E848E5E}.Debug|Win32.ActiveCfg = Debug|Win32
		{13F6B6CC-FB5B-9F86-3A2A-B7467E848E5E}.Debug|Win32.Build.0 = Debug|Win32
		{13F6B6CC-FB5B-9F86-3A2A-B7467E848E5E}.Debug|x64.ActiveCfg = Debug|x64
		{13F6B6CC-FB5B-9F86-3A2A-B7467E848E5E}.Debug|x64.Build.0 = Debug|x64
		{13F6B6CC-FB5B-9F86-3A2A-B7467E848E5E}.Release|Win32.ActiveCfg = Release|Win32
		{13F6B6CC-FB5B-9F86-3A2A-B7467E848E5E}.Release|Win32.Build.0 = Release|Win32
		{16DE32C0-F219-9C1F-2AC7-6CC42C98D000}.Release|x64.ActiveCfg = Release|x64
		{16DE32C0-F219-9C1F-2AC7-6CC42C98D000}.Release|x64.Build.0 = Release|x64
		{16DE32C0-F219-9C1F-2AC7-6CC42C98D000}.Debug|Win32.ActiveCfg = Debug|Win32
		{16DE32C0-F219-9C1F-2AC7-6CC42C98D000}.Debug|Win32.Build.0 = Debug|Win32
		{16DE32C0-F219-9C1F-2AC7-6CC42C98D000}.Debug|x64.ActiveCfg = Debug|x64
		{16DE32C0-F219-9C1F-2AC7-6CC42C98D000}.Debug|x64.Build.0 = Debug|x64
		{16DE32C0-F219-9C1F-2AC7-6CC42C98D000}.Release|Win32.ActiveCfg = Release|Win32
		{16DE32C0-F219-9C1F-2AC7-6CC42C98D000}.Release|Win32.Build.0 = Release|Win32
		{2A9A7E67-59FA-DECD-1E43-E30505F2ADAA}.Release|x64.ActiveCfg = Release|x64
		{2A9A7E67-59FA-DECD-1E43-E30505F2ADAA}.Release|x64.Build.0 = Release|x64
		{2A9A7E67-59FA-DECD-1E43-E30505F2ADAA}.Debug|Win32.ActiveCfg = Debug|Win32
		{2A9A7E67-59FA-DECD-1E43-E30505F2ADAA}.Debug|Win32.Build.0 = Debug|Win32
		{2A9A7E67-59FA-DECD-1E43-E30505F2ADAA}.Debug|x64.ActiveCfg = Debug|x64
		{2A9A7E67-59FA-DECD-1E43-E30505F2ADAA}.Debug|x64.Build.0 = Debug|x64
		{2A9A7E67-59FA-DECD-1E43-E30505F2ADAA}.Release|Win32.ActiveCfg = Release|Win32
		{2A9A7E67-59FA-DECD-1E43-E30505F2ADAA}.Release|Win32.Build.0 = Release|Win32
		{3251C607-5000-807C-4D6A-A12E2D8B0732}.Release|x64.ActiveCfg = Release|x64
		{3251C607-5000-807C-4D6A-A12E2D8B0732}.Release|x64.Build.0 = Release|x64
		{3251C607-5000-807C-4D6A-A12E2D8B0732}.Debug|Win32.ActiveCfg = Debug|Win32
		{3251C607-5000-807C-4D6A-A12E2D8B0732}.Debug|Win32.Build.0 = Debug|Win32
		{3251C607-5000-807C-4D6A-A12E2D8B0732}.Debug|x64.ActiveCfg = Debug|x64
		{3251C607-5000-807C-4D6A-A12E2D8B0732}.Debug|x64.Build.0 = Debug|x64
		{3251C607-5000-807C-4D6A-A12E2D8B0732}.Release|Win32.ActiveCfg = Release|Win32
		{3251C607-5000-807C-4D6A-A12E2D8B0732}.Release|Win32.Build.0 = Release|Win32
		{35F0CCA6-3BC0-711C-AA5B-661B22E088B1}.Release|x64.ActiveCfg = Release|x64
		{35F0CCA6-3BC0-711C-AA5B-661B22E088B1}.Release|x64.Build.0 = Release|x64
		{35F0CCA6-3BC0-711C-AA5B-661B22E088B1}.Debug|Win32.ActiveCfg = Debug|Win32
		{35F0CCA6-3BC0-711C-AA5B-661B22E088B1}.Debug|Win32.Build.0 = Debug|Win32
		{35F0CCA6-3BC0-711C-AA5B-661B22E088B1}.Debug|x64.ActiveCfg = Debug|x64
		{35F0CCA6-3BC0-711C-AA5B-661B22E088B1}.Debug|x64.Build.0 = Debug|x64
		{35F0CCA6-3BC0-711C-AA5B-661B22E088B1}.Release|Win32.ActiveCfg = Release|Win32
		{35F0CCA6-3BC0-711C-AA5B-661B22E088B1}.Release|Win32.Build.0 = Release|Win32
		{3742455E-AF73-4292-A204-1E48D965A515}.Release|x64.ActiveCfg = Release|x64
		{3742455E-AF73-4292-A204-1E48D965A515}.Release|x64.Build.0 = Release|x64
		{3742455E-AF73-4292-A204-1E48D965A515}.Debug|Win32.ActiveCfg = Debug|x64
		{3742455E-AF73-4292-A204-1E48D965A515}.Debug|Win32.Build.0 = Debug|x64
		{3742455E-AF73-4292-A204-1E48D965A515}.Debug|x64.ActiveCfg = Debug|x64
		{3742455E-AF73-4292-A204-1E48D965A515}.Debug|x64.Build.0 = Debug|x64
		{3742455E-AF73-4292-A204-1E48D965A515}.Release|Win32.ActiveCfg = Release|x64
		{3742455E-AF73-4292-A204-1E48D965A515}.Release|Win32.Build.0 = Release|x64
		{3CF939D9-AF79-E950-D740-3EAD990C3F77}.Release|x64.ActiveCfg = Release|x64
		{3CF939D9-AF79-E950-D740-3EAD990C3F77}.Release|x64.Build.0 = Release|x64
		{3CF939D9-AF79-E950-D740-3EAD990C3F77}.Debug|Win32.ActiveCfg = Debug|Win32
		{3CF939D9-AF79-E950-D740-3EAD990C3F77}.Debug|Win32.Build.0 = Debug|Win32
		{3CF939D9-AF79-E950-D740-3EAD990C3F77}.Debug|x64.ActiveCfg = Debug|x64
		{3CF939D9-AF79-E950-D740-3EAD990C3F77}.Debug|x64.Build.0 = Debug|x64
		{3CF939D9-AF79-E950-D740-3EAD990C3F77}.Release|Win32.ActiveCfg = Release|Win32
		{3CF939D9-AF79-E950-D740-3EAD990C3F77}.Release|Win32.Build.0 = Release|Win32
		{4F5CAF87-B942-C5E5-7637-9CE841E7AF2A}.Release|x64.ActiveCfg = Release|x64
		{4F5CAF87-B942-C5E5-7637-9CE841E7AF2A}.Release|x64.Build.0 = Release|x64
		{4F5CAF87-B942-C5E5-7637-9CE841E7AF2A}.Debug|Win32.ActiveCfg = Debug|x64
		{4F5CAF87-B942-C5E5-7637-9CE841E7AF2A}.Debug|Win32.Build.0 = Debug|x64
		{4F5CAF87-B942-C5E5-7637-9CE841E7AF2A}.Debug|x64.ActiveCfg = Debug|x64
		{4F5CAF87-B942-C5E5-7637-9CE841E7AF2A}.Debug|x64.Build.0 = Debug|x64
		{4F5CAF87-B942-C5E5-7637-9CE841E7AF2A}.Release|Win32.ActiveCfg = Release|x64
		{4F5CAF87-B942-C5E5-7637-9CE841E7AF2A}.Release|Win32.Build.0 = Release|x64
		{69955B42-60C7-1A54-4F09-605C08CA4D5A}.Release|x64.ActiveCfg = Release|x64
		{69955B42-60C7-1A54-4F09-605C08CA4D5A}.Release|x64.Build.0 = Release|x64
		{69955B42-60C7-1A54-4F09-605C08CA4D5A}.Debug|Win32.ActiveCfg = Debug|Win32
		{69955B42-60C7-1A54-4F09-605C08CA4D5A}.Debug|Win32.Build.0 = Debug|Win32
		{69955B42-60C7-1A54-4F09-605C08CA4D5A}.Debug|x64.ActiveCfg = Debug|x64
		{69955B42-60C7-1A54-4F09-605C08CA4D5A}.Debug|x64.Build.0 = Debug|x64
		{69955B42-60C7-1A54-4F09-605C08CA4D5A}.Release|Win32.ActiveCfg = Release|Win32
		{69955B42-60C7-1A54-4F09-605C08CA4D5A}.Release|Win32.Build.0 = Release|Win32
		{790C3704-C18C-B0FA-C378-D6DD60E6A732}.Release|x64.ActiveCfg = Release|x64
		{790C3704-C18C-B0FA-C378-D6DD60E6A732}.Release|x64.Build.0 = Release|x64
		{790C3704-C18C-B0FA-C378-D6DD60E6A732}.Debug|Win32.ActiveCfg = Debug|Win32
		{790C3704-C18C-B0FA-C378-D6DD60E6A732}.Debug|Win32.Build.0 = Debug|Win32
		{790C3704-C18C-B0FA-C378-D6DD60E6A732}.Debug|x64.ActiveCfg = Debug|x64
		{790C3704-C18C-B0FA-C378-D6DD60E6A732}.Debug|x64.Build.0 = Debug|x64
		{790C3704-C18C-B0FA-C378-D6DD60E6A732}.Release|Win32.ActiveCfg = Release|Win32
		{790C3704-C18C-B0FA-C378-D6DD60E6A732}.Release|Win32.Build.0 = Release|Win32
		{890692AC-B539-1082-5471-202ADDD04872}.Release|x64.ActiveCfg = Release|x64
		{890692AC-B539-1082-5471-202ADDD04872}.Release|x64.Build.0 = Release|x64
		{890692AC-B539-1082-5471-202ADDD04872}.Debug|Win32.ActiveCfg = Debug|Win32
		{890692AC-B539-1082-5471-202ADDD04872}.Debug|Win32.Build.0 = Debug|Win32
		{890692AC-B539-1082-5471-202ADDD04872}.Debug|x64.ActiveCfg = Debug|x64
		{890692AC-B539-1082-5471-202ADDD04872}.Debug|x64.Build.0 = Debug|x64
		{890692AC-B539-1082-5471-202ADDD04872}.Release|Win32.ActiveCfg = Release|Win32
		{890692AC-B539-1082-5471-202ADDD04872}.Release|Win32.Build.0 = Release|Win32
		{9C255753-641B-5B49-28E7-BE2969D1F659}.Release|x64.ActiveCfg = Release|x64
		{9C255753-641B-5B49-28E7-BE2969D1F659}.Release|x64.Build.0 = Release|x64
		{9C255753-641B-5B49-28E7-BE2969D1F659}.Debug|Win32.ActiveCfg = Debug|Win32
		{9C255753-641B-5B49-28E7-BE2969D1F659}.Debug|Win32.Build.0 = Debug|Win32
		{9C255753-641B-5B49-28E7-BE2969D1F659}.Debug|x64.ActiveCfg = Debug|x64
		{9C255753-641B-5B49-28E7-BE2969D1F659}.Debug|x64.Build.0 = Debug|x64
		{9C255753-641B-5B49-28E7-BE2969D1F659}.Release|Win32.ActiveCfg = Release|Win32
		{9C255753-641B-5B49-28E7-BE2969D1F659}.Release|Win32.Build.0 = Release|Win32
		{9D93AD26-CC7F-A494-7F8E-EC38B9B4FD12}.Release|x64.ActiveCfg = Release|x64
		{9D93AD26-CC7F-A494-7F8E-EC38B9B4FD12}.Release|x64.Build.0 = Release|x64
		{9D93AD26-CC7F-A494-7F8E-EC38B9B4FD12}.Debug|Win32.ActiveCfg = Debug|Win32
		{9D93AD26-CC7F-A494-7F8E-EC38B9B4FD12}.Debug|Win32.Build.0 = Debug|Win32
		{9D93AD26-CC7F-A494-7F8E-EC38B9B4FD12}.Debug|x64.ActiveCfg = Debug|x64
		{9D93AD26-CC7F-A494-7F8E-EC38B9B4FD12}.Debug|x64.Build.0 = Debug|x64
		{9D93AD26-CC7F-A494-7F8E-EC38B9B4FD12}.Release|Win32.ActiveCfg = Release|Win32
		{9D93AD26-CC7F-A494-7F8E-EC38B9B4FD12}.Release|Win32.Build.0 = Release|Win32
		{BCDB3364-30E2-BDFA-5853-8628F195FB40}.Release|x64.ActiveCfg = Release|x64
		{BCDB3364-30E2-BDFA-5853-8628F195FB40}.Release|x64.Build.0 = Release|x64
		{BCDB3364-30E2-BDFA-5853-8628F195FB40}.Debug|Win32.ActiveCfg = Debug|Win32
		{BCDB3364-30E2-BDFA-5853-8628F195FB40}.Debug|Win32.Build.0 = Debug|Win32
		{BCDB3364-30E2-BDFA-5853-8628F195FB40}.Debug|x64.ActiveCfg = Debug|x64
		{BCDB3364-30E2-BDFA-5853-8628F195FB40}.Debug|x64.Build.0 = Debug|x64
		{BCDB3364-30E2-BDFA-5853-8628F195FB40}.Release|Win32.ActiveCfg = Release|Win32
		{BCDB3364-30E2-BDFA-5853-8628F195FB40}.Release|Win32.Build.0 = Release|Win32
		{C0A333FB-D512-2854-A7C1-179E76FC1E04}.Release|x64.ActiveCfg = Release|x64
		{C0A333FB-D512-2854-A7C1-179E76FC1E04}.Release|x64.Build.0 = Release|x64
		{C0A333FB-D512-2854-A7C1-179E76FC1E04}.Debug|Win32.ActiveCfg = Debug|Win32
		{C0A333FB-D512-2854-A7C1-179E76FC1E04}.Debug|Win32.Build.0 = Debug|Win32
		{C0A333FB-D512-2854-A7C1-179E76FC1E04}.Debug|x64.ActiveCfg = Debug|x64
		{C0A333FB-D512-2854-A7C1-179E76FC1E04}.Debug|x64.Build.0 = Debug|x64
		{C0A333FB-D512-2854-A7C1-179E76FC1E04}.Release|Win32.ActiveCfg = Release|Win32
		{C0A333FB-D512-2854-A7C1-179E76FC1E04}.Release|Win32.Build.0 = Release|Win32
		{CC93FA66-ED55-C9C1-2C56-845040CA4200}.Release|x64.ActiveCfg = Release|x64
		{CC93FA66-ED55-C9C1-2C56-845040CA4200}.Release|x64.Build.0 = Release|x64
		{CC93FA66-ED55-C9C1-2C56-845040CA4200}.Debug|Win32.ActiveCfg = Debug|Win32
		{CC93FA66-ED55-C9C1-2C56-845040CA4200}.Debug|Win32.Build.0 = Debug|Win32
		{CC93FA66-ED55-C9C1-2C56-845040CA4200}.Debug|x64.ActiveCfg = Debug|x64
		{CC93FA66-ED55-C9C1-2C56-845040CA4200}.Debug|x64.Build.0 = Debug|x64
		{CC93FA66-ED55-C9C1-2C56-845040CA4200}.Release|Win32.ActiveCfg = Release|Win32
		{CC93FA66-ED55-C9C1-2C56-845040CA4200}.Release|Win32.Build.0 = Release|Win32
		{D1FCEEE7-36A6-AE94-D63B-C28F6DEDDA4A}.Release|x64.ActiveCfg = Release|x64
		{D1FCEEE7-36A6-AE94-D63B-C28F6DEDDA4A}.Release|x64.Build.0 = Release|x64
		{D1FCEEE7-36A6-AE94-D63B-C28F6DEDDA4A}.Debug|Win32.ActiveCfg = Debug|Win32
		{D1FCEEE7-36A6-AE94-D63B-C28F6DEDDA4A}.Debug|Win32.Build.0 = Debug|Win32
		{D1FCEEE7-36A6-AE94-D63B-C28F6DEDDA4A}.Debug|x64.ActiveCfg = Debug|x64
		{D1FCEEE7-36A6-AE94-D63B-C28F6DEDDA4A}.Debug|x64.Build.0 = Debug|x64
		{D1FCEEE7-36A6-AE94-D63B-C28F6DEDDA4A}.Release|Win32.ActiveCfg = Release|Win32
		{D1FCEEE7-36A6-AE94-D63B-C28F6DEDDA4A}.Release|Win32.Build.0 = Release|Win32
		{D50FBFB5-CA65-06D3-2847-DDD78B0B9145}.Release|x64.ActiveCfg = Release|x64
		{D50FBFB5-CA65-06D3-2847-DDD78B0B9145}.Release|x64.Build.0 = Release|x64
		{D50FBFB5-CA65-06D3-2847-DDD78B0B9145}.Debug|Win32.ActiveCfg = Debug|Win32
		{D50FBFB5-CA65-06D3-2847-DDD78B0B9145}.Debug|Win32.Build.0 = Debug|Win32
		{D50FBFB5-CA65-06D3-2847-DDD78B0B9145}.Debug|x64.ActiveCfg = Debug|x64
		{D50FBFB5-CA65-06D3-2847-DDD78B0B9145}.Debug|x64.Build.0 = Debug|x64
		{D50FBFB5-CA65-06D3-2847-DDD78B0B9145}.Release|Win32.ActiveCfg = Release|Win32
		{D50FBFB5-CA65-06D3-2847-DDD78B0B9145}.Release|Win32.Build.0 = Release|Win32
		{D8360980-C9D3-B9D6-4CC7-AD5E0FBA8854}.Release|x64.ActiveCfg = Release|x64
		{D8360980-C9D3-B9D6-4CC7-AD5E0FBA8854}.Release|x64.Build.0 = Release|x64
		{D8360980-C9D3-B9D6-4CC7-AD5E0FBA8854}.Debug|Win32.ActiveCfg = Debug|x64
		{D8360980-C9D3-B9D6-4CC7-AD5E0FBA8854}.Debug|Win32.Build.0 = Debug|x64
		{D8360980-C9D3-B9D6-4CC7-AD5E0FBA8854}.Debug|x64.ActiveCfg = Debug|x64
		{D8360980-C9D3-B9D6-4CC7-AD5E0FBA8854}.Debug|x64.Build.0 = Debug|x64
		{D8360980-C9D3-B9D6-4CC7-AD5E0FBA8854}.Release|Win32.ActiveCfg = Release|x64
		{D8360980-C9D3-B9D6-4CC7-AD5E0FBA8854}.Release|Win32.Build.0 = Release|x64
		{D99D7675-157E-60F5-78D5-F1048E057426}.Release|x64.ActiveCfg = Release|x64
		{D99D7675-157E-60F5-78D5-F1048E057426}.Release|x64.Build.0 = Release|x64
		{D99D7675-157E-60F5-78D5-F1048E057426}.Debug|Win32.ActiveCfg = Debug|Win32
		{D99D7675-157E-60F5-78D5-F1048E057426}.Debug|Win32.Build.0 = Debug|Win32
		{D99D7675-157E-60F5-78D5-F1048E057426}.Debug|x64.ActiveCfg = Debug|x64
		{D99D7675-157E-60F5-78D5-F1048E057426}.Debug|x64.Build.0 = Debug|x64
		{D99D7675-157E-60F5-78D5-F1048E057426}.Release|Win32.ActiveCfg = Release|Win32
		{D99D7675-157E-60F5-78D5-F1048E057426}.Release|Win32.Build.0 = Release|Win32
		{DA713A29-48FF-AD84-75ED-D279B989837D}.Release|x64.ActiveCfg = Release|x64
		{DA713A29-48FF-AD84-75ED-D279B989837D}.Release|x64.Build.0 = Release|x64
		{DA713A29-48FF-AD84-75ED-D279B989837D}.Debug|Win32.ActiveCfg = Debug|Win32
		{DA713A29-48FF-AD84-75ED-D279B989837D}.Debug|Win32.Build.0 = Debug|Win32
		{DA713A29-48FF-AD84-75ED-D279B989837D}.Debug|x64.ActiveCfg = Debug|x64
		{DA713A29-48FF-AD84-75ED-D279B989837D}.Debug|x64.Build.0 = Debug|x64
		{DA713A29-48FF-AD84-75ED-D279B989837D}.Release|Win32.ActiveCfg = Release|Win32
		{DA713A29-48FF-AD84-75ED-D279B989837D}.Release|Win32.Build.0 = Release|Win32
		{EB3B759E-723A-30BE-9B35-63D0CF0702F8}.Release|x64.ActiveCfg = Release|x64
		{EB3B759E-723A-30BE-9B35-63D0CF0702F8}.Release|x64.Build.0 = Release|x64
		{EB3B759E-723A-30BE-9B35-63D0CF0702F8}.Debug|Win32.ActiveCfg = Debug|x64
		{EB3B759E-723A-30BE-9B35-63D0CF0702F8}.Debug|Win32.Build.0 = Debug|x64
		{EB3B759E-723A-30BE-9B35-63D0CF0702F8}.Debug|x64.ActiveCfg = Debug|x64
		{EB3B759E-723A-30BE-9B35-63D0CF0702F8}.Debug|x64.Build.0 = Debug|x64
		{EB3B759E-723A-30BE-9B35-63D0CF0702F8}.Release|Win32.ActiveCfg = Release|x64
		{EB3B759E-723A-30BE-9B35-63D0CF0702F8}.Release|Win32.Build.0 = Release|x64
		{F5AD31E9-99EC-ADD3-32CE-94586929F939}.Release|x64.ActiveCfg = Release|x64
		{F5AD31E9-99EC-ADD3-32CE-94586929F939}.Release|x64.Build.0 = Release|x64
		{F5AD31E9-99EC-ADD3-32CE-94586929F939}.Debug|Win32.ActiveCfg = Debug|Win32
		{F5AD31E9-99EC-ADD3-32CE-94586929F939}.Debug|Win32.Build.0 = Debug|Win32
		{F5AD31E9-99EC-ADD3-32CE-94586929F939}.Debug|x64.ActiveCfg = Debug|x64
		{F5AD31E9-99EC-ADD3-32CE-94586929F939}.Debug|x64.Build.0 = Debug|x64
		{F5AD31E9-99EC-ADD3-32CE-94586929F939}.Release|Win32.ActiveCfg = Release|Win32
		{F5AD31E9-99EC-ADD3-32CE-94586929F939}.Release|Win32.Build.0 = Release|Win32
	EndGlobalSection
	GlobalSection(SolutionProperties) = preSolution
		HideSolutionNode = FALSE
	EndGlobalSection
	GlobalSection(NestedProjects) = preSolution
		{DA713A29-48FF-AD84-75ED-D279B989837D} = {6478B9F3-4858-63F4-35F4-98A303E305F3}
		{D8360980-C9D3-B9D6-4CC7-AD5E0FBA8854} = {6478B9F3-4858-63F4-35F4-98A303E305F3}
		{6478B9F3-4858-63F4-35F4-98A303E305F3} = {9785FB75-982A-5DE3-252D-3F288B9FEF5B}
		{3E7FA5AF-27B3-2DE0-883C-12F98E7F4E81} = {9785FB75-982A-5DE3-252D-3F288B9FEF5B}
		{D50FBFB5-CA65-06D3-2847-DDD78B0B9145} = {9785FB75-982A-5DE3-252D-3F288B9FEF5B}
		{9D93AD26-CC7F-A494-7F8E-EC38B9B4FD12} = {9785FB75-982A-5DE3-252D-3F288B9FEF5B}
		{EB3B759E-723A-30BE-9B35-63D0CF0702F8} = {9785FB75-982A-5DE3-252D-3F288B9FEF5B}
		{3742455E-AF73-4292-A204-1E48D965A515} = {9785FB75-982A-5DE3-252D-3F288B9FEF5B}
		{890692AC-B539-1082-5471-202ADDD04872} = {9785FB75-982A-5DE3-252D-3F288B9FEF5B}
		{790C3704-C18C-B0FA-C378-D6DD60E6A732} = {9785FB75-982A-5DE3-252D-3F288B9FEF5B}
		{D99D7675-157E-60F5-78D5-F1048E057426} = {9785FB75-982A-5DE3-252D-3F288B9FEF5B}
		{02F05989-069F-1AC2-119C-CB13E174AC68} = {9785FB75-982A-5DE3-252D-3F288B9FEF5B}
		{BCDB3364-30E2-BDFA-5853-8628F195FB40} = {9785FB75-982A-5DE3-252D-3F288B9FEF5B}
		{D1FCEEE7-36A6-AE94-D63B-C28F6DEDDA4A} = {9785FB75-982A-5DE3-252D-3F288B9FEF5B}
		{CC93FA66-ED55-C9C1-2C56-845040CA4200} = {9785FB75-982A-5DE3-252D-3F288B9FEF5B}
		{35F0CCA6-3BC0-711C-AA5B-661B22E088B1} = {9785FB75-982A-5DE3-252D-3F288B9FEF5B}
		{3251C607-5000-807C-4D6A-A12E2D8B0732} = {9785FB75-982A-5DE3-252D-3F288B9FEF5B}
		{106D76B1-E1D5-1B6B-0673-56E01FF399ED} = {9785FB75-982A-5DE3-252D-3F288B9FEF5B}
		{9C255753-641B-5B49-28E7-BE2969D1F659} = {9785FB75-982A-5DE3-252D-3F288B9FEF5B}
		{C0A333FB-D512-2854-A7C1-179E76FC1E04} = {EF1E4970-C119-B0D7-F5D6-321C6AE66EDC}
		{4F5CAF87-B942-C5E5-7637-9CE841E7AF2A} = {EF1E4970-C119-B0D7-F5D6-321C6AE66EDC}
		{F5AD31E9-99EC-ADD3-32CE-94586929F939} = {2DE59335-96CE-10CA-CDE5-FEC35E3549BB}
		{16DE32C0-F219-9C1F-2AC7-6CC42C98D000} = {2DE59335-96CE-10CA-CDE5-FEC35E3549BB}
		{08FD5F8F-9C23-1331-B517-2BFF210551A4} = {2DE59335-96CE-10CA-CDE5-FEC35E3549BB}
		{69955B42-60C7-1A54-4F09-605C08CA4D5A} = {EAC80D00-01D2-3F49-A377-20B7154947F3}
		{2A9A7E67-59FA-DECD-1E43-E30505F2ADAA} = {EAC80D00-01D2-3F49-A377-20B7154947F3}
		{3CF939D9-AF79-E950-D740-3EAD990C3F77} = {EAC80D00-01D2-3F49-A377-20B7154947F3}
		{EF1E4970-C119-B0D7-F5D6-321C6AE66EDC} = {3E7FA5AF-27B3-2DE0-883C-12F98E7F4E81}
		{2DE59335-96CE-10CA-CDE5-FEC35E3549BB} = {89C816A7-DD31-D54C-C69C-5A80E0C49B77}
		{13F6B6CC-FB5B-9F86-3A2A-B7467E848E5E} = {89C816A7-DD31-D54C-C69C-5A80E0C49B77}
	EndGlobalSection
EndGlobal
