Microsoft Visual Studio Solution File, Format Version 12.00
# Visual Studio 2012
Project("{2150E333-8FDC-42A3-9474-1A3956D46DE8}") = "(Source)", "..\..\..\third_party\WebKit\Source", "{D5536B1B-0215-0B8D-2C6B-01AF474C999D}"
EndProject
Project("{2150E333-8FDC-42A3-9474-1A3956D46DE8}") = "(WebKit)", "..\..\..\third_party\WebKit", "{7C6CDB29-38D7-8364-748C-AEAAD8CCFB36}"
EndProject
Project("{2150E333-8FDC-42A3-9474-1A3956D46DE8}") = "(WebKit)", "..\..\..\third_party\WebKit\Source\WebKit", "{8E538E10-0288-F934-C0B4-A2C5684885A8}"
EndProject
Project("{2150E333-8FDC-42A3-9474-1A3956D46DE8}") = "(allocator)", "..\..\..\base\allocator", "{6478B9F3-4858-63F4-35F4-98A303E305F3}"
EndProject
Project("{2150E333-8FDC-42A3-9474-1A3956D46DE8}") = "(base)", "..\..\..\base", "{9785FB75-982A-5DE3-252D-3F288B9FEF5B}"
EndProject
Project("{2150E333-8FDC-42A3-9474-1A3956D46DE8}") = "(chromium)", "..\..\..\third_party\WebKit\Source\WebKit\chromium", "{C2681D28-B474-0578-6C77-C21B094B9DEB}"
EndProject
Project("{2150E333-8FDC-42A3-9474-1A3956D46DE8}") = "(icu)", "..\..\..\third_party\icu", "{2DE59335-96CE-10CA-CDE5-FEC35E3549BB}"
EndProject
Project("{2150E333-8FDC-42A3-9474-1A3956D46DE8}") = "(skia)", "..\..\..\skia", "{5B17195B-58DF-4533-4FE7-D2747913694E}"
EndProject
Project("{2150E333-8FDC-42A3-9474-1A3956D46DE8}") = "(testing)", "..\..\..\testing", "{EAC80D00-01D2-3F49-A377-20B7154947F3}"
EndProject
Project("{2150E333-8FDC-42A3-9474-1A3956D46DE8}") = "(third_party)", "..\..\..\base\third_party", "{3E7FA5AF-27B3-2DE0-883C-12F98E7F4E81}"
EndProject
Project("{2150E333-8FDC-42A3-9474-1A3956D46DE8}") = "(third_party)", "..\..\..\third_party", "{89C816A7-DD31-D54C-C69C-5A80E0C49B77}"
EndProject
Project("{2150E333-8FDC-42A3-9474-1A3956D46DE8}") = "(ui)", "..\..\..\ui", "{644B7826-0417-C19E-B1ED-C0BF73289DEE}"
EndProject
Project("{8BC9CEB8-8B4A-11D0-8D11-00A0C91BC942}") = "allocator_extension_thunks", "..\..\base\allocator\allocator_extension_thunks.vcxproj", "{DA713A29-48FF-AD84-75ED-D279B989837D}"
EndProject
Project("{8BC9CEB8-8B4A-11D0-8D11-00A0C91BC942}") = "base", "..\..\base\base.vcxproj", "{D50FBFB5-CA65-06D3-2847-DDD78B0B9145}"
	ProjectSection(ProjectDependencies) = postProject
		{3CF939D9-AF79-E950-D740-3EAD990C3F77} = {3CF939D9-AF79-E950-D740-3EAD990C3F77}
	EndProjectSection
EndProject
Project("{8BC9CEB8-8B4A-11D0-8D11-00A0C91BC942}") = "base_static", "..\..\base\base_static.vcxproj", "{D99D7675-157E-60F5-78D5-F1048E057426}"
EndProject
Project("{8BC9CEB8-8B4A-11D0-8D11-00A0C91BC942}") = "dynamic_annotations", "..\..\base\third_party\dynamic_annotations\dynamic_annotations.vcxproj", "{C0A333FB-D512-2854-A7C1-179E76FC1E04}"
EndProject
Project("{8BC9CEB8-8B4A-11D0-8D11-00A0C91BC942}") = "gtest_prod", "..\..\testing\gtest_prod.vcxproj", "{3CF939D9-AF79-E950-D740-3EAD990C3F77}"
EndProject
Project("{8BC9CEB8-8B4A-11D0-8D11-00A0C91BC942}") = "icudata", "..\..\third_party\icu\icudata.vcxproj", "{F5AD31E9-99EC-ADD3-32CE-94586929F939}"
EndProject
Project("{8BC9CEB8-8B4A-11D0-8D11-00A0C91BC942}") = "icuuc", "..\..\third_party\icu\icuuc.vcxproj", "{08FD5F8F-9C23-1331-B517-2BFF210551A4}"
	ProjectSection(ProjectDependencies) = postProject
		{F5AD31E9-99EC-ADD3-32CE-94586929F939} = {F5AD31E9-99EC-ADD3-32CE-94586929F939}
	EndProjectSection
EndProject
Project("{8BC9CEB8-8B4A-11D0-8D11-00A0C91BC942}") = "metro_viewer", "metro_viewer.vcxproj", "{782D4C35-69AC-F559-C8C9-9A621F0B4FDF}"
EndProject
Project("{8BC9CEB8-8B4A-11D0-8D11-00A0C91BC942}") = "modp_b64", "..\..\third_party\modp_b64\modp_b64.vcxproj", "{13F6B6CC-FB5B-9F86-3A2A-B7467E848E5E}"
EndProject
Project("{8BC9CEB8-8B4A-11D0-8D11-00A0C91BC942}") = "sfntly", "..\..\third_party\sfntly\sfntly.vcxproj", "{3281B1F5-B06C-7DB2-9C80-A2DC2CBC8318}"
EndProject
Project("{8BC9CEB8-8B4A-11D0-8D11-00A0C91BC942}") = "skia", "..\..\skia\skia.vcxproj", "{1A653DC2-41A9-2396-0346-EE43D177A8A7}"
	ProjectSection(ProjectDependencies) = postProject
		{0EB25CF6-6D55-0D0B-BC2C-6FD0E2846107} = {0EB25CF6-6D55-0D0B-BC2C-6FD0E2846107}
	EndProjectSection
EndProject
Project("{8BC9CEB8-8B4A-11D0-8D11-00A0C91BC942}") = "skia_opts", "..\..\skia\skia_opts.vcxproj", "{215C85FC-B1B9-4262-B715-0E603DDCDA93}"
EndProject
Project("{8BC9CEB8-8B4A-11D0-8D11-00A0C91BC942}") = "skia_opts_ssse3", "..\..\skia\skia_opts_ssse3.vcxproj", "{A68D727C-5830-8C6B-2FE5-0C7B70D77EEA}"
EndProject
Project("{8BC9CEB8-8B4A-11D0-8D11-00A0C91BC942}") = "skia_webkit", "..\..\third_party\WebKit\Source\WebKit\chromium\skia_webkit.vcxproj", "{0EB25CF6-6D55-0D0B-BC2C-6FD0E2846107}"
EndProject
Project("{8BC9CEB8-8B4A-11D0-8D11-00A0C91BC942}") = "zlib", "..\..\third_party\zlib\zlib.vcxproj", "{E693E61B-7879-23D5-AE8E-F1AE93E6368A}"
EndProject
Global
	GlobalSection(SolutionConfigurationPlatforms) = preSolution
		Release|x64 = Release|x64
		Debug|Win32 = Debug|Win32
		Debug|x64 = Debug|x64
		Release|Win32 = Release|Win32
	EndGlobalSection
	GlobalSection(ProjectConfigurationPlatforms) = postSolution
		{08FD5F8F-9C23-1331-B517-2BFF210551A4}.Release|x64.ActiveCfg = Release|x64
		{08FD5F8F-9C23-1331-B517-2BFF210551A4}.Release|x64.Build.0 = Release|x64
		{08FD5F8F-9C23-1331-B517-2BFF210551A4}.Debug|Win32.ActiveCfg = Debug|Win32
		{08FD5F8F-9C23-1331-B517-2BFF210551A4}.Debug|Win32.Build.0 = Debug|Win32
		{08FD5F8F-9C23-1331-B517-2BFF210551A4}.Debug|x64.ActiveCfg = Debug|x64
		{08FD5F8F-9C23-1331-B517-2BFF210551A4}.Debug|x64.Build.0 = Debug|x64
		{08FD5F8F-9C23-1331-B517-2BFF210551A4}.Release|Win32.ActiveCfg = Release|Win32
		{08FD5F8F-9C23-1331-B517-2BFF210551A4}.Release|Win32.Build.0 = Release|Win32
		{0EB25CF6-6D55-0D0B-BC2C-6FD0E2846107}.Release|x64.ActiveCfg = Release|x64
		{0EB25CF6-6D55-0D0B-BC2C-6FD0E2846107}.Release|x64.Build.0 = Release|x64
		{0EB25CF6-6D55-0D0B-BC2C-6FD0E2846107}.Debug|Win32.ActiveCfg = Debug|Win32
		{0EB25CF6-6D55-0D0B-BC2C-6FD0E2846107}.Debug|Win32.Build.0 = Debug|Win32
		{0EB25CF6-6D55-0D0B-BC2C-6FD0E2846107}.Debug|x64.ActiveCfg = Debug|x64
		{0EB25CF6-6D55-0D0B-BC2C-6FD0E2846107}.Debug|x64.Build.0 = Debug|x64
		{0EB25CF6-6D55-0D0B-BC2C-6FD0E2846107}.Release|Win32.ActiveCfg = Release|Win32
		{0EB25CF6-6D55-0D0B-BC2C-6FD0E2846107}.Release|Win32.Build.0 = Release|Win32
		{13F6B6CC-FB5B-9F86-3A2A-B7467E848E5E}.Release|x64.ActiveCfg = Release|x64
		{13F6B6CC-FB5B-9F86-3A2A-B7467E848E5E}.Release|x64.Build.0 = Release|x64
		{13F6B6CC-FB5B-9F86-3A2A-B7467E848E5E}.Debug|Win32.ActiveCfg = Debug|Win32
		{13F6B6CC-FB5B-9F86-3A2A-B7467E848E5E}.Debug|Win32.Build.0 = Debug|Win32
		{13F6B6CC-FB5B-9F86-3A2A-B7467E848E5E}.Debug|x64.ActiveCfg = Debug|x64
		{13F6B6CC-FB5B-9F86-3A2A-B7467E848E5E}.Debug|x64.Build.0 = Debug|x64
		{13F6B6CC-FB5B-9F86-3A2A-B7467E848E5E}.Release|Win32.ActiveCfg = Release|Win32
		{13F6B6CC-FB5B-9F86-3A2A-B7467E848E5E}.Release|Win32.Build.0 = Release|Win32
		{1A653DC2-41A9-2396-0346-EE43D177A8A7}.Release|x64.ActiveCfg = Release|x64
		{1A653DC2-41A9-2396-0346-EE43D177A8A7}.Release|x64.Build.0 = Release|x64
		{1A653DC2-41A9-2396-0346-EE43D177A8A7}.Debug|Win32.ActiveCfg = Debug|Win32
		{1A653DC2-41A9-2396-0346-EE43D177A8A7}.Debug|Win32.Build.0 = Debug|Win32
		{1A653DC2-41A9-2396-0346-EE43D177A8A7}.Debug|x64.ActiveCfg = Debug|x64
		{1A653DC2-41A9-2396-0346-EE43D177A8A7}.Debug|x64.Build.0 = Debug|x64
		{1A653DC2-41A9-2396-0346-EE43D177A8A7}.Release|Win32.ActiveCfg = Release|Win32
		{1A653DC2-41A9-2396-0346-EE43D177A8A7}.Release|Win32.Build.0 = Release|Win32
		{215C85FC-B1B9-4262-B715-0E603DDCDA93}.Release|x64.ActiveCfg = Release|x64
		{215C85FC-B1B9-4262-B715-0E603DDCDA93}.Release|x64.Build.0 = Release|x64
		{215C85FC-B1B9-4262-B715-0E603DDCDA93}.Debug|Win32.ActiveCfg = Debug|Win32
		{215C85FC-B1B9-4262-B715-0E603DDCDA93}.Debug|Win32.Build.0 = Debug|Win32
		{215C85FC-B1B9-4262-B715-0E603DDCDA93}.Debug|x64.ActiveCfg = Debug|x64
		{215C85FC-B1B9-4262-B715-0E603DDCDA93}.Debug|x64.Build.0 = Debug|x64
		{215C85FC-B1B9-4262-B715-0E603DDCDA93}.Release|Win32.ActiveCfg = Release|Win32
		{215C85FC-B1B9-4262-B715-0E603DDCDA93}.Release|Win32.Build.0 = Release|Win32
		{3281B1F5-B06C-7DB2-9C80-A2DC2CBC8318}.Release|x64.ActiveCfg = Release|x64
		{3281B1F5-B06C-7DB2-9C80-A2DC2CBC8318}.Release|x64.Build.0 = Release|x64
		{3281B1F5-B06C-7DB2-9C80-A2DC2CBC8318}.Debug|Win32.ActiveCfg = Debug|Win32
		{3281B1F5-B06C-7DB2-9C80-A2DC2CBC8318}.Debug|Win32.Build.0 = Debug|Win32
		{3281B1F5-B06C-7DB2-9C80-A2DC2CBC8318}.Debug|x64.ActiveCfg = Debug|x64
		{3281B1F5-B06C-7DB2-9C80-A2DC2CBC8318}.Debug|x64.Build.0 = Debug|x64
		{3281B1F5-B06C-7DB2-9C80-A2DC2CBC8318}.Release|Win32.ActiveCfg = Release|Win32
		{3281B1F5-B06C-7DB2-9C80-A2DC2CBC8318}.Release|Win32.Build.0 = Release|Win32
		{3CF939D9-AF79-E950-D740-3EAD990C3F77}.Release|x64.ActiveCfg = Release|x64
		{3CF939D9-AF79-E950-D740-3EAD990C3F77}.Release|x64.Build.0 = Release|x64
		{3CF939D9-AF79-E950-D740-3EAD990C3F77}.Debug|Win32.ActiveCfg = Debug|Win32
		{3CF939D9-AF79-E950-D740-3EAD990C3F77}.Debug|Win32.Build.0 = Debug|Win32
		{3CF939D9-AF79-E950-D740-3EAD990C3F77}.Debug|x64.ActiveCfg = Debug|x64
		{3CF939D9-AF79-E950-D740-3EAD990C3F77}.Debug|x64.Build.0 = Debug|x64
		{3CF939D9-AF79-E950-D740-3EAD990C3F77}.Release|Win32.ActiveCfg = Release|Win32
		{3CF939D9-AF79-E950-D740-3EAD990C3F77}.Release|Win32.Build.0 = Release|Win32
		{782D4C35-69AC-F559-C8C9-9A621F0B4FDF}.Release|x64.ActiveCfg = Release|x64
		{782D4C35-69AC-F559-C8C9-9A621F0B4FDF}.Release|x64.Build.0 = Release|x64
		{782D4C35-69AC-F559-C8C9-9A621F0B4FDF}.Debug|Win32.ActiveCfg = Debug|Win32
		{782D4C35-69AC-F559-C8C9-9A621F0B4FDF}.Debug|Win32.Build.0 = Debug|Win32
		{782D4C35-69AC-F559-C8C9-9A621F0B4FDF}.Debug|x64.ActiveCfg = Debug|x64
		{782D4C35-69AC-F559-C8C9-9A621F0B4FDF}.Debug|x64.Build.0 = Debug|x64
		{782D4C35-69AC-F559-C8C9-9A621F0B4FDF}.Release|Win32.ActiveCfg = Release|Win32
		{782D4C35-69AC-F559-C8C9-9A621F0B4FDF}.Release|Win32.Build.0 = Release|Win32
		{A68D727C-5830-8C6B-2FE5-0C7B70D77EEA}.Release|x64.ActiveCfg = Release|x64
		{A68D727C-5830-8C6B-2FE5-0C7B70D77EEA}.Release|x64.Build.0 = Release|x64
		{A68D727C-5830-8C6B-2FE5-0C7B70D77EEA}.Debug|Win32.ActiveCfg = Debug|Win32
		{A68D727C-5830-8C6B-2FE5-0C7B70D77EEA}.Debug|Win32.Build.0 = Debug|Win32
		{A68D727C-5830-8C6B-2FE5-0C7B70D77EEA}.Debug|x64.ActiveCfg = Debug|x64
		{A68D727C-5830-8C6B-2FE5-0C7B70D77EEA}.Debug|x64.Build.0 = Debug|x64
		{A68D727C-5830-8C6B-2FE5-0C7B70D77EEA}.Release|Win32.ActiveCfg = Release|Win32
		{A68D727C-5830-8C6B-2FE5-0C7B70D77EEA}.Release|Win32.Build.0 = Release|Win32
		{C0A333FB-D512-2854-A7C1-179E76FC1E04}.Release|x64.ActiveCfg = Release|x64
		{C0A333FB-D512-2854-A7C1-179E76FC1E04}.Release|x64.Build.0 = Release|x64
		{C0A333FB-D512-2854-A7C1-179E76FC1E04}.Debug|Win32.ActiveCfg = Debug|Win32
		{C0A333FB-D512-2854-A7C1-179E76FC1E04}.Debug|Win32.Build.0 = Debug|Win32
		{C0A333FB-D512-2854-A7C1-179E76FC1E04}.Debug|x64.ActiveCfg = Debug|x64
		{C0A333FB-D512-2854-A7C1-179E76FC1E04}.Debug|x64.Build.0 = Debug|x64
		{C0A333FB-D512-2854-A7C1-179E76FC1E04}.Release|Win32.ActiveCfg = Release|Win32
		{C0A333FB-D512-2854-A7C1-179E76FC1E04}.Release|Win32.Build.0 = Release|Win32
		{D50FBFB5-CA65-06D3-2847-DDD78B0B9145}.Release|x64.ActiveCfg = Release|x64
		{D50FBFB5-CA65-06D3-2847-DDD78B0B9145}.Release|x64.Build.0 = Release|x64
		{D50FBFB5-CA65-06D3-2847-DDD78B0B9145}.Debug|Win32.ActiveCfg = Debug|Win32
		{D50FBFB5-CA65-06D3-2847-DDD78B0B9145}.Debug|Win32.Build.0 = Debug|Win32
		{D50FBFB5-CA65-06D3-2847-DDD78B0B9145}.Debug|x64.ActiveCfg = Debug|x64
		{D50FBFB5-CA65-06D3-2847-DDD78B0B9145}.Debug|x64.Build.0 = Debug|x64
		{D50FBFB5-CA65-06D3-2847-DDD78B0B9145}.Release|Win32.ActiveCfg = Release|Win32
		{D50FBFB5-CA65-06D3-2847-DDD78B0B9145}.Release|Win32.Build.0 = Release|Win32
		{D99D7675-157E-60F5-78D5-F1048E057426}.Release|x64.ActiveCfg = Release|x64
		{D99D7675-157E-60F5-78D5-F1048E057426}.Release|x64.Build.0 = Release|x64
		{D99D7675-157E-60F5-78D5-F1048E057426}.Debug|Win32.ActiveCfg = Debug|Win32
		{D99D7675-157E-60F5-78D5-F1048E057426}.Debug|Win32.Build.0 = Debug|Win32
		{D99D7675-157E-60F5-78D5-F1048E057426}.Debug|x64.ActiveCfg = Debug|x64
		{D99D7675-157E-60F5-78D5-F1048E057426}.Debug|x64.Build.0 = Debug|x64
		{D99D7675-157E-60F5-78D5-F1048E057426}.Release|Win32.ActiveCfg = Release|Win32
		{D99D7675-157E-60F5-78D5-F1048E057426}.Release|Win32.Build.0 = Release|Win32
		{DA713A29-48FF-AD84-75ED-D279B989837D}.Release|x64.ActiveCfg = Release|x64
		{DA713A29-48FF-AD84-75ED-D279B989837D}.Release|x64.Build.0 = Release|x64
		{DA713A29-48FF-AD84-75ED-D279B989837D}.Debug|Win32.ActiveCfg = Debug|Win32
		{DA713A29-48FF-AD84-75ED-D279B989837D}.Debug|Win32.Build.0 = Debug|Win32
		{DA713A29-48FF-AD84-75ED-D279B989837D}.Debug|x64.ActiveCfg = Debug|x64
		{DA713A29-48FF-AD84-75ED-D279B989837D}.Debug|x64.Build.0 = Debug|x64
		{DA713A29-48FF-AD84-75ED-D279B989837D}.Release|Win32.ActiveCfg = Release|Win32
		{DA713A29-48FF-AD84-75ED-D279B989837D}.Release|Win32.Build.0 = Release|Win32
		{E693E61B-7879-23D5-AE8E-F1AE93E6368A}.Release|x64.ActiveCfg = Release|x64
		{E693E61B-7879-23D5-AE8E-F1AE93E6368A}.Release|x64.Build.0 = Release|x64
		{E693E61B-7879-23D5-AE8E-F1AE93E6368A}.Debug|Win32.ActiveCfg = Debug|Win32
		{E693E61B-7879-23D5-AE8E-F1AE93E6368A}.Debug|Win32.Build.0 = Debug|Win32
		{E693E61B-7879-23D5-AE8E-F1AE93E6368A}.Debug|x64.ActiveCfg = Debug|x64
		{E693E61B-7879-23D5-AE8E-F1AE93E6368A}.Debug|x64.Build.0 = Debug|x64
		{E693E61B-7879-23D5-AE8E-F1AE93E6368A}.Release|Win32.ActiveCfg = Release|Win32
		{E693E61B-7879-23D5-AE8E-F1AE93E6368A}.Release|Win32.Build.0 = Release|Win32
		{F5AD31E9-99EC-ADD3-32CE-94586929F939}.Release|x64.ActiveCfg = Release|x64
		{F5AD31E9-99EC-ADD3-32CE-94586929F939}.Release|x64.Build.0 = Release|x64
		{F5AD31E9-99EC-ADD3-32CE-94586929F939}.Debug|Win32.ActiveCfg = Debug|Win32
		{F5AD31E9-99EC-ADD3-32CE-94586929F939}.Debug|Win32.Build.0 = Debug|Win32
		{F5AD31E9-99EC-ADD3-32CE-94586929F939}.Debug|x64.ActiveCfg = Debug|x64
		{F5AD31E9-99EC-ADD3-32CE-94586929F939}.Debug|x64.Build.0 = Debug|x64
		{F5AD31E9-99EC-ADD3-32CE-94586929F939}.Release|Win32.ActiveCfg = Release|Win32
		{F5AD31E9-99EC-ADD3-32CE-94586929F939}.Release|Win32.Build.0 = Release|Win32
	EndGlobalSection
	GlobalSection(SolutionProperties) = preSolution
		HideSolutionNode = FALSE
	EndGlobalSection
	GlobalSection(NestedProjects) = preSolution
		{8E538E10-0288-F934-C0B4-A2C5684885A8} = {D5536B1B-0215-0B8D-2C6B-01AF474C999D}
		{D5536B1B-0215-0B8D-2C6B-01AF474C999D} = {7C6CDB29-38D7-8364-748C-AEAAD8CCFB36}
		{C2681D28-B474-0578-6C77-C21B094B9DEB} = {8E538E10-0288-F934-C0B4-A2C5684885A8}
		{DA713A29-48FF-AD84-75ED-D279B989837D} = {6478B9F3-4858-63F4-35F4-98A303E305F3}
		{6478B9F3-4858-63F4-35F4-98A303E305F3} = {9785FB75-982A-5DE3-252D-3F288B9FEF5B}
		{3E7FA5AF-27B3-2DE0-883C-12F98E7F4E81} = {9785FB75-982A-5DE3-252D-3F288B9FEF5B}
		{D50FBFB5-CA65-06D3-2847-DDD78B0B9145} = {9785FB75-982A-5DE3-252D-3F288B9FEF5B}
		{D99D7675-157E-60F5-78D5-F1048E057426} = {9785FB75-982A-5DE3-252D-3F288B9FEF5B}
		{0EB25CF6-6D55-0D0B-BC2C-6FD0E2846107} = {C2681D28-B474-0578-6C77-C21B094B9DEB}
		{F5AD31E9-99EC-ADD3-32CE-94586929F939} = {2DE59335-96CE-10CA-CDE5-FEC35E3549BB}
		{08FD5F8F-9C23-1331-B517-2BFF210551A4} = {2DE59335-96CE-10CA-CDE5-FEC35E3549BB}
		{1A653DC2-41A9-2396-0346-EE43D177A8A7} = {5B17195B-58DF-4533-4FE7-D2747913694E}
		{215C85FC-B1B9-4262-B715-0E603DDCDA93} = {5B17195B-58DF-4533-4FE7-D2747913694E}
		{A68D727C-5830-8C6B-2FE5-0C7B70D77EEA} = {5B17195B-58DF-4533-4FE7-D2747913694E}
		{3CF939D9-AF79-E950-D740-3EAD990C3F77} = {EAC80D00-01D2-3F49-A377-20B7154947F3}
		{C0A333FB-D512-2854-A7C1-179E76FC1E04} = {3E7FA5AF-27B3-2DE0-883C-12F98E7F4E81}
		{7C6CDB29-38D7-8364-748C-AEAAD8CCFB36} = {89C816A7-DD31-D54C-C69C-5A80E0C49B77}
		{2DE59335-96CE-10CA-CDE5-FEC35E3549BB} = {89C816A7-DD31-D54C-C69C-5A80E0C49B77}
		{13F6B6CC-FB5B-9F86-3A2A-B7467E848E5E} = {89C816A7-DD31-D54C-C69C-5A80E0C49B77}
		{3281B1F5-B06C-7DB2-9C80-A2DC2CBC8318} = {89C816A7-DD31-D54C-C69C-5A80E0C49B77}
		{E693E61B-7879-23D5-AE8E-F1AE93E6368A} = {89C816A7-DD31-D54C-C69C-5A80E0C49B77}
		{782D4C35-69AC-F559-C8C9-9A621F0B4FDF} = {644B7826-0417-C19E-B1ED-C0BF73289DEE}
	EndGlobalSection
EndGlobal
